// !$*UTF8*$!
{
	archiveVersion = 1;
	classes = {
	};
	objectVersion = 56;
	objects = {

/* Begin PBXBuildFile section */
		1843BEF429FC6E7E0033E737 /* DrinkoButtonStyle.swift in Sources */ = {isa = PBXBuildFile; fileRef = 1843BEF329FC6E7E0033E737 /* DrinkoButtonStyle.swift */; };
		1843BEF629FC75910033E737 /* Color-Ext.swift in Sources */ = {isa = PBXBuildFile; fileRef = 1843BEF529FC75910033E737 /* Color-Ext.swift */; };
		1843BEF829FC75AD0033E737 /* Favorites.swift in Sources */ = {isa = PBXBuildFile; fileRef = 1843BEF729FC75AD0033E737 /* Favorites.swift */; };
		1843BEFC29FC7BD20033E737 /* FavoritesButton.swift in Sources */ = {isa = PBXBuildFile; fileRef = 1843BEFB29FC7BD20033E737 /* FavoritesButton.swift */; };
		185592A629FA5E0E00A51A20 /* CocktailDetailSectionView.swift in Sources */ = {isa = PBXBuildFile; fileRef = 185592A529FA5E0E00A51A20 /* CocktailDetailSectionView.swift */; };
		185592A829FA633000A51A20 /* lessons.json in Resources */ = {isa = PBXBuildFile; fileRef = 185592A729FA633000A51A20 /* lessons.json */; };
		185592AA29FA87DA00A51A20 /* Lesson.swift in Sources */ = {isa = PBXBuildFile; fileRef = 185592A929FA87DA00A51A20 /* Lesson.swift */; };
		185592AC29FA8D7B00A51A20 /* LearnRowView.swift in Sources */ = {isa = PBXBuildFile; fileRef = 185592AB29FA8D7B00A51A20 /* LearnRowView.swift */; };
		185592AE29FA905B00A51A20 /* LearnDetailView.swift in Sources */ = {isa = PBXBuildFile; fileRef = 185592AD29FA905B00A51A20 /* LearnDetailView.swift */; };
		185CE16A29F6BC70003CAF4E /* String-Ext.swift in Sources */ = {isa = PBXBuildFile; fileRef = 185CE16929F6BC70003CAF4E /* String-Ext.swift */; };
		186CAC012A050CDF00827F5D /* Main.xcdatamodeld in Sources */ = {isa = PBXBuildFile; fileRef = 186CABFF2A050CDF00827F5D /* Main.xcdatamodeld */; };
		186CAC042A050E2200827F5D /* DataController.swift in Sources */ = {isa = PBXBuildFile; fileRef = 186CAC032A050E2200827F5D /* DataController.swift */; };
		186CAC062A0512CC00827F5D /* Item-CDHelpers.swift in Sources */ = {isa = PBXBuildFile; fileRef = 186CAC052A0512CC00827F5D /* Item-CDHelpers.swift */; };
		186CAC082A0513D800827F5D /* Family-CDHelpers.swift in Sources */ = {isa = PBXBuildFile; fileRef = 186CAC072A0513D800827F5D /* Family-CDHelpers.swift */; };
		186CAC0A2A0513F900827F5D /* Colors.xcassets in Resources */ = {isa = PBXBuildFile; fileRef = 186CAC092A0513F900827F5D /* Colors.xcassets */; };
		186CAC0C2A06533800827F5D /* Sequence-Sorting.swift in Sources */ = {isa = PBXBuildFile; fileRef = 186CAC0B2A06533800827F5D /* Sequence-Sorting.swift */; };
		186CAC122A06567D00827F5D /* SplashScreenView.swift in Sources */ = {isa = PBXBuildFile; fileRef = 186CAC112A06567D00827F5D /* SplashScreenView.swift */; };
		187455BF2A01728A006F8C9C /* Spirit.swift in Sources */ = {isa = PBXBuildFile; fileRef = 187455BE2A01728A006F8C9C /* Spirit.swift */; };
		187455C32A017408006F8C9C /* SpiritRowView.swift in Sources */ = {isa = PBXBuildFile; fileRef = 187455C22A017408006F8C9C /* SpiritRowView.swift */; };
		187455C52A01743C006F8C9C /* SpiritDetailView.swift in Sources */ = {isa = PBXBuildFile; fileRef = 187455C42A01743C006F8C9C /* SpiritDetailView.swift */; };
		187C7D5729F571DA00996969 /* CocktailRowView.swift in Sources */ = {isa = PBXBuildFile; fileRef = 187C7D5629F571DA00996969 /* CocktailRowView.swift */; };
		187C7D5929F5722C00996969 /* CocktailDetailView.swift in Sources */ = {isa = PBXBuildFile; fileRef = 187C7D5829F5722C00996969 /* CocktailDetailView.swift */; };
		188B751D29F48CB000407705 /* DrinkoApp.swift in Sources */ = {isa = PBXBuildFile; fileRef = 188B751C29F48CB000407705 /* DrinkoApp.swift */; };
		188B752129F48CB100407705 /* Assets.xcassets in Resources */ = {isa = PBXBuildFile; fileRef = 188B752029F48CB100407705 /* Assets.xcassets */; };
		188B752429F48CB100407705 /* Preview Assets.xcassets in Resources */ = {isa = PBXBuildFile; fileRef = 188B752329F48CB100407705 /* Preview Assets.xcassets */; };
		188B752B29F48CFF00407705 /* HomeView.swift in Sources */ = {isa = PBXBuildFile; fileRef = 188B752A29F48CFF00407705 /* HomeView.swift */; };
		188B752D29F4912100407705 /* LearnView.swift in Sources */ = {isa = PBXBuildFile; fileRef = 188B752C29F4912100407705 /* LearnView.swift */; };
		188B752F29F4912A00407705 /* CocktailsView.swift in Sources */ = {isa = PBXBuildFile; fileRef = 188B752E29F4912A00407705 /* CocktailsView.swift */; };
		188B753129F4913700407705 /* NewsView.swift in Sources */ = {isa = PBXBuildFile; fileRef = 188B753029F4913700407705 /* NewsView.swift */; };
		188B753329F4914200407705 /* SettingsView.swift in Sources */ = {isa = PBXBuildFile; fileRef = 188B753229F4914100407705 /* SettingsView.swift */; };
		188B753529F4915F00407705 /* CabinetView.swift in Sources */ = {isa = PBXBuildFile; fileRef = 188B753429F4915F00407705 /* CabinetView.swift */; };
		188E3F3D2A1377A0004024B6 /* History.swift in Sources */ = {isa = PBXBuildFile; fileRef = 188E3F3C2A1377A0004024B6 /* History.swift */; };
		188E3F3F2A13780D004024B6 /* HistoryView.swift in Sources */ = {isa = PBXBuildFile; fileRef = 188E3F3E2A13780D004024B6 /* HistoryView.swift */; };
		189D53DE2A02CC3E00B88087 /* history.json in Resources */ = {isa = PBXBuildFile; fileRef = 18ACE2BE2A027C440007F726 /* history.json */; };
		189D53E12A03B12D00B88087 /* MailView.swift in Sources */ = {isa = PBXBuildFile; fileRef = 189D53E02A03B12D00B88087 /* MailView.swift */; };
		18BF3E6729F4976E0093340F /* SettingsRowView.swift in Sources */ = {isa = PBXBuildFile; fileRef = 18BF3E6629F4976E0093340F /* SettingsRowView.swift */; };
		18BF3E6F29F49C520093340F /* ReadMeView.swift in Sources */ = {isa = PBXBuildFile; fileRef = 18BF3E6E29F49C520093340F /* ReadMeView.swift */; };
		18CD437129F52B8600182031 /* Bundle-Decodable.swift in Sources */ = {isa = PBXBuildFile; fileRef = 18CD437029F52B8600182031 /* Bundle-Decodable.swift */; };
		18CD437629F5354300182031 /* Margins.swift in Sources */ = {isa = PBXBuildFile; fileRef = 18CD437529F5354300182031 /* Margins.swift */; };
		18CD437B29F5369800182031 /* cocktails.json in Resources */ = {isa = PBXBuildFile; fileRef = 18CD437A29F5369800182031 /* cocktails.json */; };
		18CD437D29F536C300182031 /* Cocktail.swift in Sources */ = {isa = PBXBuildFile; fileRef = 18CD437C29F536C300182031 /* Cocktail.swift */; };
/* End PBXBuildFile section */

/* Begin PBXFileReference section */
		1843BEF329FC6E7E0033E737 /* DrinkoButtonStyle.swift */ = {isa = PBXFileReference; lastKnownFileType = sourcecode.swift; path = DrinkoButtonStyle.swift; sourceTree = "<group>"; };
		1843BEF529FC75910033E737 /* Color-Ext.swift */ = {isa = PBXFileReference; lastKnownFileType = sourcecode.swift; path = "Color-Ext.swift"; sourceTree = "<group>"; };
		1843BEF729FC75AD0033E737 /* Favorites.swift */ = {isa = PBXFileReference; lastKnownFileType = sourcecode.swift; path = Favorites.swift; sourceTree = "<group>"; };
		1843BEFB29FC7BD20033E737 /* FavoritesButton.swift */ = {isa = PBXFileReference; lastKnownFileType = sourcecode.swift; path = FavoritesButton.swift; sourceTree = "<group>"; };
		185592A529FA5E0E00A51A20 /* CocktailDetailSectionView.swift */ = {isa = PBXFileReference; lastKnownFileType = sourcecode.swift; path = CocktailDetailSectionView.swift; sourceTree = "<group>"; };
		185592A729FA633000A51A20 /* lessons.json */ = {isa = PBXFileReference; lastKnownFileType = text.json; path = lessons.json; sourceTree = "<group>"; };
		185592A929FA87DA00A51A20 /* Lesson.swift */ = {isa = PBXFileReference; lastKnownFileType = sourcecode.swift; path = Lesson.swift; sourceTree = "<group>"; };
		185592AB29FA8D7B00A51A20 /* LearnRowView.swift */ = {isa = PBXFileReference; lastKnownFileType = sourcecode.swift; path = LearnRowView.swift; sourceTree = "<group>"; };
		185592AD29FA905B00A51A20 /* LearnDetailView.swift */ = {isa = PBXFileReference; lastKnownFileType = sourcecode.swift; path = LearnDetailView.swift; sourceTree = "<group>"; };
		185CE16929F6BC70003CAF4E /* String-Ext.swift */ = {isa = PBXFileReference; lastKnownFileType = sourcecode.swift; path = "String-Ext.swift"; sourceTree = "<group>"; };
		186CAC002A050CDF00827F5D /* Main.xcdatamodel */ = {isa = PBXFileReference; lastKnownFileType = wrapper.xcdatamodel; path = Main.xcdatamodel; sourceTree = "<group>"; };
		186CAC032A050E2200827F5D /* DataController.swift */ = {isa = PBXFileReference; lastKnownFileType = sourcecode.swift; path = DataController.swift; sourceTree = "<group>"; };
		186CAC052A0512CC00827F5D /* Item-CDHelpers.swift */ = {isa = PBXFileReference; lastKnownFileType = sourcecode.swift; path = "Item-CDHelpers.swift"; sourceTree = "<group>"; };
		186CAC072A0513D800827F5D /* Family-CDHelpers.swift */ = {isa = PBXFileReference; lastKnownFileType = sourcecode.swift; path = "Family-CDHelpers.swift"; sourceTree = "<group>"; };
		186CAC092A0513F900827F5D /* Colors.xcassets */ = {isa = PBXFileReference; lastKnownFileType = folder.assetcatalog; path = Colors.xcassets; sourceTree = "<group>"; };
		186CAC0B2A06533800827F5D /* Sequence-Sorting.swift */ = {isa = PBXFileReference; lastKnownFileType = sourcecode.swift; path = "Sequence-Sorting.swift"; sourceTree = "<group>"; };
		186CAC112A06567D00827F5D /* SplashScreenView.swift */ = {isa = PBXFileReference; fileEncoding = 4; lastKnownFileType = sourcecode.swift; path = SplashScreenView.swift; sourceTree = "<group>"; };
		187455BE2A01728A006F8C9C /* Spirit.swift */ = {isa = PBXFileReference; lastKnownFileType = sourcecode.swift; path = Spirit.swift; sourceTree = "<group>"; };
		187455C22A017408006F8C9C /* SpiritRowView.swift */ = {isa = PBXFileReference; lastKnownFileType = sourcecode.swift; path = SpiritRowView.swift; sourceTree = "<group>"; };
		187455C42A01743C006F8C9C /* SpiritDetailView.swift */ = {isa = PBXFileReference; lastKnownFileType = sourcecode.swift; path = SpiritDetailView.swift; sourceTree = "<group>"; };
		187C7D5629F571DA00996969 /* CocktailRowView.swift */ = {isa = PBXFileReference; lastKnownFileType = sourcecode.swift; path = CocktailRowView.swift; sourceTree = "<group>"; };
		187C7D5829F5722C00996969 /* CocktailDetailView.swift */ = {isa = PBXFileReference; lastKnownFileType = sourcecode.swift; path = CocktailDetailView.swift; sourceTree = "<group>"; };
		188B751929F48CB000407705 /* Drinko.app */ = {isa = PBXFileReference; explicitFileType = wrapper.application; includeInIndex = 0; path = Drinko.app; sourceTree = BUILT_PRODUCTS_DIR; };
		188B751C29F48CB000407705 /* DrinkoApp.swift */ = {isa = PBXFileReference; lastKnownFileType = sourcecode.swift; path = DrinkoApp.swift; sourceTree = "<group>"; };
		188B752029F48CB100407705 /* Assets.xcassets */ = {isa = PBXFileReference; lastKnownFileType = folder.assetcatalog; path = Assets.xcassets; sourceTree = "<group>"; };
		188B752329F48CB100407705 /* Preview Assets.xcassets */ = {isa = PBXFileReference; lastKnownFileType = folder.assetcatalog; path = "Preview Assets.xcassets"; sourceTree = "<group>"; };
		188B752A29F48CFF00407705 /* HomeView.swift */ = {isa = PBXFileReference; lastKnownFileType = sourcecode.swift; path = HomeView.swift; sourceTree = "<group>"; };
		188B752C29F4912100407705 /* LearnView.swift */ = {isa = PBXFileReference; lastKnownFileType = sourcecode.swift; path = LearnView.swift; sourceTree = "<group>"; };
		188B752E29F4912A00407705 /* CocktailsView.swift */ = {isa = PBXFileReference; lastKnownFileType = sourcecode.swift; path = CocktailsView.swift; sourceTree = "<group>"; };
		188B753029F4913700407705 /* NewsView.swift */ = {isa = PBXFileReference; lastKnownFileType = sourcecode.swift; path = NewsView.swift; sourceTree = "<group>"; };
		188B753229F4914100407705 /* SettingsView.swift */ = {isa = PBXFileReference; lastKnownFileType = sourcecode.swift; path = SettingsView.swift; sourceTree = "<group>"; };
		188B753429F4915F00407705 /* CabinetView.swift */ = {isa = PBXFileReference; lastKnownFileType = sourcecode.swift; path = CabinetView.swift; sourceTree = "<group>"; };
		188E3F382A13502A004024B6 /* Info.plist */ = {isa = PBXFileReference; lastKnownFileType = text.plist.xml; path = Info.plist; sourceTree = "<group>"; };
		188E3F3C2A1377A0004024B6 /* History.swift */ = {isa = PBXFileReference; lastKnownFileType = sourcecode.swift; path = History.swift; sourceTree = "<group>"; };
		188E3F3E2A13780D004024B6 /* HistoryView.swift */ = {isa = PBXFileReference; lastKnownFileType = sourcecode.swift; path = HistoryView.swift; sourceTree = "<group>"; };
		189D53E02A03B12D00B88087 /* MailView.swift */ = {isa = PBXFileReference; fileEncoding = 4; lastKnownFileType = sourcecode.swift; path = MailView.swift; sourceTree = "<group>"; };
		18ACE2BE2A027C440007F726 /* history.json */ = {isa = PBXFileReference; lastKnownFileType = text.json; path = history.json; sourceTree = "<group>"; };
		18BF3E6629F4976E0093340F /* SettingsRowView.swift */ = {isa = PBXFileReference; lastKnownFileType = sourcecode.swift; path = SettingsRowView.swift; sourceTree = "<group>"; };
		18BF3E6E29F49C520093340F /* ReadMeView.swift */ = {isa = PBXFileReference; lastKnownFileType = sourcecode.swift; path = ReadMeView.swift; sourceTree = "<group>"; };
		18CD437029F52B8600182031 /* Bundle-Decodable.swift */ = {isa = PBXFileReference; lastKnownFileType = sourcecode.swift; path = "Bundle-Decodable.swift"; sourceTree = "<group>"; };
		18CD437529F5354300182031 /* Margins.swift */ = {isa = PBXFileReference; lastKnownFileType = sourcecode.swift; path = Margins.swift; sourceTree = "<group>"; };
		18CD437A29F5369800182031 /* cocktails.json */ = {isa = PBXFileReference; fileEncoding = 4; lastKnownFileType = text.json; path = cocktails.json; sourceTree = "<group>"; };
		18CD437C29F536C300182031 /* Cocktail.swift */ = {isa = PBXFileReference; lastKnownFileType = sourcecode.swift; path = Cocktail.swift; sourceTree = "<group>"; };
/* End PBXFileReference section */

/* Begin PBXFrameworksBuildPhase section */
		188B751629F48CB000407705 /* Frameworks */ = {
			isa = PBXFrameworksBuildPhase;
			buildActionMask = 2147483647;
			files = (
			);
			runOnlyForDeploymentPostprocessing = 0;
		};
/* End PBXFrameworksBuildPhase section */

/* Begin PBXGroup section */
		185CE16829F6BC5C003CAF4E /* Extensions */ = {
			isa = PBXGroup;
			children = (
				18CD437029F52B8600182031 /* Bundle-Decodable.swift */,
				186CAC0B2A06533800827F5D /* Sequence-Sorting.swift */,
				18CD437529F5354300182031 /* Margins.swift */,
				185CE16929F6BC70003CAF4E /* String-Ext.swift */,
				1843BEF529FC75910033E737 /* Color-Ext.swift */,
			);
			path = Extensions;
			sourceTree = "<group>";
		};
		186CAC022A050CE500827F5D /* CoreData */ = {
			isa = PBXGroup;
			children = (
				186CABFF2A050CDF00827F5D /* Main.xcdatamodeld */,
				186CAC032A050E2200827F5D /* DataController.swift */,
				186CAC052A0512CC00827F5D /* Item-CDHelpers.swift */,
				186CAC072A0513D800827F5D /* Family-CDHelpers.swift */,
			);
			path = CoreData;
			sourceTree = "<group>";
		};
		188B751029F48CB000407705 = {
			isa = PBXGroup;
			children = (
				188B751B29F48CB000407705 /* Drinko */,
				188B751A29F48CB000407705 /* Products */,
			);
			sourceTree = "<group>";
		};
		188B751A29F48CB000407705 /* Products */ = {
			isa = PBXGroup;
			children = (
				188B751929F48CB000407705 /* Drinko.app */,
			);
			name = Products;
			sourceTree = "<group>";
		};
		188B751B29F48CB000407705 /* Drinko */ = {
			isa = PBXGroup;
			children = (
				188B751C29F48CB000407705 /* DrinkoApp.swift */,
				188B752A29F48CFF00407705 /* HomeView.swift */,
				188B753629F4920500407705 /* Views */,
				18CD437229F52BFC00182031 /* Utilities */,
				188B752029F48CB100407705 /* Assets.xcassets */,
				186CAC092A0513F900827F5D /* Colors.xcassets */,
				188E3F382A13502A004024B6 /* Info.plist */,
				188B752229F48CB100407705 /* Preview Content */,
			);
			path = Drinko;
			sourceTree = "<group>";
		};
		188B752229F48CB100407705 /* Preview Content */ = {
			isa = PBXGroup;
			children = (
				188B752329F48CB100407705 /* Preview Assets.xcassets */,
			);
			path = "Preview Content";
			sourceTree = "<group>";
		};
		188B753629F4920500407705 /* Views */ = {
			isa = PBXGroup;
			children = (
				18BF3E7429F49F010093340F /* Learn */,
				18BF3E7329F49EF70093340F /* Cocktails */,
				18BF3E7229F49EF00093340F /* News */,
				18BF3E7129F49EE60093340F /* Cabinet */,
				18BF3E7029F49ED80093340F /* Settings */,
			);
			path = Views;
			sourceTree = "<group>";
		};
		189D53DF2A02DA5A00B88087 /* Spirits */ = {
			isa = PBXGroup;
			children = (
				187455BE2A01728A006F8C9C /* Spirit.swift */,
				187455C22A017408006F8C9C /* SpiritRowView.swift */,
				187455C42A01743C006F8C9C /* SpiritDetailView.swift */,
			);
			path = Spirits;
			sourceTree = "<group>";
		};
		18BF3E7029F49ED80093340F /* Settings */ = {
			isa = PBXGroup;
			children = (
				188B753229F4914100407705 /* SettingsView.swift */,
				18BF3E6629F4976E0093340F /* SettingsRowView.swift */,
				18BF3E6E29F49C520093340F /* ReadMeView.swift */,
				189D53E02A03B12D00B88087 /* MailView.swift */,
			);
			path = Settings;
			sourceTree = "<group>";
		};
		18BF3E7129F49EE60093340F /* Cabinet */ = {
			isa = PBXGroup;
			children = (
				188B753429F4915F00407705 /* CabinetView.swift */,
			);
			path = Cabinet;
			sourceTree = "<group>";
		};
		18BF3E7229F49EF00093340F /* News */ = {
			isa = PBXGroup;
			children = (
				188B753029F4913700407705 /* NewsView.swift */,
			);
			path = News;
			sourceTree = "<group>";
		};
		18BF3E7329F49EF70093340F /* Cocktails */ = {
			isa = PBXGroup;
			children = (
				18CD437C29F536C300182031 /* Cocktail.swift */,
				188B752E29F4912A00407705 /* CocktailsView.swift */,
				187C7D5629F571DA00996969 /* CocktailRowView.swift */,
				187C7D5829F5722C00996969 /* CocktailDetailView.swift */,
				185592A529FA5E0E00A51A20 /* CocktailDetailSectionView.swift */,
				188E3F3C2A1377A0004024B6 /* History.swift */,
				188E3F3E2A13780D004024B6 /* HistoryView.swift */,
			);
			path = Cocktails;
			sourceTree = "<group>";
		};
		18BF3E7429F49F010093340F /* Learn */ = {
			isa = PBXGroup;
			children = (
				188B752C29F4912100407705 /* LearnView.swift */,
				185592AB29FA8D7B00A51A20 /* LearnRowView.swift */,
				185592AD29FA905B00A51A20 /* LearnDetailView.swift */,
				185592A929FA87DA00A51A20 /* Lesson.swift */,
				189D53DF2A02DA5A00B88087 /* Spirits */,
			);
			path = Learn;
			sourceTree = "<group>";
		};
		18CD437229F52BFC00182031 /* Utilities */ = {
			isa = PBXGroup;
			children = (
				18CD437929F5366800182031 /* Localizable */,
				186CAC022A050CE500827F5D /* CoreData */,
				1843BEF329FC6E7E0033E737 /* DrinkoButtonStyle.swift */,
				1843BEF729FC75AD0033E737 /* Favorites.swift */,
				1843BEFB29FC7BD20033E737 /* FavoritesButton.swift */,
				186CAC112A06567D00827F5D /* SplashScreenView.swift */,
				185CE16829F6BC5C003CAF4E /* Extensions */,
			);
			path = Utilities;
			sourceTree = "<group>";
		};
		18CD437929F5366800182031 /* Localizable */ = {
			isa = PBXGroup;
			children = (
				18CD437A29F5369800182031 /* cocktails.json */,
				18ACE2BE2A027C440007F726 /* history.json */,
				185592A729FA633000A51A20 /* lessons.json */,
			);
			path = Localizable;
			sourceTree = "<group>";
		};
/* End PBXGroup section */

/* Begin PBXNativeTarget section */
		188B751829F48CB000407705 /* Drinko */ = {
			isa = PBXNativeTarget;
			buildConfigurationList = 188B752729F48CB100407705 /* Build configuration list for PBXNativeTarget "Drinko" */;
			buildPhases = (
				188B751529F48CB000407705 /* Sources */,
				188B751629F48CB000407705 /* Frameworks */,
				188B751729F48CB000407705 /* Resources */,
			);
			buildRules = (
			);
			dependencies = (
			);
			name = Drinko;
			packageProductDependencies = (
			);
			productName = Drinko;
			productReference = 188B751929F48CB000407705 /* Drinko.app */;
			productType = "com.apple.product-type.application";
		};
/* End PBXNativeTarget section */

/* Begin PBXProject section */
		188B751129F48CB000407705 /* Project object */ = {
			isa = PBXProject;
			attributes = {
				BuildIndependentTargetsInParallel = 1;
				LastSwiftUpdateCheck = 1430;
				LastUpgradeCheck = 1430;
				TargetAttributes = {
					188B751829F48CB000407705 = {
						CreatedOnToolsVersion = 14.3;
					};
				};
			};
			buildConfigurationList = 188B751429F48CB000407705 /* Build configuration list for PBXProject "Drinko" */;
			compatibilityVersion = "Xcode 14.0";
			developmentRegion = en;
			hasScannedForEncodings = 0;
			knownRegions = (
				en,
				Base,
			);
			mainGroup = 188B751029F48CB000407705;
			packageReferences = (
			);
			productRefGroup = 188B751A29F48CB000407705 /* Products */;
			projectDirPath = "";
			projectRoot = "";
			targets = (
				188B751829F48CB000407705 /* Drinko */,
			);
		};
/* End PBXProject section */

/* Begin PBXResourcesBuildPhase section */
		188B751729F48CB000407705 /* Resources */ = {
			isa = PBXResourcesBuildPhase;
			buildActionMask = 2147483647;
			files = (
				188B752429F48CB100407705 /* Preview Assets.xcassets in Resources */,
				188B752129F48CB100407705 /* Assets.xcassets in Resources */,
				18CD437B29F5369800182031 /* cocktails.json in Resources */,
				186CAC0A2A0513F900827F5D /* Colors.xcassets in Resources */,
				189D53DE2A02CC3E00B88087 /* history.json in Resources */,
				185592A829FA633000A51A20 /* lessons.json in Resources */,
			);
			runOnlyForDeploymentPostprocessing = 0;
		};
/* End PBXResourcesBuildPhase section */

/* Begin PBXSourcesBuildPhase section */
		188B751529F48CB000407705 /* Sources */ = {
			isa = PBXSourcesBuildPhase;
			buildActionMask = 2147483647;
			files = (
				188E3F3D2A1377A0004024B6 /* History.swift in Sources */,
				1843BEF629FC75910033E737 /* Color-Ext.swift in Sources */,
				188B752B29F48CFF00407705 /* HomeView.swift in Sources */,
				187455C52A01743C006F8C9C /* SpiritDetailView.swift in Sources */,
				188B752D29F4912100407705 /* LearnView.swift in Sources */,
				185592AE29FA905B00A51A20 /* LearnDetailView.swift in Sources */,
				185CE16A29F6BC70003CAF4E /* String-Ext.swift in Sources */,
				188E3F3F2A13780D004024B6 /* HistoryView.swift in Sources */,
				1843BEF829FC75AD0033E737 /* Favorites.swift in Sources */,
				1843BEF429FC6E7E0033E737 /* DrinkoButtonStyle.swift in Sources */,
				188B752F29F4912A00407705 /* CocktailsView.swift in Sources */,
				185592AC29FA8D7B00A51A20 /* LearnRowView.swift in Sources */,
				187C7D5929F5722C00996969 /* CocktailDetailView.swift in Sources */,
				187455BF2A01728A006F8C9C /* Spirit.swift in Sources */,
				1843BEFC29FC7BD20033E737 /* FavoritesButton.swift in Sources */,
				186CAC082A0513D800827F5D /* Family-CDHelpers.swift in Sources */,
				186CAC042A050E2200827F5D /* DataController.swift in Sources */,
				188B753329F4914200407705 /* SettingsView.swift in Sources */,
				18CD437129F52B8600182031 /* Bundle-Decodable.swift in Sources */,
				185592A629FA5E0E00A51A20 /* CocktailDetailSectionView.swift in Sources */,
				187C7D5729F571DA00996969 /* CocktailRowView.swift in Sources */,
				18BF3E6729F4976E0093340F /* SettingsRowView.swift in Sources */,
				186CAC012A050CDF00827F5D /* Main.xcdatamodeld in Sources */,
				18CD437D29F536C300182031 /* Cocktail.swift in Sources */,
				188B753529F4915F00407705 /* CabinetView.swift in Sources */,
				18BF3E6F29F49C520093340F /* ReadMeView.swift in Sources */,
				186CAC062A0512CC00827F5D /* Item-CDHelpers.swift in Sources */,
				187455C32A017408006F8C9C /* SpiritRowView.swift in Sources */,
				186CAC122A06567D00827F5D /* SplashScreenView.swift in Sources */,
				185592AA29FA87DA00A51A20 /* Lesson.swift in Sources */,
				188B753129F4913700407705 /* NewsView.swift in Sources */,
				18CD437629F5354300182031 /* Margins.swift in Sources */,
				186CAC0C2A06533800827F5D /* Sequence-Sorting.swift in Sources */,
				189D53E12A03B12D00B88087 /* MailView.swift in Sources */,
				188B751D29F48CB000407705 /* DrinkoApp.swift in Sources */,
			);
			runOnlyForDeploymentPostprocessing = 0;
		};
/* End PBXSourcesBuildPhase section */

/* Begin XCBuildConfiguration section */
		188B752529F48CB100407705 /* Debug */ = {
			isa = XCBuildConfiguration;
			buildSettings = {
				ALWAYS_SEARCH_USER_PATHS = NO;
				CLANG_ANALYZER_NONNULL = YES;
				CLANG_ANALYZER_NUMBER_OBJECT_CONVERSION = YES_AGGRESSIVE;
				CLANG_CXX_LANGUAGE_STANDARD = "gnu++20";
				CLANG_ENABLE_MODULES = YES;
				CLANG_ENABLE_OBJC_ARC = YES;
				CLANG_ENABLE_OBJC_WEAK = YES;
				CLANG_WARN_BLOCK_CAPTURE_AUTORELEASING = YES;
				CLANG_WARN_BOOL_CONVERSION = YES;
				CLANG_WARN_COMMA = YES;
				CLANG_WARN_CONSTANT_CONVERSION = YES;
				CLANG_WARN_DEPRECATED_OBJC_IMPLEMENTATIONS = YES;
				CLANG_WARN_DIRECT_OBJC_ISA_USAGE = YES_ERROR;
				CLANG_WARN_DOCUMENTATION_COMMENTS = YES;
				CLANG_WARN_EMPTY_BODY = YES;
				CLANG_WARN_ENUM_CONVERSION = YES;
				CLANG_WARN_INFINITE_RECURSION = YES;
				CLANG_WARN_INT_CONVERSION = YES;
				CLANG_WARN_NON_LITERAL_NULL_CONVERSION = YES;
				CLANG_WARN_OBJC_IMPLICIT_RETAIN_SELF = YES;
				CLANG_WARN_OBJC_LITERAL_CONVERSION = YES;
				CLANG_WARN_OBJC_ROOT_CLASS = YES_ERROR;
				CLANG_WARN_QUOTED_INCLUDE_IN_FRAMEWORK_HEADER = YES;
				CLANG_WARN_RANGE_LOOP_ANALYSIS = YES;
				CLANG_WARN_STRICT_PROTOTYPES = YES;
				CLANG_WARN_SUSPICIOUS_MOVE = YES;
				CLANG_WARN_UNGUARDED_AVAILABILITY = YES_AGGRESSIVE;
				CLANG_WARN_UNREACHABLE_CODE = YES;
				CLANG_WARN__DUPLICATE_METHOD_MATCH = YES;
				COPY_PHASE_STRIP = NO;
				DEBUG_INFORMATION_FORMAT = dwarf;
				ENABLE_STRICT_OBJC_MSGSEND = YES;
				ENABLE_TESTABILITY = YES;
				GCC_C_LANGUAGE_STANDARD = gnu11;
				GCC_DYNAMIC_NO_PIC = NO;
				GCC_NO_COMMON_BLOCKS = YES;
				GCC_OPTIMIZATION_LEVEL = 0;
				GCC_PREPROCESSOR_DEFINITIONS = (
					"DEBUG=1",
					"$(inherited)",
				);
				GCC_WARN_64_TO_32_BIT_CONVERSION = YES;
				GCC_WARN_ABOUT_RETURN_TYPE = YES_ERROR;
				GCC_WARN_UNDECLARED_SELECTOR = YES;
				GCC_WARN_UNINITIALIZED_AUTOS = YES_AGGRESSIVE;
				GCC_WARN_UNUSED_FUNCTION = YES;
				GCC_WARN_UNUSED_VARIABLE = YES;
				IPHONEOS_DEPLOYMENT_TARGET = 16.4;
				MTL_ENABLE_DEBUG_INFO = INCLUDE_SOURCE;
				MTL_FAST_MATH = YES;
				ONLY_ACTIVE_ARCH = YES;
				SDKROOT = iphoneos;
				SWIFT_ACTIVE_COMPILATION_CONDITIONS = DEBUG;
				SWIFT_OPTIMIZATION_LEVEL = "-Onone";
			};
			name = Debug;
		};
		188B752629F48CB100407705 /* Release */ = {
			isa = XCBuildConfiguration;
			buildSettings = {
				ALWAYS_SEARCH_USER_PATHS = NO;
				CLANG_ANALYZER_NONNULL = YES;
				CLANG_ANALYZER_NUMBER_OBJECT_CONVERSION = YES_AGGRESSIVE;
				CLANG_CXX_LANGUAGE_STANDARD = "gnu++20";
				CLANG_ENABLE_MODULES = YES;
				CLANG_ENABLE_OBJC_ARC = YES;
				CLANG_ENABLE_OBJC_WEAK = YES;
				CLANG_WARN_BLOCK_CAPTURE_AUTORELEASING = YES;
				CLANG_WARN_BOOL_CONVERSION = YES;
				CLANG_WARN_COMMA = YES;
				CLANG_WARN_CONSTANT_CONVERSION = YES;
				CLANG_WARN_DEPRECATED_OBJC_IMPLEMENTATIONS = YES;
				CLANG_WARN_DIRECT_OBJC_ISA_USAGE = YES_ERROR;
				CLANG_WARN_DOCUMENTATION_COMMENTS = YES;
				CLANG_WARN_EMPTY_BODY = YES;
				CLANG_WARN_ENUM_CONVERSION = YES;
				CLANG_WARN_INFINITE_RECURSION = YES;
				CLANG_WARN_INT_CONVERSION = YES;
				CLANG_WARN_NON_LITERAL_NULL_CONVERSION = YES;
				CLANG_WARN_OBJC_IMPLICIT_RETAIN_SELF = YES;
				CLANG_WARN_OBJC_LITERAL_CONVERSION = YES;
				CLANG_WARN_OBJC_ROOT_CLASS = YES_ERROR;
				CLANG_WARN_QUOTED_INCLUDE_IN_FRAMEWORK_HEADER = YES;
				CLANG_WARN_RANGE_LOOP_ANALYSIS = YES;
				CLANG_WARN_STRICT_PROTOTYPES = YES;
				CLANG_WARN_SUSPICIOUS_MOVE = YES;
				CLANG_WARN_UNGUARDED_AVAILABILITY = YES_AGGRESSIVE;
				CLANG_WARN_UNREACHABLE_CODE = YES;
				CLANG_WARN__DUPLICATE_METHOD_MATCH = YES;
				COPY_PHASE_STRIP = NO;
				DEBUG_INFORMATION_FORMAT = "dwarf-with-dsym";
				ENABLE_NS_ASSERTIONS = NO;
				ENABLE_STRICT_OBJC_MSGSEND = YES;
				GCC_C_LANGUAGE_STANDARD = gnu11;
				GCC_NO_COMMON_BLOCKS = YES;
				GCC_WARN_64_TO_32_BIT_CONVERSION = YES;
				GCC_WARN_ABOUT_RETURN_TYPE = YES_ERROR;
				GCC_WARN_UNDECLARED_SELECTOR = YES;
				GCC_WARN_UNINITIALIZED_AUTOS = YES_AGGRESSIVE;
				GCC_WARN_UNUSED_FUNCTION = YES;
				GCC_WARN_UNUSED_VARIABLE = YES;
				IPHONEOS_DEPLOYMENT_TARGET = 16.4;
				MTL_ENABLE_DEBUG_INFO = NO;
				MTL_FAST_MATH = YES;
				SDKROOT = iphoneos;
				SWIFT_COMPILATION_MODE = wholemodule;
				SWIFT_OPTIMIZATION_LEVEL = "-O";
				VALIDATE_PRODUCT = YES;
			};
			name = Release;
		};
		188B752829F48CB100407705 /* Debug */ = {
			isa = XCBuildConfiguration;
			buildSettings = {
				ASSETCATALOG_COMPILER_APPICON_NAME = AppIcon;
				ASSETCATALOG_COMPILER_GLOBAL_ACCENT_COLOR_NAME = AccentColor;
				CODE_SIGN_STYLE = Automatic;
				CURRENT_PROJECT_VERSION = 1;
				DEVELOPMENT_ASSET_PATHS = "\"Drinko/Preview Content\"";
				DEVELOPMENT_TEAM = 3K3GFX53DY;
				ENABLE_PREVIEWS = YES;
				GENERATE_INFOPLIST_FILE = YES;
				INFOPLIST_FILE = Drinko/Info.plist;
				INFOPLIST_KEY_LSApplicationCategoryType = "public.app-category.education";
				INFOPLIST_KEY_UIApplicationSceneManifest_Generation = YES;
				INFOPLIST_KEY_UIApplicationSupportsIndirectInputEvents = YES;
				INFOPLIST_KEY_UISupportedInterfaceOrientations = UIInterfaceOrientationPortrait;
				IPHONEOS_DEPLOYMENT_TARGET = 16.0;
				LD_RUNPATH_SEARCH_PATHS = (
					"$(inherited)",
					"@executable_path/Frameworks",
				);
				MARKETING_VERSION = 3.0;
				PRODUCT_BUNDLE_IDENTIFIER = me.cilia.filippo.Drinko;
				PRODUCT_NAME = "$(TARGET_NAME)";
				SUPPORTED_PLATFORMS = "iphoneos iphonesimulator";
				SUPPORTS_MACCATALYST = NO;
				SUPPORTS_MAC_DESIGNED_FOR_IPHONE_IPAD = NO;
				SWIFT_EMIT_LOC_STRINGS = YES;
				SWIFT_VERSION = 5.0;
				TARGETED_DEVICE_FAMILY = 1;
			};
			name = Debug;
		};
		188B752929F48CB100407705 /* Release */ = {
			isa = XCBuildConfiguration;
			buildSettings = {
				ASSETCATALOG_COMPILER_APPICON_NAME = AppIcon;
				ASSETCATALOG_COMPILER_GLOBAL_ACCENT_COLOR_NAME = AccentColor;
				CODE_SIGN_STYLE = Automatic;
				CURRENT_PROJECT_VERSION = 1;
				DEVELOPMENT_ASSET_PATHS = "\"Drinko/Preview Content\"";
				DEVELOPMENT_TEAM = 3K3GFX53DY;
				ENABLE_PREVIEWS = YES;
				GENERATE_INFOPLIST_FILE = YES;
				INFOPLIST_FILE = Drinko/Info.plist;
				INFOPLIST_KEY_LSApplicationCategoryType = "public.app-category.education";
				INFOPLIST_KEY_UIApplicationSceneManifest_Generation = YES;
				INFOPLIST_KEY_UIApplicationSupportsIndirectInputEvents = YES;
				INFOPLIST_KEY_UISupportedInterfaceOrientations = UIInterfaceOrientationPortrait;
				IPHONEOS_DEPLOYMENT_TARGET = 16.0;
				LD_RUNPATH_SEARCH_PATHS = (
					"$(inherited)",
					"@executable_path/Frameworks",
				);
				MARKETING_VERSION = 3.0;
				PRODUCT_BUNDLE_IDENTIFIER = me.cilia.filippo.Drinko;
				PRODUCT_NAME = "$(TARGET_NAME)";
				SUPPORTED_PLATFORMS = "iphoneos iphonesimulator";
				SUPPORTS_MACCATALYST = NO;
				SUPPORTS_MAC_DESIGNED_FOR_IPHONE_IPAD = NO;
				SWIFT_EMIT_LOC_STRINGS = YES;
				SWIFT_VERSION = 5.0;
				TARGETED_DEVICE_FAMILY = 1;
			};
			name = Release;
		};
/* End XCBuildConfiguration section */

/* Begin XCConfigurationList section */
		188B751429F48CB000407705 /* Build configuration list for PBXProject "Drinko" */ = {
			isa = XCConfigurationList;
			buildConfigurations = (
				188B752529F48CB100407705 /* Debug */,
				188B752629F48CB100407705 /* Release */,
			);
			defaultConfigurationIsVisible = 0;
			defaultConfigurationName = Release;
		};
		188B752729F48CB100407705 /* Build configuration list for PBXNativeTarget "Drinko" */ = {
			isa = XCConfigurationList;
			buildConfigurations = (
				188B752829F48CB100407705 /* Debug */,
				188B752929F48CB100407705 /* Release */,
			);
			defaultConfigurationIsVisible = 0;
			defaultConfigurationName = Release;
		};
/* End XCConfigurationList section */

/* Begin XCVersionGroup section */
		186CABFF2A050CDF00827F5D /* Main.xcdatamodeld */ = {
			isa = XCVersionGroup;
			children = (
				186CAC002A050CDF00827F5D /* Main.xcdatamodel */,
			);
			currentVersion = 186CAC002A050CDF00827F5D /* Main.xcdatamodel */;
			path = Main.xcdatamodeld;
			sourceTree = "<group>";
			versionGroupType = wrapper.xcdatamodel;
		};
/* End XCVersionGroup section */
	};
	rootObject = 188B751129F48CB000407705 /* Project object */;
}
