{
  "originHash" : "769f601cb17740f8821cf31b4397d16c17c4cfda5ea770d8d1cd8dfdcc31b9fc",
  "pins" : [
    {
      "identity" : "privateads",
      "kind" : "remoteSourceControl",
      "location" : "https://github.com/cilippofilia/PrivateAds.git",
      "state" : {
        "branch" : "main",
        "revision" : "59d15780f406082f4e55b1e89829365da7fd2571"
      }
    }
  ],
  "version" : 3
}
