// !$*UTF8*$!
{
	archiveVersion = 1;
	classes = {
	};
	objectVersion = 60;
	objects = {

/* Begin PBXBuildFile section */
		180640182B5C88F30057F470 /* FavoriteCocktailButtonView.swift in Sources */ = {isa = PBXBuildFile; fileRef = 180640172B5C88F30057F470 /* FavoriteCocktailButtonView.swift */; };
		180EC7112BD3CB960092AD02 /* Samples+Ext.swift in Sources */ = {isa = PBXBuildFile; fileRef = 180EC7102BD3CB960092AD02 /* Samples+Ext.swift */; };
		182522402AB9B4AE0064D87D /* SplashScreenView.swift in Sources */ = {isa = PBXBuildFile; fileRef = 1825223F2AB9B4AE0064D87D /* SplashScreenView.swift */; };
		1827137F2B655D78000D3343 /* Product.swift in Sources */ = {isa = PBXBuildFile; fileRef = 1827137B2B655D78000D3343 /* Product.swift */; };
		182713802B655D78000D3343 /* Category.swift in Sources */ = {isa = PBXBuildFile; fileRef = 1827137C2B655D78000D3343 /* Category.swift */; };
		182713852B65646E000D3343 /* Configuration.storekit in Resources */ = {isa = PBXBuildFile; fileRef = 182713842B656449000D3343 /* Configuration.storekit */; };
		182713882B65657C000D3343 /* CabinetView.swift in Sources */ = {isa = PBXBuildFile; fileRef = 182713872B65657C000D3343 /* CabinetView.swift */; };
		1827138A2B656F28000D3343 /* Previewer.swift in Sources */ = {isa = PBXBuildFile; fileRef = 182713892B656F28000D3343 /* Previewer.swift */; };
		1827138C2B6576AB000D3343 /* CategoryHeaderView.swift in Sources */ = {isa = PBXBuildFile; fileRef = 1827138B2B6576AB000D3343 /* CategoryHeaderView.swift */; };
		1827138E2B658293000D3343 /* ProductRowView.swift in Sources */ = {isa = PBXBuildFile; fileRef = 1827138D2B658293000D3343 /* ProductRowView.swift */; };
		182713942B685829000D3343 /* FavoriteProducts.swift in Sources */ = {isa = PBXBuildFile; fileRef = 182713932B685829000D3343 /* FavoriteProducts.swift */; };
		182713982B685B8A000D3343 /* EditCategoryView.swift in Sources */ = {isa = PBXBuildFile; fileRef = 182713972B685B8A000D3343 /* EditCategoryView.swift */; };
		182B40342AE90EB30007A03F /* ImageFailedToLoad.swift in Sources */ = {isa = PBXBuildFile; fileRef = 182B40332AE90EB30007A03F /* ImageFailedToLoad.swift */; };
		182E43372A2B1221001675FD /* CreditsCardView.swift in Sources */ = {isa = PBXBuildFile; fileRef = 182E43362A2B1221001675FD /* CreditsCardView.swift */; };
		183AE95B2A94AAC000AC156F /* CloudKit.framework in Frameworks */ = {isa = PBXBuildFile; fileRef = 183AE95A2A94AAC000AC156F /* CloudKit.framework */; };
		183E47E42B17548F0095A6E4 /* ABVCalculator.swift in Sources */ = {isa = PBXBuildFile; fileRef = 183E47E32B17548F0095A6E4 /* ABVCalculator.swift */; };
		184F25032B54925F000A06D0 /* SwipeToActionTips.swift in Sources */ = {isa = PBXBuildFile; fileRef = 184F25022B54925F000A06D0 /* SwipeToActionTips.swift */; };
		1869B1502AD683F900AC2AD2 /* Localizable.xcstrings in Resources */ = {isa = PBXBuildFile; fileRef = 1869B14F2AD683F900AC2AD2 /* Localizable.xcstrings */; };
		1879DD682AD5ED68005E2900 /* SuperjuiceRowView.swift in Sources */ = {isa = PBXBuildFile; fileRef = 1879DD672AD5ED68005E2900 /* SuperjuiceRowView.swift */; };
		18883A862ACC71F400FC78C7 /* SuperJuiceView.swift in Sources */ = {isa = PBXBuildFile; fileRef = 18883A852ACC71F400FC78C7 /* SuperJuiceView.swift */; };
		188BCF412A3875D500FBEF20 /* VideoView.swift in Sources */ = {isa = PBXBuildFile; fileRef = 188BCF402A3875D500FBEF20 /* VideoView.swift */; };
		188E93BE2A4C1E04001691E6 /* Book.swift in Sources */ = {isa = PBXBuildFile; fileRef = 188E93BD2A4C1E04001691E6 /* Book.swift */; };
		188E93C02A4C1E0E001691E6 /* BookRowView.swift in Sources */ = {isa = PBXBuildFile; fileRef = 188E93BF2A4C1E0E001691E6 /* BookRowView.swift */; };
		188E93CC2A4C260E001691E6 /* BookDetailView.swift in Sources */ = {isa = PBXBuildFile; fileRef = 188E93CB2A4C260E001691E6 /* BookDetailView.swift */; };
		188E93E52A4C9D57001691E6 /* String-Ext.swift in Sources */ = {isa = PBXBuildFile; fileRef = 188E93E42A4C9D57001691E6 /* String-Ext.swift */; };
		18A8C8212B1C866E0052F0B4 /* ABVRowView.swift in Sources */ = {isa = PBXBuildFile; fileRef = 18A8C8202B1C866E0052F0B4 /* ABVRowView.swift */; };
		18AA31582B815A6000072180 /* IconImage.swift in Sources */ = {isa = PBXBuildFile; fileRef = 18AA31572B815A6000072180 /* IconImage.swift */; };
		18AA315A2B815AA200072180 /* IconModel.swift in Sources */ = {isa = PBXBuildFile; fileRef = 18AA31592B815AA200072180 /* IconModel.swift */; };
		18AF16382ABB60B7006BBB89 /* SettingsPreferenceView.swift in Sources */ = {isa = PBXBuildFile; fileRef = 18AF16372ABB60B7006BBB89 /* SettingsPreferenceView.swift */; };
		18AF163A2ABB6128006BBB89 /* SettingsContactsView.swift in Sources */ = {isa = PBXBuildFile; fileRef = 18AF16392ABB6128006BBB89 /* SettingsContactsView.swift */; };
		18AF163C2ABB6216006BBB89 /* SettingsInfoView.swift in Sources */ = {isa = PBXBuildFile; fileRef = 18AF163B2ABB6216006BBB89 /* SettingsInfoView.swift */; };
		18B307742B6F99DD00CB94AB /* EditProductView.swift in Sources */ = {isa = PBXBuildFile; fileRef = 18B307732B6F99DD00CB94AB /* EditProductView.swift */; };
		18B307792B7771C300CB94AB /* FavoriteProductButtonView.swift in Sources */ = {isa = PBXBuildFile; fileRef = 18B307782B7771C300CB94AB /* FavoriteProductButtonView.swift */; };
		18B3077E2B778AB200CB94AB /* IconsView.swift in Sources */ = {isa = PBXBuildFile; fileRef = 18B3077D2B778AB200CB94AB /* IconsView.swift */; };
		18F49E642A27B28D00862CE3 /* DrinkoProApp.swift in Sources */ = {isa = PBXBuildFile; fileRef = 18F49E632A27B28D00862CE3 /* DrinkoProApp.swift */; };
		18F49E6B2A27B28F00862CE3 /* Preview Assets.xcassets in Resources */ = {isa = PBXBuildFile; fileRef = 18F49E6A2A27B28F00862CE3 /* Preview Assets.xcassets */; };
		18F49E722A286CDD00862CE3 /* HomeView.swift in Sources */ = {isa = PBXBuildFile; fileRef = 18F49E712A286CDD00862CE3 /* HomeView.swift */; };
		18F49E782A286D0D00862CE3 /* Colors.xcassets in Resources */ = {isa = PBXBuildFile; fileRef = 18F49E772A286D0D00862CE3 /* Colors.xcassets */; };
		18F49E7A2A286D1900862CE3 /* Assets.xcassets in Resources */ = {isa = PBXBuildFile; fileRef = 18F49E792A286D1900862CE3 /* Assets.xcassets */; };
		18F49E942A286D2A00862CE3 /* Favorites.swift in Sources */ = {isa = PBXBuildFile; fileRef = 18F49E7C2A286D2A00862CE3 /* Favorites.swift */; };
		18F49E9B2A286D2A00862CE3 /* Bundle-Decodable.swift in Sources */ = {isa = PBXBuildFile; fileRef = 18F49E862A286D2A00862CE3 /* Bundle-Decodable.swift */; };
		18F49E9C2A286D2A00862CE3 /* GlobalConstant.swift in Sources */ = {isa = PBXBuildFile; fileRef = 18F49E872A286D2A00862CE3 /* GlobalConstant.swift */; };
		18F49E9F2A286D2A00862CE3 /* DrinkoButtonView.swift in Sources */ = {isa = PBXBuildFile; fileRef = 18F49E8A2A286D2A00862CE3 /* DrinkoButtonView.swift */; };
		18F49EBC2A286D2E00862CE3 /* SettingsView.swift in Sources */ = {isa = PBXBuildFile; fileRef = 18F49EA52A286D2E00862CE3 /* SettingsView.swift */; };
		18F49EBD2A286D2E00862CE3 /* SettingsRowView.swift in Sources */ = {isa = PBXBuildFile; fileRef = 18F49EA62A286D2E00862CE3 /* SettingsRowView.swift */; };
		18F49EBE2A286D2E00862CE3 /* ReadMeView.swift in Sources */ = {isa = PBXBuildFile; fileRef = 18F49EA72A286D2E00862CE3 /* ReadMeView.swift */; };
		18F49EBF2A286D2E00862CE3 /* Lesson.swift in Sources */ = {isa = PBXBuildFile; fileRef = 18F49EA92A286D2E00862CE3 /* Lesson.swift */; };
		18F49EC32A286D2E00862CE3 /* LearnView.swift in Sources */ = {isa = PBXBuildFile; fileRef = 18F49EAE2A286D2E00862CE3 /* LearnView.swift */; };
		18F49EC42A286D2E00862CE3 /* LessonRowView.swift in Sources */ = {isa = PBXBuildFile; fileRef = 18F49EAF2A286D2E00862CE3 /* LessonRowView.swift */; };
		18F49EC52A286D2E00862CE3 /* LessonDetailView.swift in Sources */ = {isa = PBXBuildFile; fileRef = 18F49EB02A286D2E00862CE3 /* LessonDetailView.swift */; };
		18F49EC82A286D2E00862CE3 /* CocktailRowView.swift in Sources */ = {isa = PBXBuildFile; fileRef = 18F49EB62A286D2E00862CE3 /* CocktailRowView.swift */; };
		18F49EC92A286D2E00862CE3 /* CocktailsView.swift in Sources */ = {isa = PBXBuildFile; fileRef = 18F49EB72A286D2E00862CE3 /* CocktailsView.swift */; };
		18F49ECA2A286D2E00862CE3 /* CocktailDetailSectionView.swift in Sources */ = {isa = PBXBuildFile; fileRef = 18F49EB82A286D2E00862CE3 /* CocktailDetailSectionView.swift */; };
		18F49ECB2A286D2E00862CE3 /* Cocktail.swift in Sources */ = {isa = PBXBuildFile; fileRef = 18F49EB92A286D2E00862CE3 /* Cocktail.swift */; };
		18F49ECC2A286D2E00862CE3 /* HistoryView.swift in Sources */ = {isa = PBXBuildFile; fileRef = 18F49EBA2A286D2E00862CE3 /* HistoryView.swift */; };
		18F49ECD2A286D2E00862CE3 /* CocktailDetailView.swift in Sources */ = {isa = PBXBuildFile; fileRef = 18F49EBB2A286D2E00862CE3 /* CocktailDetailView.swift */; };
		18F5860E2B46322B00BD460B /* cocktails.json in Resources */ = {isa = PBXBuildFile; fileRef = 18F5860D2B46322B00BD460B /* cocktails.json */; };
		18F586132B46328B00BD460B /* history.json in Resources */ = {isa = PBXBuildFile; fileRef = 18F586152B46328B00BD460B /* history.json */; };
		18F5861D2B46334900BD460B /* procedure.json in Resources */ = {isa = PBXBuildFile; fileRef = 18F5861F2B46334900BD460B /* procedure.json */; };
		18F586252B4633A500BD460B /* books.json in Resources */ = {isa = PBXBuildFile; fileRef = 18F586272B4633A500BD460B /* books.json */; };
		18F5862D2B4633F100BD460B /* basics.json in Resources */ = {isa = PBXBuildFile; fileRef = 18F5862F2B4633F100BD460B /* basics.json */; };
		18F586352B46343400BD460B /* syrups.json in Resources */ = {isa = PBXBuildFile; fileRef = 18F586372B46343400BD460B /* syrups.json */; };
		18F5863D2B46348100BD460B /* spirits.json in Resources */ = {isa = PBXBuildFile; fileRef = 18F5863F2B46348100BD460B /* spirits.json */; };
		18F5864E2B46FFA800BD460B /* shots.json in Resources */ = {isa = PBXBuildFile; fileRef = 18F586502B46FFA800BD460B /* shots.json */; };
		18F586552B470E7400BD460B /* ProcedureView.swift in Sources */ = {isa = PBXBuildFile; fileRef = 18F586542B470E7400BD460B /* ProcedureView.swift */; };
/* End PBXBuildFile section */

/* Begin PBXFileReference section */
		180640172B5C88F30057F470 /* FavoriteCocktailButtonView.swift */ = {isa = PBXFileReference; lastKnownFileType = sourcecode.swift; path = FavoriteCocktailButtonView.swift; sourceTree = "<group>"; };
		180EC7102BD3CB960092AD02 /* Samples+Ext.swift */ = {isa = PBXFileReference; lastKnownFileType = sourcecode.swift; path = "Samples+Ext.swift"; sourceTree = "<group>"; };
		1825223F2AB9B4AE0064D87D /* SplashScreenView.swift */ = {isa = PBXFileReference; lastKnownFileType = sourcecode.swift; path = SplashScreenView.swift; sourceTree = "<group>"; };
		1827137B2B655D78000D3343 /* Product.swift */ = {isa = PBXFileReference; lastKnownFileType = sourcecode.swift; path = Product.swift; sourceTree = "<group>"; };
		1827137C2B655D78000D3343 /* Category.swift */ = {isa = PBXFileReference; lastKnownFileType = sourcecode.swift; path = Category.swift; sourceTree = "<group>"; };
		182713842B656449000D3343 /* Configuration.storekit */ = {isa = PBXFileReference; lastKnownFileType = text; name = Configuration.storekit; path = DrinkoPro/Configuration.storekit; sourceTree = SOURCE_ROOT; };
		182713872B65657C000D3343 /* CabinetView.swift */ = {isa = PBXFileReference; lastKnownFileType = sourcecode.swift; path = CabinetView.swift; sourceTree = "<group>"; };
		182713892B656F28000D3343 /* Previewer.swift */ = {isa = PBXFileReference; lastKnownFileType = sourcecode.swift; path = Previewer.swift; sourceTree = "<group>"; };
		1827138B2B6576AB000D3343 /* CategoryHeaderView.swift */ = {isa = PBXFileReference; lastKnownFileType = sourcecode.swift; path = CategoryHeaderView.swift; sourceTree = "<group>"; };
		1827138D2B658293000D3343 /* ProductRowView.swift */ = {isa = PBXFileReference; lastKnownFileType = sourcecode.swift; path = ProductRowView.swift; sourceTree = "<group>"; };
		182713932B685829000D3343 /* FavoriteProducts.swift */ = {isa = PBXFileReference; lastKnownFileType = sourcecode.swift; path = FavoriteProducts.swift; sourceTree = "<group>"; };
		182713972B685B8A000D3343 /* EditCategoryView.swift */ = {isa = PBXFileReference; lastKnownFileType = sourcecode.swift; path = EditCategoryView.swift; sourceTree = "<group>"; };
		182B40332AE90EB30007A03F /* ImageFailedToLoad.swift */ = {isa = PBXFileReference; lastKnownFileType = sourcecode.swift; path = ImageFailedToLoad.swift; sourceTree = "<group>"; };
		182E43362A2B1221001675FD /* CreditsCardView.swift */ = {isa = PBXFileReference; lastKnownFileType = sourcecode.swift; path = CreditsCardView.swift; sourceTree = "<group>"; };
		183AE95A2A94AAC000AC156F /* CloudKit.framework */ = {isa = PBXFileReference; lastKnownFileType = wrapper.framework; name = CloudKit.framework; path = System/Library/Frameworks/CloudKit.framework; sourceTree = SDKROOT; };
		183AE95E2A94AB4500AC156F /* DrinkoPro.entitlements */ = {isa = PBXFileReference; lastKnownFileType = text.plist.entitlements; path = DrinkoPro.entitlements; sourceTree = "<group>"; };
		183E47E32B17548F0095A6E4 /* ABVCalculator.swift */ = {isa = PBXFileReference; lastKnownFileType = sourcecode.swift; path = ABVCalculator.swift; sourceTree = "<group>"; };
		184F25022B54925F000A06D0 /* SwipeToActionTips.swift */ = {isa = PBXFileReference; lastKnownFileType = sourcecode.swift; path = SwipeToActionTips.swift; sourceTree = "<group>"; };
		185672E42A2C71820001813D /* Info.plist */ = {isa = PBXFileReference; lastKnownFileType = text.plist.xml; path = Info.plist; sourceTree = "<group>"; };
		1869B14F2AD683F900AC2AD2 /* Localizable.xcstrings */ = {isa = PBXFileReference; lastKnownFileType = text.json.xcstrings; path = Localizable.xcstrings; sourceTree = "<group>"; };
		1879DD672AD5ED68005E2900 /* SuperjuiceRowView.swift */ = {isa = PBXFileReference; lastKnownFileType = sourcecode.swift; path = SuperjuiceRowView.swift; sourceTree = "<group>"; };
		18883A852ACC71F400FC78C7 /* SuperJuiceView.swift */ = {isa = PBXFileReference; lastKnownFileType = sourcecode.swift; path = SuperJuiceView.swift; sourceTree = "<group>"; };
		188BCF402A3875D500FBEF20 /* VideoView.swift */ = {isa = PBXFileReference; lastKnownFileType = sourcecode.swift; path = VideoView.swift; sourceTree = "<group>"; };
		188E93BD2A4C1E04001691E6 /* Book.swift */ = {isa = PBXFileReference; lastKnownFileType = sourcecode.swift; path = Book.swift; sourceTree = "<group>"; };
		188E93BF2A4C1E0E001691E6 /* BookRowView.swift */ = {isa = PBXFileReference; lastKnownFileType = sourcecode.swift; path = BookRowView.swift; sourceTree = "<group>"; };
		188E93CB2A4C260E001691E6 /* BookDetailView.swift */ = {isa = PBXFileReference; lastKnownFileType = sourcecode.swift; path = BookDetailView.swift; sourceTree = "<group>"; };
		188E93E42A4C9D57001691E6 /* String-Ext.swift */ = {isa = PBXFileReference; lastKnownFileType = sourcecode.swift; path = "String-Ext.swift"; sourceTree = "<group>"; };
		18A8C8202B1C866E0052F0B4 /* ABVRowView.swift */ = {isa = PBXFileReference; lastKnownFileType = sourcecode.swift; path = ABVRowView.swift; sourceTree = "<group>"; };
		18AA31572B815A6000072180 /* IconImage.swift */ = {isa = PBXFileReference; lastKnownFileType = sourcecode.swift; path = IconImage.swift; sourceTree = "<group>"; };
		18AA31592B815AA200072180 /* IconModel.swift */ = {isa = PBXFileReference; lastKnownFileType = sourcecode.swift; path = IconModel.swift; sourceTree = "<group>"; };
		18AF16372ABB60B7006BBB89 /* SettingsPreferenceView.swift */ = {isa = PBXFileReference; lastKnownFileType = sourcecode.swift; path = SettingsPreferenceView.swift; sourceTree = "<group>"; };
		18AF16392ABB6128006BBB89 /* SettingsContactsView.swift */ = {isa = PBXFileReference; lastKnownFileType = sourcecode.swift; path = SettingsContactsView.swift; sourceTree = "<group>"; };
		18AF163B2ABB6216006BBB89 /* SettingsInfoView.swift */ = {isa = PBXFileReference; lastKnownFileType = sourcecode.swift; path = SettingsInfoView.swift; sourceTree = "<group>"; };
		18B307732B6F99DD00CB94AB /* EditProductView.swift */ = {isa = PBXFileReference; lastKnownFileType = sourcecode.swift; path = EditProductView.swift; sourceTree = "<group>"; };
		18B307782B7771C300CB94AB /* FavoriteProductButtonView.swift */ = {isa = PBXFileReference; lastKnownFileType = sourcecode.swift; path = FavoriteProductButtonView.swift; sourceTree = "<group>"; };
		18B3077D2B778AB200CB94AB /* IconsView.swift */ = {isa = PBXFileReference; lastKnownFileType = sourcecode.swift; path = IconsView.swift; sourceTree = "<group>"; };
		18F49E602A27B28D00862CE3 /* DrinkoPro.app */ = {isa = PBXFileReference; explicitFileType = wrapper.application; includeInIndex = 0; path = DrinkoPro.app; sourceTree = BUILT_PRODUCTS_DIR; };
		18F49E632A27B28D00862CE3 /* DrinkoProApp.swift */ = {isa = PBXFileReference; lastKnownFileType = sourcecode.swift; path = DrinkoProApp.swift; sourceTree = "<group>"; };
		18F49E6A2A27B28F00862CE3 /* Preview Assets.xcassets */ = {isa = PBXFileReference; lastKnownFileType = folder.assetcatalog; path = "Preview Assets.xcassets"; sourceTree = "<group>"; };
		18F49E712A286CDD00862CE3 /* HomeView.swift */ = {isa = PBXFileReference; fileEncoding = 4; lastKnownFileType = sourcecode.swift; path = HomeView.swift; sourceTree = "<group>"; };
		18F49E772A286D0D00862CE3 /* Colors.xcassets */ = {isa = PBXFileReference; lastKnownFileType = folder.assetcatalog; path = Colors.xcassets; sourceTree = "<group>"; };
		18F49E792A286D1900862CE3 /* Assets.xcassets */ = {isa = PBXFileReference; lastKnownFileType = folder.assetcatalog; path = Assets.xcassets; sourceTree = "<group>"; };
		18F49E7C2A286D2A00862CE3 /* Favorites.swift */ = {isa = PBXFileReference; fileEncoding = 4; lastKnownFileType = sourcecode.swift; path = Favorites.swift; sourceTree = "<group>"; };
		18F49E862A286D2A00862CE3 /* Bundle-Decodable.swift */ = {isa = PBXFileReference; fileEncoding = 4; lastKnownFileType = sourcecode.swift; path = "Bundle-Decodable.swift"; sourceTree = "<group>"; };
		18F49E872A286D2A00862CE3 /* GlobalConstant.swift */ = {isa = PBXFileReference; fileEncoding = 4; lastKnownFileType = sourcecode.swift; path = GlobalConstant.swift; sourceTree = "<group>"; };
		18F49E8A2A286D2A00862CE3 /* DrinkoButtonView.swift */ = {isa = PBXFileReference; fileEncoding = 4; lastKnownFileType = sourcecode.swift; path = DrinkoButtonView.swift; sourceTree = "<group>"; };
		18F49EA52A286D2E00862CE3 /* SettingsView.swift */ = {isa = PBXFileReference; fileEncoding = 4; lastKnownFileType = sourcecode.swift; path = SettingsView.swift; sourceTree = "<group>"; };
		18F49EA62A286D2E00862CE3 /* SettingsRowView.swift */ = {isa = PBXFileReference; fileEncoding = 4; lastKnownFileType = sourcecode.swift; path = SettingsRowView.swift; sourceTree = "<group>"; };
		18F49EA72A286D2E00862CE3 /* ReadMeView.swift */ = {isa = PBXFileReference; fileEncoding = 4; lastKnownFileType = sourcecode.swift; path = ReadMeView.swift; sourceTree = "<group>"; };
		18F49EA92A286D2E00862CE3 /* Lesson.swift */ = {isa = PBXFileReference; fileEncoding = 4; lastKnownFileType = sourcecode.swift; path = Lesson.swift; sourceTree = "<group>"; };
		18F49EAE2A286D2E00862CE3 /* LearnView.swift */ = {isa = PBXFileReference; fileEncoding = 4; lastKnownFileType = sourcecode.swift; path = LearnView.swift; sourceTree = "<group>"; };
		18F49EAF2A286D2E00862CE3 /* LessonRowView.swift */ = {isa = PBXFileReference; fileEncoding = 4; lastKnownFileType = sourcecode.swift; path = LessonRowView.swift; sourceTree = "<group>"; };
		18F49EB02A286D2E00862CE3 /* LessonDetailView.swift */ = {isa = PBXFileReference; fileEncoding = 4; lastKnownFileType = sourcecode.swift; path = LessonDetailView.swift; sourceTree = "<group>"; };
		18F49EB62A286D2E00862CE3 /* CocktailRowView.swift */ = {isa = PBXFileReference; fileEncoding = 4; lastKnownFileType = sourcecode.swift; path = CocktailRowView.swift; sourceTree = "<group>"; };
		18F49EB72A286D2E00862CE3 /* CocktailsView.swift */ = {isa = PBXFileReference; fileEncoding = 4; lastKnownFileType = sourcecode.swift; path = CocktailsView.swift; sourceTree = "<group>"; };
		18F49EB82A286D2E00862CE3 /* CocktailDetailSectionView.swift */ = {isa = PBXFileReference; fileEncoding = 4; lastKnownFileType = sourcecode.swift; path = CocktailDetailSectionView.swift; sourceTree = "<group>"; };
		18F49EB92A286D2E00862CE3 /* Cocktail.swift */ = {isa = PBXFileReference; fileEncoding = 4; lastKnownFileType = sourcecode.swift; path = Cocktail.swift; sourceTree = "<group>"; };
		18F49EBA2A286D2E00862CE3 /* HistoryView.swift */ = {isa = PBXFileReference; fileEncoding = 4; lastKnownFileType = sourcecode.swift; path = HistoryView.swift; sourceTree = "<group>"; };
		18F49EBB2A286D2E00862CE3 /* CocktailDetailView.swift */ = {isa = PBXFileReference; fileEncoding = 4; lastKnownFileType = sourcecode.swift; path = CocktailDetailView.swift; sourceTree = "<group>"; };
		18F5860D2B46322B00BD460B /* cocktails.json */ = {isa = PBXFileReference; fileEncoding = 4; lastKnownFileType = text.json; path = cocktails.json; sourceTree = "<group>"; };
		18F586162B46329400BD460B /* en */ = {isa = PBXFileReference; lastKnownFileType = text.json; name = en; path = en.lproj/history.json; sourceTree = "<group>"; };
		18F586172B4632A900BD460B /* fr */ = {isa = PBXFileReference; lastKnownFileType = text.json; name = fr; path = fr.lproj/history.json; sourceTree = "<group>"; };
		18F586182B4632AA00BD460B /* de */ = {isa = PBXFileReference; lastKnownFileType = text.json; name = de; path = de.lproj/history.json; sourceTree = "<group>"; };
		18F586192B4632AB00BD460B /* it */ = {isa = PBXFileReference; lastKnownFileType = text.json; name = it; path = it.lproj/history.json; sourceTree = "<group>"; };
		18F5861E2B46334900BD460B /* en */ = {isa = PBXFileReference; lastKnownFileType = text.json; name = en; path = en.lproj/procedure.json; sourceTree = "<group>"; };
		18F586202B46334A00BD460B /* fr */ = {isa = PBXFileReference; lastKnownFileType = text.json; name = fr; path = fr.lproj/procedure.json; sourceTree = "<group>"; };
		18F586212B46334B00BD460B /* de */ = {isa = PBXFileReference; lastKnownFileType = text.json; name = de; path = de.lproj/procedure.json; sourceTree = "<group>"; };
		18F586222B46334C00BD460B /* it */ = {isa = PBXFileReference; lastKnownFileType = text.json; name = it; path = it.lproj/procedure.json; sourceTree = "<group>"; };
		18F586262B4633A500BD460B /* en */ = {isa = PBXFileReference; lastKnownFileType = text.json; name = en; path = en.lproj/books.json; sourceTree = "<group>"; };
		18F586282B4633A600BD460B /* fr */ = {isa = PBXFileReference; lastKnownFileType = text.json; name = fr; path = fr.lproj/books.json; sourceTree = "<group>"; };
		18F586292B4633A600BD460B /* de */ = {isa = PBXFileReference; lastKnownFileType = text.json; name = de; path = de.lproj/books.json; sourceTree = "<group>"; };
		18F5862A2B4633A700BD460B /* it */ = {isa = PBXFileReference; lastKnownFileType = text.json; name = it; path = it.lproj/books.json; sourceTree = "<group>"; };
		18F5862E2B4633F100BD460B /* en */ = {isa = PBXFileReference; lastKnownFileType = text.json; name = en; path = en.lproj/basics.json; sourceTree = "<group>"; };
		18F586302B4633F200BD460B /* fr */ = {isa = PBXFileReference; lastKnownFileType = text.json; name = fr; path = fr.lproj/basics.json; sourceTree = "<group>"; };
		18F586312B4633F200BD460B /* de */ = {isa = PBXFileReference; lastKnownFileType = text.json; name = de; path = de.lproj/basics.json; sourceTree = "<group>"; };
		18F586322B4633F300BD460B /* it */ = {isa = PBXFileReference; lastKnownFileType = text.json; name = it; path = it.lproj/basics.json; sourceTree = "<group>"; };
		18F586362B46343400BD460B /* en */ = {isa = PBXFileReference; lastKnownFileType = text.json; name = en; path = en.lproj/syrups.json; sourceTree = "<group>"; };
		18F586382B46343600BD460B /* fr */ = {isa = PBXFileReference; lastKnownFileType = text.json; name = fr; path = fr.lproj/syrups.json; sourceTree = "<group>"; };
		18F586392B46343600BD460B /* de */ = {isa = PBXFileReference; lastKnownFileType = text.json; name = de; path = de.lproj/syrups.json; sourceTree = "<group>"; };
		18F5863A2B46343700BD460B /* it */ = {isa = PBXFileReference; lastKnownFileType = text.json; name = it; path = it.lproj/syrups.json; sourceTree = "<group>"; };
		18F5863E2B46348100BD460B /* en */ = {isa = PBXFileReference; lastKnownFileType = text.json; name = en; path = en.lproj/spirits.json; sourceTree = "<group>"; };
		18F586402B46348200BD460B /* it */ = {isa = PBXFileReference; lastKnownFileType = text.json; name = it; path = it.lproj/spirits.json; sourceTree = "<group>"; };
		18F586412B46348200BD460B /* de */ = {isa = PBXFileReference; lastKnownFileType = text.json; name = de; path = de.lproj/spirits.json; sourceTree = "<group>"; };
		18F586422B46348300BD460B /* fr */ = {isa = PBXFileReference; lastKnownFileType = text.json; name = fr; path = fr.lproj/spirits.json; sourceTree = "<group>"; };
		18F5864F2B46FFA800BD460B /* en */ = {isa = PBXFileReference; lastKnownFileType = text.json; name = en; path = en.lproj/shots.json; sourceTree = "<group>"; };
		18F586512B46FFAB00BD460B /* fr */ = {isa = PBXFileReference; lastKnownFileType = text.json; name = fr; path = fr.lproj/shots.json; sourceTree = "<group>"; };
		18F586522B46FFAC00BD460B /* de */ = {isa = PBXFileReference; lastKnownFileType = text.json; name = de; path = de.lproj/shots.json; sourceTree = "<group>"; };
		18F586532B46FFAD00BD460B /* it */ = {isa = PBXFileReference; lastKnownFileType = text.json; name = it; path = it.lproj/shots.json; sourceTree = "<group>"; };
		18F586542B470E7400BD460B /* ProcedureView.swift */ = {isa = PBXFileReference; lastKnownFileType = sourcecode.swift; path = ProcedureView.swift; sourceTree = "<group>"; };
/* End PBXFileReference section */

/* Begin PBXFrameworksBuildPhase section */
		18F49E5D2A27B28D00862CE3 /* Frameworks */ = {
			isa = PBXFrameworksBuildPhase;
			buildActionMask = 2147483647;
			files = (
				183AE95B2A94AAC000AC156F /* CloudKit.framework in Frameworks */,
			);
			runOnlyForDeploymentPostprocessing = 0;
		};
/* End PBXFrameworksBuildPhase section */

/* Begin PBXGroup section */
		180EC70B2BD3CB040092AD02 /* Samples */ = {
			isa = PBXGroup;
			children = (
				180EC7102BD3CB960092AD02 /* Samples+Ext.swift */,
			);
			path = Samples;
			sourceTree = "<group>";
		};
		182713832B655FE1000D3343 /* Cabinet */ = {
			isa = PBXGroup;
			children = (
				1827137C2B655D78000D3343 /* Category.swift */,
				1827137B2B655D78000D3343 /* Product.swift */,
			);
			path = Cabinet;
			sourceTree = "<group>";
		};
		182713862B65656C000D3343 /* Cabinet */ = {
			isa = PBXGroup;
			children = (
				182713872B65657C000D3343 /* CabinetView.swift */,
				1827138B2B6576AB000D3343 /* CategoryHeaderView.swift */,
				182713972B685B8A000D3343 /* EditCategoryView.swift */,
				1827138D2B658293000D3343 /* ProductRowView.swift */,
				18B307732B6F99DD00CB94AB /* EditProductView.swift */,
			);
			path = Cabinet;
			sourceTree = "<group>";
		};
		183723C82A909AB700DBCD5D /* Frameworks */ = {
			isa = PBXGroup;
			children = (
				183AE95A2A94AAC000AC156F /* CloudKit.framework */,
			);
			name = Frameworks;
			sourceTree = "<group>";
		};
		18413B0F2A8D3EAC001BB0CB /* Learn */ = {
			isa = PBXGroup;
			children = (
				18F49EA92A286D2E00862CE3 /* Lesson.swift */,
				188E93BD2A4C1E04001691E6 /* Book.swift */,
			);
			path = Learn;
			sourceTree = "<group>";
		};
		188463372B47354400088CA1 /* Cocktail */ = {
			isa = PBXGroup;
			children = (
				18F49EB82A286D2E00862CE3 /* CocktailDetailSectionView.swift */,
				18F49EBA2A286D2E00862CE3 /* HistoryView.swift */,
				18F586542B470E7400BD460B /* ProcedureView.swift */,
			);
			path = Cocktail;
			sourceTree = "<group>";
		};
		18883A832ACC70C400FC78C7 /* Lessons */ = {
			isa = PBXGroup;
			children = (
				18F49EAF2A286D2E00862CE3 /* LessonRowView.swift */,
				18F49EB02A286D2E00862CE3 /* LessonDetailView.swift */,
				188BCF402A3875D500FBEF20 /* VideoView.swift */,
			);
			path = Lessons;
			sourceTree = "<group>";
		};
		18883A842ACC718200FC78C7 /* Calculator */ = {
			isa = PBXGroup;
			children = (
				18A8C8222B1C884C0052F0B4 /* ABV */,
				18A8C8232B1C885C0052F0B4 /* Superjuice */,
			);
			name = Calculator;
			sourceTree = "<group>";
		};
		188E93BC2A4C1DF6001691E6 /* Books */ = {
			isa = PBXGroup;
			children = (
				188E93BF2A4C1E0E001691E6 /* BookRowView.swift */,
				188E93CB2A4C260E001691E6 /* BookDetailView.swift */,
			);
			name = Books;
			sourceTree = "<group>";
		};
		189EEA1F2ABBA59900D67806 /* SettingsSections */ = {
			isa = PBXGroup;
			children = (
				18AA31562B815A3500072180 /* IconsSection */,
				18AF16372ABB60B7006BBB89 /* SettingsPreferenceView.swift */,
				18AF16392ABB6128006BBB89 /* SettingsContactsView.swift */,
				18AF163B2ABB6216006BBB89 /* SettingsInfoView.swift */,
			);
			path = SettingsSections;
			sourceTree = "<group>";
		};
		18A8C8222B1C884C0052F0B4 /* ABV */ = {
			isa = PBXGroup;
			children = (
				18A8C8202B1C866E0052F0B4 /* ABVRowView.swift */,
				183E47E32B17548F0095A6E4 /* ABVCalculator.swift */,
			);
			path = ABV;
			sourceTree = "<group>";
		};
		18A8C8232B1C885C0052F0B4 /* Superjuice */ = {
			isa = PBXGroup;
			children = (
				1879DD672AD5ED68005E2900 /* SuperjuiceRowView.swift */,
				18883A852ACC71F400FC78C7 /* SuperJuiceView.swift */,
			);
			path = Superjuice;
			sourceTree = "<group>";
		};
		18AA31562B815A3500072180 /* IconsSection */ = {
			isa = PBXGroup;
			children = (
				18B3077D2B778AB200CB94AB /* IconsView.swift */,
				18AA31572B815A6000072180 /* IconImage.swift */,
			);
			path = IconsSection;
			sourceTree = "<group>";
		};
		18B3077A2B77843200CB94AB /* Buttons */ = {
			isa = PBXGroup;
			children = (
				180640172B5C88F30057F470 /* FavoriteCocktailButtonView.swift */,
				18B307782B7771C300CB94AB /* FavoriteProductButtonView.swift */,
				18F49E8A2A286D2A00862CE3 /* DrinkoButtonView.swift */,
			);
			path = Buttons;
			sourceTree = "<group>";
		};
		18B449CD2A8764C300F52B1B /* Supporting Views */ = {
			isa = PBXGroup;
			children = (
				182E43362A2B1221001675FD /* CreditsCardView.swift */,
				188463372B47354400088CA1 /* Cocktail */,
				18B3077A2B77843200CB94AB /* Buttons */,
				1825223F2AB9B4AE0064D87D /* SplashScreenView.swift */,
			);
			path = "Supporting Views";
			sourceTree = "<group>";
		};
		18B449CE2A87655000F52B1B /* Models */ = {
			isa = PBXGroup;
			children = (
				18413B0F2A8D3EAC001BB0CB /* Learn */,
				18F49EB92A286D2E00862CE3 /* Cocktail.swift */,
				182713832B655FE1000D3343 /* Cabinet */,
				182713892B656F28000D3343 /* Previewer.swift */,
				18AA31592B815AA200072180 /* IconModel.swift */,
			);
			path = Models;
			sourceTree = "<group>";
		};
		18F49E572A27B28D00862CE3 = {
			isa = PBXGroup;
			children = (
				18F49E622A27B28D00862CE3 /* DrinkoPro */,
				18F49E612A27B28D00862CE3 /* Products */,
				183723C82A909AB700DBCD5D /* Frameworks */,
			);
			sourceTree = "<group>";
		};
		18F49E612A27B28D00862CE3 /* Products */ = {
			isa = PBXGroup;
			children = (
				18F49E602A27B28D00862CE3 /* DrinkoPro.app */,
			);
			name = Products;
			sourceTree = "<group>";
		};
		18F49E622A27B28D00862CE3 /* DrinkoPro */ = {
			isa = PBXGroup;
			children = (
				183AE95E2A94AB4500AC156F /* DrinkoPro.entitlements */,
				18F49E632A27B28D00862CE3 /* DrinkoProApp.swift */,
				18F49E712A286CDD00862CE3 /* HomeView.swift */,
				18B449CE2A87655000F52B1B /* Models */,
				18F49EA32A286D2E00862CE3 /* Views */,
				18F49E7B2A286D2A00862CE3 /* Utilities */,
				18F49E792A286D1900862CE3 /* Assets.xcassets */,
				18F49E772A286D0D00862CE3 /* Colors.xcassets */,
				185672E42A2C71820001813D /* Info.plist */,
				182713842B656449000D3343 /* Configuration.storekit */,
				18F49E692A27B28F00862CE3 /* Preview Content */,
			);
			path = DrinkoPro;
			sourceTree = "<group>";
		};
		18F49E692A27B28F00862CE3 /* Preview Content */ = {
			isa = PBXGroup;
			children = (
				18F49E6A2A27B28F00862CE3 /* Preview Assets.xcassets */,
			);
			path = "Preview Content";
			sourceTree = "<group>";
		};
		18F49E7B2A286D2A00862CE3 /* Utilities */ = {
			isa = PBXGroup;
			children = (
				180EC70B2BD3CB040092AD02 /* Samples */,
				18F49E842A286D2A00862CE3 /* Extensions */,
				18F49E8B2A286D2A00862CE3 /* Localizables */,
			);
			path = Utilities;
			sourceTree = "<group>";
		};
		18F49E842A286D2A00862CE3 /* Extensions */ = {
			isa = PBXGroup;
			children = (
				18F49E862A286D2A00862CE3 /* Bundle-Decodable.swift */,
				18F49E7C2A286D2A00862CE3 /* Favorites.swift */,
				182B40332AE90EB30007A03F /* ImageFailedToLoad.swift */,
				18F49E872A286D2A00862CE3 /* GlobalConstant.swift */,
				188E93E42A4C9D57001691E6 /* String-Ext.swift */,
				184F25022B54925F000A06D0 /* SwipeToActionTips.swift */,
				182713932B685829000D3343 /* FavoriteProducts.swift */,
			);
			path = Extensions;
			sourceTree = "<group>";
		};
		18F49E8B2A286D2A00862CE3 /* Localizables */ = {
			isa = PBXGroup;
			children = (
				1869B14F2AD683F900AC2AD2 /* Localizable.xcstrings */,
				18F586432B4634B300BD460B /* Learn */,
				18F5861C2B46332E00BD460B /* Cocktail */,
			);
			path = Localizables;
			sourceTree = "<group>";
		};
		18F49EA32A286D2E00862CE3 /* Views */ = {
			isa = PBXGroup;
			children = (
				18F49EA82A286D2E00862CE3 /* Learn */,
				18F49EB52A286D2E00862CE3 /* Cocktails */,
				182713862B65656C000D3343 /* Cabinet */,
				18F49EA42A286D2E00862CE3 /* Settings */,
				18B449CD2A8764C300F52B1B /* Supporting Views */,
			);
			path = Views;
			sourceTree = "<group>";
		};
		18F49EA42A286D2E00862CE3 /* Settings */ = {
			isa = PBXGroup;
			children = (
				18F49EA52A286D2E00862CE3 /* SettingsView.swift */,
				18F49EA62A286D2E00862CE3 /* SettingsRowView.swift */,
				189EEA1F2ABBA59900D67806 /* SettingsSections */,
				18F49EA72A286D2E00862CE3 /* ReadMeView.swift */,
			);
			path = Settings;
			sourceTree = "<group>";
		};
		18F49EA82A286D2E00862CE3 /* Learn */ = {
			isa = PBXGroup;
			children = (
				18F49EAE2A286D2E00862CE3 /* LearnView.swift */,
				18883A832ACC70C400FC78C7 /* Lessons */,
				18883A842ACC718200FC78C7 /* Calculator */,
				188E93BC2A4C1DF6001691E6 /* Books */,
			);
			path = Learn;
			sourceTree = "<group>";
		};
		18F49EB52A286D2E00862CE3 /* Cocktails */ = {
			isa = PBXGroup;
			children = (
				18F49EB72A286D2E00862CE3 /* CocktailsView.swift */,
				18F49EB62A286D2E00862CE3 /* CocktailRowView.swift */,
				18F49EBB2A286D2E00862CE3 /* CocktailDetailView.swift */,
			);
			path = Cocktails;
			sourceTree = "<group>";
		};
		18F5861C2B46332E00BD460B /* Cocktail */ = {
			isa = PBXGroup;
			children = (
				18F5860D2B46322B00BD460B /* cocktails.json */,
				18F586502B46FFA800BD460B /* shots.json */,
				18F586152B46328B00BD460B /* history.json */,
				18F5861F2B46334900BD460B /* procedure.json */,
			);
			path = Cocktail;
			sourceTree = "<group>";
		};
		18F586432B4634B300BD460B /* Learn */ = {
			isa = PBXGroup;
			children = (
				18F5862F2B4633F100BD460B /* basics.json */,
				18F586272B4633A500BD460B /* books.json */,
				18F5863F2B46348100BD460B /* spirits.json */,
				18F586372B46343400BD460B /* syrups.json */,
			);
			path = Learn;
			sourceTree = "<group>";
		};
/* End PBXGroup section */

/* Begin PBXNativeTarget section */
		18F49E5F2A27B28D00862CE3 /* DrinkoPro */ = {
			isa = PBXNativeTarget;
			buildConfigurationList = 18F49E6E2A27B28F00862CE3 /* Build configuration list for PBXNativeTarget "DrinkoPro" */;
			buildPhases = (
				18F49E5C2A27B28D00862CE3 /* Sources */,
				18F49E5D2A27B28D00862CE3 /* Frameworks */,
				18F49E5E2A27B28D00862CE3 /* Resources */,
			);
			buildRules = (
			);
			dependencies = (
			);
			name = DrinkoPro;
			packageProductDependencies = (
			);
			productName = DrinkoPro;
			productReference = 18F49E602A27B28D00862CE3 /* DrinkoPro.app */;
			productType = "com.apple.product-type.application";
		};
/* End PBXNativeTarget section */

/* Begin PBXProject section */
		18F49E582A27B28D00862CE3 /* Project object */ = {
			isa = PBXProject;
			attributes = {
				BuildIndependentTargetsInParallel = YES;
				LastSwiftUpdateCheck = 1430;
				LastUpgradeCheck = 1500;
				TargetAttributes = {
					18F49E5F2A27B28D00862CE3 = {
						CreatedOnToolsVersion = 14.3;
					};
				};
			};
			buildConfigurationList = 18F49E5B2A27B28D00862CE3 /* Build configuration list for PBXProject "DrinkoPro" */;
			compatibilityVersion = "Xcode 15.0";
			developmentRegion = en;
			hasScannedForEncodings = 0;
			knownRegions = (
				en,
				it,
				de,
				fr,
				Base,
			);
			mainGroup = 18F49E572A27B28D00862CE3;
			packageReferences = (
			);
			productRefGroup = 18F49E612A27B28D00862CE3 /* Products */;
			projectDirPath = "";
			projectRoot = "";
			targets = (
				18F49E5F2A27B28D00862CE3 /* DrinkoPro */,
			);
		};
/* End PBXProject section */

/* Begin PBXResourcesBuildPhase section */
		18F49E5E2A27B28D00862CE3 /* Resources */ = {
			isa = PBXResourcesBuildPhase;
			buildActionMask = 2147483647;
			files = (
				18F49E6B2A27B28F00862CE3 /* Preview Assets.xcassets in Resources */,
				18F586352B46343400BD460B /* syrups.json in Resources */,
				18F49E782A286D0D00862CE3 /* Colors.xcassets in Resources */,
				18F586252B4633A500BD460B /* books.json in Resources */,
				18F586132B46328B00BD460B /* history.json in Resources */,
				182713852B65646E000D3343 /* Configuration.storekit in Resources */,
				18F5864E2B46FFA800BD460B /* shots.json in Resources */,
				18F5863D2B46348100BD460B /* spirits.json in Resources */,
				1869B1502AD683F900AC2AD2 /* Localizable.xcstrings in Resources */,
				18F5862D2B4633F100BD460B /* basics.json in Resources */,
				18F49E7A2A286D1900862CE3 /* Assets.xcassets in Resources */,
				18F5860E2B46322B00BD460B /* cocktails.json in Resources */,
				18F5861D2B46334900BD460B /* procedure.json in Resources */,
			);
			runOnlyForDeploymentPostprocessing = 0;
		};
/* End PBXResourcesBuildPhase section */

/* Begin PBXSourcesBuildPhase section */
		18F49E5C2A27B28D00862CE3 /* Sources */ = {
			isa = PBXSourcesBuildPhase;
			buildActionMask = 2147483647;
			files = (
				18F49EC52A286D2E00862CE3 /* LessonDetailView.swift in Sources */,
				18F49EC82A286D2E00862CE3 /* CocktailRowView.swift in Sources */,
				188BCF412A3875D500FBEF20 /* VideoView.swift in Sources */,
				18F49EBC2A286D2E00862CE3 /* SettingsView.swift in Sources */,
				18F49ECA2A286D2E00862CE3 /* CocktailDetailSectionView.swift in Sources */,
				18F49EC32A286D2E00862CE3 /* LearnView.swift in Sources */,
				18B307742B6F99DD00CB94AB /* EditProductView.swift in Sources */,
				18AF163C2ABB6216006BBB89 /* SettingsInfoView.swift in Sources */,
				1827138C2B6576AB000D3343 /* CategoryHeaderView.swift in Sources */,
				182E43372A2B1221001675FD /* CreditsCardView.swift in Sources */,
				180640182B5C88F30057F470 /* FavoriteCocktailButtonView.swift in Sources */,
				18B307792B7771C300CB94AB /* FavoriteProductButtonView.swift in Sources */,
				18F49EBD2A286D2E00862CE3 /* SettingsRowView.swift in Sources */,
				18F586552B470E7400BD460B /* ProcedureView.swift in Sources */,
				18AF163A2ABB6128006BBB89 /* SettingsContactsView.swift in Sources */,
				18F49ECD2A286D2E00862CE3 /* CocktailDetailView.swift in Sources */,
				18F49EC92A286D2E00862CE3 /* CocktailsView.swift in Sources */,
				18F49E9C2A286D2A00862CE3 /* GlobalConstant.swift in Sources */,
				18F49ECC2A286D2E00862CE3 /* HistoryView.swift in Sources */,
				18A8C8212B1C866E0052F0B4 /* ABVRowView.swift in Sources */,
				1827138E2B658293000D3343 /* ProductRowView.swift in Sources */,
				182713802B655D78000D3343 /* Category.swift in Sources */,
				1879DD682AD5ED68005E2900 /* SuperjuiceRowView.swift in Sources */,
				182713982B685B8A000D3343 /* EditCategoryView.swift in Sources */,
				188E93E52A4C9D57001691E6 /* String-Ext.swift in Sources */,
				188E93C02A4C1E0E001691E6 /* BookRowView.swift in Sources */,
				1827138A2B656F28000D3343 /* Previewer.swift in Sources */,
				18F49EBF2A286D2E00862CE3 /* Lesson.swift in Sources */,
				182713942B685829000D3343 /* FavoriteProducts.swift in Sources */,
				182522402AB9B4AE0064D87D /* SplashScreenView.swift in Sources */,
				18AA315A2B815AA200072180 /* IconModel.swift in Sources */,
				18F49E942A286D2A00862CE3 /* Favorites.swift in Sources */,
				18AA31582B815A6000072180 /* IconImage.swift in Sources */,
				182713882B65657C000D3343 /* CabinetView.swift in Sources */,
				188E93BE2A4C1E04001691E6 /* Book.swift in Sources */,
				18B3077E2B778AB200CB94AB /* IconsView.swift in Sources */,
				18F49E642A27B28D00862CE3 /* DrinkoProApp.swift in Sources */,
				18F49EBE2A286D2E00862CE3 /* ReadMeView.swift in Sources */,
				183E47E42B17548F0095A6E4 /* ABVCalculator.swift in Sources */,
				188E93CC2A4C260E001691E6 /* BookDetailView.swift in Sources */,
				184F25032B54925F000A06D0 /* SwipeToActionTips.swift in Sources */,
				18F49ECB2A286D2E00862CE3 /* Cocktail.swift in Sources */,
				18AF16382ABB60B7006BBB89 /* SettingsPreferenceView.swift in Sources */,
				18F49E9F2A286D2A00862CE3 /* DrinkoButtonView.swift in Sources */,
				18F49E9B2A286D2A00862CE3 /* Bundle-Decodable.swift in Sources */,
				18F49E722A286CDD00862CE3 /* HomeView.swift in Sources */,
				1827137F2B655D78000D3343 /* Product.swift in Sources */,
				18F49EC42A286D2E00862CE3 /* LessonRowView.swift in Sources */,
				180EC7112BD3CB960092AD02 /* Samples+Ext.swift in Sources */,
				18883A862ACC71F400FC78C7 /* SuperJuiceView.swift in Sources */,
				182B40342AE90EB30007A03F /* ImageFailedToLoad.swift in Sources */,
			);
			runOnlyForDeploymentPostprocessing = 0;
		};
/* End PBXSourcesBuildPhase section */

/* Begin PBXVariantGroup section */
		18F586152B46328B00BD460B /* history.json */ = {
			isa = PBXVariantGroup;
			children = (
				18F586162B46329400BD460B /* en */,
				18F586172B4632A900BD460B /* fr */,
				18F586182B4632AA00BD460B /* de */,
				18F586192B4632AB00BD460B /* it */,
			);
			name = history.json;
			sourceTree = "<group>";
		};
		18F5861F2B46334900BD460B /* procedure.json */ = {
			isa = PBXVariantGroup;
			children = (
				18F5861E2B46334900BD460B /* en */,
				18F586202B46334A00BD460B /* fr */,
				18F586212B46334B00BD460B /* de */,
				18F586222B46334C00BD460B /* it */,
			);
			name = procedure.json;
			sourceTree = "<group>";
		};
		18F586272B4633A500BD460B /* books.json */ = {
			isa = PBXVariantGroup;
			children = (
				18F586262B4633A500BD460B /* en */,
				18F586282B4633A600BD460B /* fr */,
				18F586292B4633A600BD460B /* de */,
				18F5862A2B4633A700BD460B /* it */,
			);
			name = books.json;
			sourceTree = "<group>";
		};
		18F5862F2B4633F100BD460B /* basics.json */ = {
			isa = PBXVariantGroup;
			children = (
				18F5862E2B4633F100BD460B /* en */,
				18F586302B4633F200BD460B /* fr */,
				18F586312B4633F200BD460B /* de */,
				18F586322B4633F300BD460B /* it */,
			);
			name = basics.json;
			sourceTree = "<group>";
		};
		18F586372B46343400BD460B /* syrups.json */ = {
			isa = PBXVariantGroup;
			children = (
				18F586362B46343400BD460B /* en */,
				18F586382B46343600BD460B /* fr */,
				18F586392B46343600BD460B /* de */,
				18F5863A2B46343700BD460B /* it */,
			);
			name = syrups.json;
			sourceTree = "<group>";
		};
		18F5863F2B46348100BD460B /* spirits.json */ = {
			isa = PBXVariantGroup;
			children = (
				18F5863E2B46348100BD460B /* en */,
				18F586402B46348200BD460B /* it */,
				18F586412B46348200BD460B /* de */,
				18F586422B46348300BD460B /* fr */,
			);
			name = spirits.json;
			sourceTree = "<group>";
		};
		18F586502B46FFA800BD460B /* shots.json */ = {
			isa = PBXVariantGroup;
			children = (
				18F5864F2B46FFA800BD460B /* en */,
				18F586512B46FFAB00BD460B /* fr */,
				18F586522B46FFAC00BD460B /* de */,
				18F586532B46FFAD00BD460B /* it */,
			);
			name = shots.json;
			sourceTree = "<group>";
		};
/* End PBXVariantGroup section */

/* Begin XCBuildConfiguration section */
		18F49E6C2A27B28F00862CE3 /* Debug */ = {
			isa = XCBuildConfiguration;
			buildSettings = {
				ALWAYS_SEARCH_USER_PATHS = NO;
				ASSETCATALOG_COMPILER_GENERATE_SWIFT_ASSET_SYMBOL_EXTENSIONS = YES;
				CLANG_ANALYZER_LOCALIZABILITY_NONLOCALIZED = YES;
				CLANG_ANALYZER_NONNULL = YES;
				CLANG_ANALYZER_NUMBER_OBJECT_CONVERSION = YES_AGGRESSIVE;
				CLANG_CXX_LANGUAGE_STANDARD = "gnu++20";
				CLANG_ENABLE_MODULES = YES;
				CLANG_ENABLE_OBJC_ARC = YES;
				CLANG_ENABLE_OBJC_WEAK = YES;
				CLANG_WARN_BLOCK_CAPTURE_AUTORELEASING = YES;
				CLANG_WARN_BOOL_CONVERSION = YES;
				CLANG_WARN_COMMA = YES;
				CLANG_WARN_CONSTANT_CONVERSION = YES;
				CLANG_WARN_DEPRECATED_OBJC_IMPLEMENTATIONS = YES;
				CLANG_WARN_DIRECT_OBJC_ISA_USAGE = YES_ERROR;
				CLANG_WARN_DOCUMENTATION_COMMENTS = YES;
				CLANG_WARN_EMPTY_BODY = YES;
				CLANG_WARN_ENUM_CONVERSION = YES;
				CLANG_WARN_INFINITE_RECURSION = YES;
				CLANG_WARN_INT_CONVERSION = YES;
				CLANG_WARN_NON_LITERAL_NULL_CONVERSION = YES;
				CLANG_WARN_OBJC_IMPLICIT_RETAIN_SELF = YES;
				CLANG_WARN_OBJC_LITERAL_CONVERSION = YES;
				CLANG_WARN_OBJC_ROOT_CLASS = YES_ERROR;
				CLANG_WARN_QUOTED_INCLUDE_IN_FRAMEWORK_HEADER = YES;
				CLANG_WARN_RANGE_LOOP_ANALYSIS = YES;
				CLANG_WARN_STRICT_PROTOTYPES = YES;
				CLANG_WARN_SUSPICIOUS_MOVE = YES;
				CLANG_WARN_UNGUARDED_AVAILABILITY = YES_AGGRESSIVE;
				CLANG_WARN_UNREACHABLE_CODE = YES;
				CLANG_WARN__DUPLICATE_METHOD_MATCH = YES;
				COPY_PHASE_STRIP = NO;
				DEBUG_INFORMATION_FORMAT = dwarf;
				ENABLE_STRICT_OBJC_MSGSEND = YES;
				ENABLE_TESTABILITY = YES;
				ENABLE_USER_SCRIPT_SANDBOXING = YES;
				GCC_C_LANGUAGE_STANDARD = gnu11;
				GCC_DYNAMIC_NO_PIC = NO;
				GCC_NO_COMMON_BLOCKS = YES;
				GCC_OPTIMIZATION_LEVEL = 0;
				GCC_PREPROCESSOR_DEFINITIONS = (
					"DEBUG=1",
					"$(inherited)",
				);
				GCC_WARN_64_TO_32_BIT_CONVERSION = YES;
				GCC_WARN_ABOUT_RETURN_TYPE = YES_ERROR;
				GCC_WARN_UNDECLARED_SELECTOR = YES;
				GCC_WARN_UNINITIALIZED_AUTOS = YES_AGGRESSIVE;
				GCC_WARN_UNUSED_FUNCTION = YES;
				GCC_WARN_UNUSED_VARIABLE = YES;
				IPHONEOS_DEPLOYMENT_TARGET = 17.0;
				LOCALIZATION_PREFERS_STRING_CATALOGS = YES;
				MTL_ENABLE_DEBUG_INFO = INCLUDE_SOURCE;
				MTL_FAST_MATH = YES;
				ONLY_ACTIVE_ARCH = YES;
				SDKROOT = iphoneos;
				SWIFT_ACTIVE_COMPILATION_CONDITIONS = DEBUG;
				SWIFT_OPTIMIZATION_LEVEL = "-Onone";
			};
			name = Debug;
		};
		18F49E6D2A27B28F00862CE3 /* Release */ = {
			isa = XCBuildConfiguration;
			buildSettings = {
				ALWAYS_SEARCH_USER_PATHS = NO;
				ASSETCATALOG_COMPILER_GENERATE_SWIFT_ASSET_SYMBOL_EXTENSIONS = YES;
				CLANG_ANALYZER_LOCALIZABILITY_NONLOCALIZED = YES;
				CLANG_ANALYZER_NONNULL = YES;
				CLANG_ANALYZER_NUMBER_OBJECT_CONVERSION = YES_AGGRESSIVE;
				CLANG_CXX_LANGUAGE_STANDARD = "gnu++20";
				CLANG_ENABLE_MODULES = YES;
				CLANG_ENABLE_OBJC_ARC = YES;
				CLANG_ENABLE_OBJC_WEAK = YES;
				CLANG_WARN_BLOCK_CAPTURE_AUTORELEASING = YES;
				CLANG_WARN_BOOL_CONVERSION = YES;
				CLANG_WARN_COMMA = YES;
				CLANG_WARN_CONSTANT_CONVERSION = YES;
				CLANG_WARN_DEPRECATED_OBJC_IMPLEMENTATIONS = YES;
				CLANG_WARN_DIRECT_OBJC_ISA_USAGE = YES_ERROR;
				CLANG_WARN_DOCUMENTATION_COMMENTS = YES;
				CLANG_WARN_EMPTY_BODY = YES;
				CLANG_WARN_ENUM_CONVERSION = YES;
				CLANG_WARN_INFINITE_RECURSION = YES;
				CLANG_WARN_INT_CONVERSION = YES;
				CLANG_WARN_NON_LITERAL_NULL_CONVERSION = YES;
				CLANG_WARN_OBJC_IMPLICIT_RETAIN_SELF = YES;
				CLANG_WARN_OBJC_LITERAL_CONVERSION = YES;
				CLANG_WARN_OBJC_ROOT_CLASS = YES_ERROR;
				CLANG_WARN_QUOTED_INCLUDE_IN_FRAMEWORK_HEADER = YES;
				CLANG_WARN_RANGE_LOOP_ANALYSIS = YES;
				CLANG_WARN_STRICT_PROTOTYPES = YES;
				CLANG_WARN_SUSPICIOUS_MOVE = YES;
				CLANG_WARN_UNGUARDED_AVAILABILITY = YES_AGGRESSIVE;
				CLANG_WARN_UNREACHABLE_CODE = YES;
				CLANG_WARN__DUPLICATE_METHOD_MATCH = YES;
				COPY_PHASE_STRIP = NO;
				DEBUG_INFORMATION_FORMAT = "dwarf-with-dsym";
				ENABLE_NS_ASSERTIONS = NO;
				ENABLE_STRICT_OBJC_MSGSEND = YES;
				ENABLE_USER_SCRIPT_SANDBOXING = YES;
				GCC_C_LANGUAGE_STANDARD = gnu11;
				GCC_NO_COMMON_BLOCKS = YES;
				GCC_WARN_64_TO_32_BIT_CONVERSION = YES;
				GCC_WARN_ABOUT_RETURN_TYPE = YES_ERROR;
				GCC_WARN_UNDECLARED_SELECTOR = YES;
				GCC_WARN_UNINITIALIZED_AUTOS = YES_AGGRESSIVE;
				GCC_WARN_UNUSED_FUNCTION = YES;
				GCC_WARN_UNUSED_VARIABLE = YES;
				IPHONEOS_DEPLOYMENT_TARGET = 17.0;
				LOCALIZATION_PREFERS_STRING_CATALOGS = YES;
				MTL_ENABLE_DEBUG_INFO = NO;
				MTL_FAST_MATH = YES;
				SDKROOT = iphoneos;
				SWIFT_COMPILATION_MODE = wholemodule;
				SWIFT_OPTIMIZATION_LEVEL = "-O";
				VALIDATE_PRODUCT = YES;
			};
			name = Release;
		};
		18F49E6F2A27B28F00862CE3 /* Debug */ = {
			isa = XCBuildConfiguration;
			buildSettings = {
				ASSETCATALOG_COMPILER_APPICON_NAME = "original-test";
				ASSETCATALOG_COMPILER_GLOBAL_ACCENT_COLOR_NAME = AccentColor;
				ASSETCATALOG_COMPILER_INCLUDE_ALL_APPICON_ASSETS = YES;
				CODE_SIGN_ENTITLEMENTS = DrinkoPro/DrinkoPro.entitlements;
				CODE_SIGN_STYLE = Automatic;
				CREATE_INFOPLIST_SECTION_IN_BINARY = NO;
				CURRENT_PROJECT_VERSION = 1;
				DEVELOPMENT_ASSET_PATHS = "\"DrinkoPro/Preview Content\"";
				DEVELOPMENT_TEAM = 3K3GFX53DY;
				ENABLE_PREVIEWS = YES;
				GENERATE_INFOPLIST_FILE = YES;
				INFOPLIST_FILE = DrinkoPro/Info.plist;
				INFOPLIST_KEY_CFBundleDisplayName = Drinko.;
				INFOPLIST_KEY_LSApplicationCategoryType = "public.app-category.food-and-drink";
				INFOPLIST_KEY_UIApplicationSceneManifest_Generation = YES;
				INFOPLIST_KEY_UIApplicationSupportsIndirectInputEvents = YES;
				INFOPLIST_KEY_UIRequiresFullScreen = YES;
				INFOPLIST_KEY_UISupportedInterfaceOrientations = UIInterfaceOrientationPortrait;
				IPHONEOS_DEPLOYMENT_TARGET = 17.0;
				LD_RUNPATH_SEARCH_PATHS = (
					"$(inherited)",
					"@executable_path/Frameworks",
				);
				MARKETING_VERSION = 1.2.8;
				PRODUCT_BUNDLE_IDENTIFIER = me.cilia.filippo.DrinkoPro;
				PRODUCT_NAME = "$(TARGET_NAME)";
				SUPPORTED_PLATFORMS = "iphoneos iphonesimulator";
				SUPPORTS_MACCATALYST = NO;
				SUPPORTS_MAC_DESIGNED_FOR_IPHONE_IPAD = NO;
				SWIFT_EMIT_LOC_STRINGS = YES;
				SWIFT_VERSION = 5.0;
				TARGETED_DEVICE_FAMILY = "1,2";
			};
			name = Debug;
		};
		18F49E702A27B28F00862CE3 /* Release */ = {
			isa = XCBuildConfiguration;
			buildSettings = {
				ASSETCATALOG_COMPILER_APPICON_NAME = original;
				ASSETCATALOG_COMPILER_GLOBAL_ACCENT_COLOR_NAME = AccentColor;
				ASSETCATALOG_COMPILER_INCLUDE_ALL_APPICON_ASSETS = YES;
				CODE_SIGN_ENTITLEMENTS = DrinkoPro/DrinkoPro.entitlements;
				CODE_SIGN_STYLE = Automatic;
				CREATE_INFOPLIST_SECTION_IN_BINARY = NO;
				CURRENT_PROJECT_VERSION = 1;
				DEVELOPMENT_ASSET_PATHS = "\"DrinkoPro/Preview Content\"";
				DEVELOPMENT_TEAM = 3K3GFX53DY;
				ENABLE_PREVIEWS = YES;
				GENERATE_INFOPLIST_FILE = YES;
				INFOPLIST_FILE = DrinkoPro/Info.plist;
				INFOPLIST_KEY_CFBundleDisplayName = Drinko.;
				INFOPLIST_KEY_LSApplicationCategoryType = "public.app-category.food-and-drink";
				INFOPLIST_KEY_UIApplicationSceneManifest_Generation = YES;
				INFOPLIST_KEY_UIApplicationSupportsIndirectInputEvents = YES;
				INFOPLIST_KEY_UIRequiresFullScreen = YES;
				INFOPLIST_KEY_UISupportedInterfaceOrientations = UIInterfaceOrientationPortrait;
				IPHONEOS_DEPLOYMENT_TARGET = 17.0;
				LD_RUNPATH_SEARCH_PATHS = (
					"$(inherited)",
					"@executable_path/Frameworks",
				);
				MARKETING_VERSION = 1.2.8;
				PRODUCT_BUNDLE_IDENTIFIER = me.cilia.filippo.DrinkoPro;
				PRODUCT_NAME = "$(TARGET_NAME)";
				SUPPORTED_PLATFORMS = "iphoneos iphonesimulator";
				SUPPORTS_MACCATALYST = NO;
				SUPPORTS_MAC_DESIGNED_FOR_IPHONE_IPAD = NO;
				SWIFT_EMIT_LOC_STRINGS = YES;
				SWIFT_VERSION = 5.0;
				TARGETED_DEVICE_FAMILY = "1,2";
			};
			name = Release;
		};
/* End XCBuildConfiguration section */

/* Begin XCConfigurationList section */
		18F49E5B2A27B28D00862CE3 /* Build configuration list for PBXProject "DrinkoPro" */ = {
			isa = XCConfigurationList;
			buildConfigurations = (
				18F49E6C2A27B28F00862CE3 /* Debug */,
				18F49E6D2A27B28F00862CE3 /* Release */,
			);
			defaultConfigurationIsVisible = 0;
			defaultConfigurationName = Release;
		};
		18F49E6E2A27B28F00862CE3 /* Build configuration list for PBXNativeTarget "DrinkoPro" */ = {
			isa = XCConfigurationList;
			buildConfigurations = (
				18F49E6F2A27B28F00862CE3 /* Debug */,
				18F49E702A27B28F00862CE3 /* Release */,
			);
			defaultConfigurationIsVisible = 0;
			defaultConfigurationName = Release;
		};
/* End XCConfigurationList section */
	};
	rootObject = 18F49E582A27B28D00862CE3 /* Project object */;
}
