// !$*UTF8*$!
{
	archiveVersion = 1;
	classes = {
	};
	objectVersion = 56;
	objects = {

/* Begin PBXBuildFile section */
		180E3E722A9642D10005381F /* CabinetView.swift in Sources */ = {isa = PBXBuildFile; fileRef = 180E3E712A9642D10005381F /* CabinetView.swift */; };
		180E3E742A96444F0005381F /* FamilyHeaderView.swift in Sources */ = {isa = PBXBuildFile; fileRef = 180E3E732A96444F0005381F /* FamilyHeaderView.swift */; };
		180E3E762A9645EF0005381F /* EditFamilyView.swift in Sources */ = {isa = PBXBuildFile; fileRef = 180E3E752A9645EF0005381F /* EditFamilyView.swift */; };
		181411202A9733B4004FE3DC /* Localizable.strings in Resources */ = {isa = PBXBuildFile; fileRef = 1814111E2A9733B4004FE3DC /* Localizable.strings */; };
		182E43372A2B1221001675FD /* CreditsCardView.swift in Sources */ = {isa = PBXBuildFile; fileRef = 182E43362A2B1221001675FD /* CreditsCardView.swift */; };
		183723C72A909A2100DBCD5D /* StorageFile.swift in Sources */ = {isa = PBXBuildFile; fileRef = 183723C62A909A2100DBCD5D /* StorageFile.swift */; };
		183723CA2A909AB700DBCD5D /* FirebaseStorage in Frameworks */ = {isa = PBXBuildFile; productRef = 183723C92A909AB700DBCD5D /* FirebaseStorage */; };
		183723CC2A909AFC00DBCD5D /* ImagePickerButton.swift in Sources */ = {isa = PBXBuildFile; fileRef = 183723CB2A909AFC00DBCD5D /* ImagePickerButton.swift */; };
		183AE95B2A94AAC000AC156F /* CloudKit.framework in Frameworks */ = {isa = PBXBuildFile; fileRef = 183AE95A2A94AAC000AC156F /* CloudKit.framework */; };
		183AE95D2A94AACC00AC156F /* StoreKit.framework in Frameworks */ = {isa = PBXBuildFile; fileRef = 183AE95C2A94AACB00AC156F /* StoreKit.framework */; };
		183AE9682A94B02700AC156F /* ItemRowViewModel.swift in Sources */ = {isa = PBXBuildFile; fileRef = 183AE9602A94B02700AC156F /* ItemRowViewModel.swift */; };
		183AE9692A94B02700AC156F /* ItemDetailView.swift in Sources */ = {isa = PBXBuildFile; fileRef = 183AE9612A94B02700AC156F /* ItemDetailView.swift */; };
		183AE96A2A94B02700AC156F /* EditItemView.swift in Sources */ = {isa = PBXBuildFile; fileRef = 183AE9622A94B02700AC156F /* EditItemView.swift */; };
		183AE96B2A94B02700AC156F /* ItemRowView.swift in Sources */ = {isa = PBXBuildFile; fileRef = 183AE9632A94B02700AC156F /* ItemRowView.swift */; };
		183AE96F2A94B02700AC156F /* CabinetViewModel.swift in Sources */ = {isa = PBXBuildFile; fileRef = 183AE9672A94B02700AC156F /* CabinetViewModel.swift */; };
		183AE9732A94B0CF00AC156F /* Binding-OnChange.swift in Sources */ = {isa = PBXBuildFile; fileRef = 183AE9722A94B0CF00AC156F /* Binding-OnChange.swift */; };
		183AE9752A94B10B00AC156F /* Sequence-Sorting.swift in Sources */ = {isa = PBXBuildFile; fileRef = 183AE9742A94B10B00AC156F /* Sequence-Sorting.swift */; };
		183AE97C2A94B13200AC156F /* DataController.swift in Sources */ = {isa = PBXBuildFile; fileRef = 183AE9772A94B13200AC156F /* DataController.swift */; };
		183AE97D2A94B13200AC156F /* Main.xcdatamodeld in Sources */ = {isa = PBXBuildFile; fileRef = 183AE9782A94B13200AC156F /* Main.xcdatamodeld */; };
		183AE97E2A94B13200AC156F /* Item-CDHelpers.swift in Sources */ = {isa = PBXBuildFile; fileRef = 183AE97A2A94B13200AC156F /* Item-CDHelpers.swift */; };
		183AE97F2A94B13200AC156F /* Family-CDHelpers.swift in Sources */ = {isa = PBXBuildFile; fileRef = 183AE97B2A94B13200AC156F /* Family-CDHelpers.swift */; };
		183AE9862A94B19E00AC156F /* SKProduct-LocalizedPrice.swift in Sources */ = {isa = PBXBuildFile; fileRef = 183AE9812A94B19E00AC156F /* SKProduct-LocalizedPrice.swift */; };
		183AE9872A94B19E00AC156F /* UnlockManager.swift in Sources */ = {isa = PBXBuildFile; fileRef = 183AE9822A94B19E00AC156F /* UnlockManager.swift */; };
		183AE9882A94B19E00AC156F /* ProductView.swift in Sources */ = {isa = PBXBuildFile; fileRef = 183AE9832A94B19E00AC156F /* ProductView.swift */; };
		183AE9892A94B19E00AC156F /* PurchaseButton.swift in Sources */ = {isa = PBXBuildFile; fileRef = 183AE9842A94B19E00AC156F /* PurchaseButton.swift */; };
		183AE98A2A94B19E00AC156F /* UnlockView.swift in Sources */ = {isa = PBXBuildFile; fileRef = 183AE9852A94B19E00AC156F /* UnlockView.swift */; };
		183AE98C2A94B26B00AC156F /* Configuration.storekit in Resources */ = {isa = PBXBuildFile; fileRef = 183AE98B2A94B26B00AC156F /* Configuration.storekit */; };
		18413B122A8D3EC1001BB0CB /* User.swift in Sources */ = {isa = PBXBuildFile; fileRef = 18413B112A8D3EC1001BB0CB /* User.swift */; };
		18413B142A8D40C7001BB0CB /* ViewModelFactory.swift in Sources */ = {isa = PBXBuildFile; fileRef = 18413B132A8D40C7001BB0CB /* ViewModelFactory.swift */; };
		185614A02A92A4AA002051ED /* ProfileViewModel.swift in Sources */ = {isa = PBXBuildFile; fileRef = 1856149F2A92A4AA002051ED /* ProfileViewModel.swift */; };
		185614A22A92A6F9002051ED /* ErrorHandler.swift in Sources */ = {isa = PBXBuildFile; fileRef = 185614A12A92A6F9002051ED /* ErrorHandler.swift */; };
		18736EF82A92A98A00D1EF5E /* ProfileView.swift in Sources */ = {isa = PBXBuildFile; fileRef = 18736EF72A92A98A00D1EF5E /* ProfileView.swift */; };
		18736EFA2A92AA6A00D1EF5E /* ProfileImage.swift in Sources */ = {isa = PBXBuildFile; fileRef = 18736EF92A92AA6A00D1EF5E /* ProfileImage.swift */; };
		188BCF412A3875D500FBEF20 /* VideoView.swift in Sources */ = {isa = PBXBuildFile; fileRef = 188BCF402A3875D500FBEF20 /* VideoView.swift */; };
		188E93BE2A4C1E04001691E6 /* Book.swift in Sources */ = {isa = PBXBuildFile; fileRef = 188E93BD2A4C1E04001691E6 /* Book.swift */; };
		188E93C02A4C1E0E001691E6 /* BookRowView.swift in Sources */ = {isa = PBXBuildFile; fileRef = 188E93BF2A4C1E0E001691E6 /* BookRowView.swift */; };
		188E93C72A4C1F03001691E6 /* spirits.json in Resources */ = {isa = PBXBuildFile; fileRef = 188E93C92A4C1F03001691E6 /* spirits.json */; };
		188E93CC2A4C260E001691E6 /* BookDetailView.swift in Sources */ = {isa = PBXBuildFile; fileRef = 188E93CB2A4C260E001691E6 /* BookDetailView.swift */; };
		188E93CD2A4C29FA001691E6 /* books.json in Resources */ = {isa = PBXBuildFile; fileRef = 188E93CF2A4C29FA001691E6 /* books.json */; };
		188E93E52A4C9D57001691E6 /* String-Ext.swift in Sources */ = {isa = PBXBuildFile; fileRef = 188E93E42A4C9D57001691E6 /* String-Ext.swift */; };
		18B449BE2A87645200F52B1B /* FirebaseAnalytics in Frameworks */ = {isa = PBXBuildFile; productRef = 18B449BD2A87645200F52B1B /* FirebaseAnalytics */; };
		18B449C02A87645200F52B1B /* FirebaseAnalyticsSwift in Frameworks */ = {isa = PBXBuildFile; productRef = 18B449BF2A87645200F52B1B /* FirebaseAnalyticsSwift */; };
		18B449C22A87645200F52B1B /* FirebaseAuth in Frameworks */ = {isa = PBXBuildFile; productRef = 18B449C12A87645200F52B1B /* FirebaseAuth */; };
		18B449C42A87645200F52B1B /* FirebaseDatabase in Frameworks */ = {isa = PBXBuildFile; productRef = 18B449C32A87645200F52B1B /* FirebaseDatabase */; };
		18B449C62A87645200F52B1B /* FirebaseDatabaseSwift in Frameworks */ = {isa = PBXBuildFile; productRef = 18B449C52A87645200F52B1B /* FirebaseDatabaseSwift */; };
		18B449C82A87645200F52B1B /* FirebaseFirestore in Frameworks */ = {isa = PBXBuildFile; productRef = 18B449C72A87645200F52B1B /* FirebaseFirestore */; };
		18B449CA2A87645200F52B1B /* FirebaseFirestoreSwift in Frameworks */ = {isa = PBXBuildFile; productRef = 18B449C92A87645200F52B1B /* FirebaseFirestoreSwift */; };
		18B449CC2A87647000F52B1B /* GoogleService-Info.plist in Resources */ = {isa = PBXBuildFile; fileRef = 18B449CB2A87647000F52B1B /* GoogleService-Info.plist */; };
		18B449D02A87655F00F52B1B /* Post.swift in Sources */ = {isa = PBXBuildFile; fileRef = 18B449CF2A87655F00F52B1B /* Post.swift */; };
		18B449D32A8765D800F52B1B /* PostsList.swift in Sources */ = {isa = PBXBuildFile; fileRef = 18B449D22A8765D800F52B1B /* PostsList.swift */; };
		18B449D52A87667B00F52B1B /* PostRow.swift in Sources */ = {isa = PBXBuildFile; fileRef = 18B449D42A87667B00F52B1B /* PostRow.swift */; };
		18B449D72A8A016C00F52B1B /* NewPostForm.swift in Sources */ = {isa = PBXBuildFile; fileRef = 18B449D62A8A016C00F52B1B /* NewPostForm.swift */; };
		18B449DA2A8A047100F52B1B /* PostsViewModel.swift in Sources */ = {isa = PBXBuildFile; fileRef = 18B449D92A8A047100F52B1B /* PostsViewModel.swift */; };
		18B449DD2A8A059F00F52B1B /* PostsRepository.swift in Sources */ = {isa = PBXBuildFile; fileRef = 18B449DC2A8A059F00F52B1B /* PostsRepository.swift */; };
		18B449DF2A8B541400F52B1B /* EmptyListView.swift in Sources */ = {isa = PBXBuildFile; fileRef = 18B449DE2A8B541400F52B1B /* EmptyListView.swift */; };
		18B449E12A8B543F00F52B1B /* Loadable.swift in Sources */ = {isa = PBXBuildFile; fileRef = 18B449E02A8B543F00F52B1B /* Loadable.swift */; };
		18F49E642A27B28D00862CE3 /* DrinkoProApp.swift in Sources */ = {isa = PBXBuildFile; fileRef = 18F49E632A27B28D00862CE3 /* DrinkoProApp.swift */; };
		18F49E6B2A27B28F00862CE3 /* Preview Assets.xcassets in Resources */ = {isa = PBXBuildFile; fileRef = 18F49E6A2A27B28F00862CE3 /* Preview Assets.xcassets */; };
		18F49E722A286CDD00862CE3 /* HomeView.swift in Sources */ = {isa = PBXBuildFile; fileRef = 18F49E712A286CDD00862CE3 /* HomeView.swift */; };
		18F49E782A286D0D00862CE3 /* Colors.xcassets in Resources */ = {isa = PBXBuildFile; fileRef = 18F49E772A286D0D00862CE3 /* Colors.xcassets */; };
		18F49E7A2A286D1900862CE3 /* Assets.xcassets in Resources */ = {isa = PBXBuildFile; fileRef = 18F49E792A286D1900862CE3 /* Assets.xcassets */; };
		18F49E942A286D2A00862CE3 /* Favorites.swift in Sources */ = {isa = PBXBuildFile; fileRef = 18F49E7C2A286D2A00862CE3 /* Favorites.swift */; };
		18F49E952A286D2A00862CE3 /* SplashScreenView.swift in Sources */ = {isa = PBXBuildFile; fileRef = 18F49E7D2A286D2A00862CE3 /* SplashScreenView.swift */; };
		18F49E9B2A286D2A00862CE3 /* Bundle-Decodable.swift in Sources */ = {isa = PBXBuildFile; fileRef = 18F49E862A286D2A00862CE3 /* Bundle-Decodable.swift */; };
		18F49E9C2A286D2A00862CE3 /* Margins.swift in Sources */ = {isa = PBXBuildFile; fileRef = 18F49E872A286D2A00862CE3 /* Margins.swift */; };
		18F49E9E2A286D2A00862CE3 /* Color-Ext.swift in Sources */ = {isa = PBXBuildFile; fileRef = 18F49E892A286D2A00862CE3 /* Color-Ext.swift */; };
		18F49E9F2A286D2A00862CE3 /* DrinkoButtonView.swift in Sources */ = {isa = PBXBuildFile; fileRef = 18F49E8A2A286D2A00862CE3 /* DrinkoButtonView.swift */; };
		18F49EA02A286D2A00862CE3 /* lessons.json in Resources */ = {isa = PBXBuildFile; fileRef = 18F49E8C2A286D2A00862CE3 /* lessons.json */; };
		18F49EA12A286D2A00862CE3 /* cocktails.json in Resources */ = {isa = PBXBuildFile; fileRef = 18F49E8E2A286D2A00862CE3 /* cocktails.json */; };
		18F49EBC2A286D2E00862CE3 /* SettingsView.swift in Sources */ = {isa = PBXBuildFile; fileRef = 18F49EA52A286D2E00862CE3 /* SettingsView.swift */; };
		18F49EBD2A286D2E00862CE3 /* SettingsRowView.swift in Sources */ = {isa = PBXBuildFile; fileRef = 18F49EA62A286D2E00862CE3 /* SettingsRowView.swift */; };
		18F49EBE2A286D2E00862CE3 /* ReadMeView.swift in Sources */ = {isa = PBXBuildFile; fileRef = 18F49EA72A286D2E00862CE3 /* ReadMeView.swift */; };
		18F49EBF2A286D2E00862CE3 /* Lesson.swift in Sources */ = {isa = PBXBuildFile; fileRef = 18F49EA92A286D2E00862CE3 /* Lesson.swift */; };
		18F49EC02A286D2E00862CE3 /* SpiritDetailView.swift in Sources */ = {isa = PBXBuildFile; fileRef = 18F49EAB2A286D2E00862CE3 /* SpiritDetailView.swift */; };
		18F49EC12A286D2E00862CE3 /* Spirit.swift in Sources */ = {isa = PBXBuildFile; fileRef = 18F49EAC2A286D2E00862CE3 /* Spirit.swift */; };
		18F49EC22A286D2E00862CE3 /* SpiritRowView.swift in Sources */ = {isa = PBXBuildFile; fileRef = 18F49EAD2A286D2E00862CE3 /* SpiritRowView.swift */; };
		18F49EC32A286D2E00862CE3 /* LearnView.swift in Sources */ = {isa = PBXBuildFile; fileRef = 18F49EAE2A286D2E00862CE3 /* LearnView.swift */; };
		18F49EC42A286D2E00862CE3 /* LearnRowView.swift in Sources */ = {isa = PBXBuildFile; fileRef = 18F49EAF2A286D2E00862CE3 /* LearnRowView.swift */; };
		18F49EC52A286D2E00862CE3 /* LearnDetailView.swift in Sources */ = {isa = PBXBuildFile; fileRef = 18F49EB02A286D2E00862CE3 /* LearnDetailView.swift */; };
		18F49EC82A286D2E00862CE3 /* CocktailRowView.swift in Sources */ = {isa = PBXBuildFile; fileRef = 18F49EB62A286D2E00862CE3 /* CocktailRowView.swift */; };
		18F49EC92A286D2E00862CE3 /* CocktailsView.swift in Sources */ = {isa = PBXBuildFile; fileRef = 18F49EB72A286D2E00862CE3 /* CocktailsView.swift */; };
		18F49ECA2A286D2E00862CE3 /* CocktailDetailSectionView.swift in Sources */ = {isa = PBXBuildFile; fileRef = 18F49EB82A286D2E00862CE3 /* CocktailDetailSectionView.swift */; };
		18F49ECB2A286D2E00862CE3 /* Cocktail.swift in Sources */ = {isa = PBXBuildFile; fileRef = 18F49EB92A286D2E00862CE3 /* Cocktail.swift */; };
		18F49ECC2A286D2E00862CE3 /* HistoryView.swift in Sources */ = {isa = PBXBuildFile; fileRef = 18F49EBA2A286D2E00862CE3 /* HistoryView.swift */; };
		18F49ECD2A286D2E00862CE3 /* CocktailDetailView.swift in Sources */ = {isa = PBXBuildFile; fileRef = 18F49EBB2A286D2E00862CE3 /* CocktailDetailView.swift */; };
		18F9608D2A8BBAB60004D1D8 /* Alert+Error.swift in Sources */ = {isa = PBXBuildFile; fileRef = 18F9608C2A8BBAB60004D1D8 /* Alert+Error.swift */; };
		18F9608F2A8BF1A40004D1D8 /* PostRowViewModel.swift in Sources */ = {isa = PBXBuildFile; fileRef = 18F9608E2A8BF1A40004D1D8 /* PostRowViewModel.swift */; };
		18F960952A8C20980004D1D8 /* AuthService.swift in Sources */ = {isa = PBXBuildFile; fileRef = 18F960942A8C20980004D1D8 /* AuthService.swift */; };
		18F960972A8C219A0004D1D8 /* AuthViewModel.swift in Sources */ = {isa = PBXBuildFile; fileRef = 18F960962A8C219A0004D1D8 /* AuthViewModel.swift */; };
		18F9609B2A8C231A0004D1D8 /* AuthView.swift in Sources */ = {isa = PBXBuildFile; fileRef = 18F9609A2A8C231A0004D1D8 /* AuthView.swift */; };
		18F9609F2A8C27760004D1D8 /* FormViewModel.swift in Sources */ = {isa = PBXBuildFile; fileRef = 18F9609E2A8C27760004D1D8 /* FormViewModel.swift */; };
/* End PBXBuildFile section */

/* Begin PBXFileReference section */
		180E3E712A9642D10005381F /* CabinetView.swift */ = {isa = PBXFileReference; lastKnownFileType = sourcecode.swift; path = CabinetView.swift; sourceTree = "<group>"; };
		180E3E732A96444F0005381F /* FamilyHeaderView.swift */ = {isa = PBXFileReference; lastKnownFileType = sourcecode.swift; path = FamilyHeaderView.swift; sourceTree = "<group>"; };
		180E3E752A9645EF0005381F /* EditFamilyView.swift */ = {isa = PBXFileReference; lastKnownFileType = sourcecode.swift; path = EditFamilyView.swift; sourceTree = "<group>"; };
		1814111F2A9733B4004FE3DC /* it */ = {isa = PBXFileReference; lastKnownFileType = text.plist.strings; name = it; path = it.lproj/Localizable.strings; sourceTree = "<group>"; };
		182E43362A2B1221001675FD /* CreditsCardView.swift */ = {isa = PBXFileReference; lastKnownFileType = sourcecode.swift; path = CreditsCardView.swift; sourceTree = "<group>"; };
		183723C62A909A2100DBCD5D /* StorageFile.swift */ = {isa = PBXFileReference; lastKnownFileType = sourcecode.swift; path = StorageFile.swift; sourceTree = "<group>"; };
		183723CB2A909AFC00DBCD5D /* ImagePickerButton.swift */ = {isa = PBXFileReference; lastKnownFileType = sourcecode.swift; path = ImagePickerButton.swift; sourceTree = "<group>"; };
		183AE95A2A94AAC000AC156F /* CloudKit.framework */ = {isa = PBXFileReference; lastKnownFileType = wrapper.framework; name = CloudKit.framework; path = System/Library/Frameworks/CloudKit.framework; sourceTree = SDKROOT; };
		183AE95C2A94AACB00AC156F /* StoreKit.framework */ = {isa = PBXFileReference; lastKnownFileType = wrapper.framework; name = StoreKit.framework; path = System/Library/Frameworks/StoreKit.framework; sourceTree = SDKROOT; };
		183AE95E2A94AB4500AC156F /* DrinkoPro.entitlements */ = {isa = PBXFileReference; lastKnownFileType = text.plist.entitlements; path = DrinkoPro.entitlements; sourceTree = "<group>"; };
		183AE9602A94B02700AC156F /* ItemRowViewModel.swift */ = {isa = PBXFileReference; fileEncoding = 4; lastKnownFileType = sourcecode.swift; path = ItemRowViewModel.swift; sourceTree = "<group>"; };
		183AE9612A94B02700AC156F /* ItemDetailView.swift */ = {isa = PBXFileReference; fileEncoding = 4; lastKnownFileType = sourcecode.swift; path = ItemDetailView.swift; sourceTree = "<group>"; };
		183AE9622A94B02700AC156F /* EditItemView.swift */ = {isa = PBXFileReference; fileEncoding = 4; lastKnownFileType = sourcecode.swift; path = EditItemView.swift; sourceTree = "<group>"; };
		183AE9632A94B02700AC156F /* ItemRowView.swift */ = {isa = PBXFileReference; fileEncoding = 4; lastKnownFileType = sourcecode.swift; path = ItemRowView.swift; sourceTree = "<group>"; };
		183AE9672A94B02700AC156F /* CabinetViewModel.swift */ = {isa = PBXFileReference; fileEncoding = 4; lastKnownFileType = sourcecode.swift; path = CabinetViewModel.swift; sourceTree = "<group>"; };
		183AE9722A94B0CF00AC156F /* Binding-OnChange.swift */ = {isa = PBXFileReference; fileEncoding = 4; lastKnownFileType = sourcecode.swift; path = "Binding-OnChange.swift"; sourceTree = "<group>"; };
		183AE9742A94B10B00AC156F /* Sequence-Sorting.swift */ = {isa = PBXFileReference; fileEncoding = 4; lastKnownFileType = sourcecode.swift; path = "Sequence-Sorting.swift"; sourceTree = "<group>"; };
		183AE9772A94B13200AC156F /* DataController.swift */ = {isa = PBXFileReference; fileEncoding = 4; lastKnownFileType = sourcecode.swift; path = DataController.swift; sourceTree = "<group>"; };
		183AE9792A94B13200AC156F /* Main.xcdatamodel */ = {isa = PBXFileReference; lastKnownFileType = wrapper.xcdatamodel; path = Main.xcdatamodel; sourceTree = "<group>"; };
		183AE97A2A94B13200AC156F /* Item-CDHelpers.swift */ = {isa = PBXFileReference; fileEncoding = 4; lastKnownFileType = sourcecode.swift; path = "Item-CDHelpers.swift"; sourceTree = "<group>"; };
		183AE97B2A94B13200AC156F /* Family-CDHelpers.swift */ = {isa = PBXFileReference; fileEncoding = 4; lastKnownFileType = sourcecode.swift; path = "Family-CDHelpers.swift"; sourceTree = "<group>"; };
		183AE9812A94B19E00AC156F /* SKProduct-LocalizedPrice.swift */ = {isa = PBXFileReference; fileEncoding = 4; lastKnownFileType = sourcecode.swift; path = "SKProduct-LocalizedPrice.swift"; sourceTree = "<group>"; };
		183AE9822A94B19E00AC156F /* UnlockManager.swift */ = {isa = PBXFileReference; fileEncoding = 4; lastKnownFileType = sourcecode.swift; path = UnlockManager.swift; sourceTree = "<group>"; };
		183AE9832A94B19E00AC156F /* ProductView.swift */ = {isa = PBXFileReference; fileEncoding = 4; lastKnownFileType = sourcecode.swift; path = ProductView.swift; sourceTree = "<group>"; };
		183AE9842A94B19E00AC156F /* PurchaseButton.swift */ = {isa = PBXFileReference; fileEncoding = 4; lastKnownFileType = sourcecode.swift; path = PurchaseButton.swift; sourceTree = "<group>"; };
		183AE9852A94B19E00AC156F /* UnlockView.swift */ = {isa = PBXFileReference; fileEncoding = 4; lastKnownFileType = sourcecode.swift; path = UnlockView.swift; sourceTree = "<group>"; };
		183AE98B2A94B26B00AC156F /* Configuration.storekit */ = {isa = PBXFileReference; fileEncoding = 4; lastKnownFileType = text; path = Configuration.storekit; sourceTree = "<group>"; };
		183C72FE2A97F49C00CBEFAA /* fr */ = {isa = PBXFileReference; lastKnownFileType = text.json; name = fr; path = fr.lproj/books.json; sourceTree = "<group>"; };
		183C72FF2A97F49C00CBEFAA /* fr */ = {isa = PBXFileReference; lastKnownFileType = text.json; name = fr; path = fr.lproj/cocktails.json; sourceTree = "<group>"; };
		183C73002A97F49D00CBEFAA /* fr */ = {isa = PBXFileReference; lastKnownFileType = text.json; name = fr; path = fr.lproj/lessons.json; sourceTree = "<group>"; };
		183C73012A97F49D00CBEFAA /* fr */ = {isa = PBXFileReference; lastKnownFileType = text.json; name = fr; path = fr.lproj/spirits.json; sourceTree = "<group>"; };
		183C73032A97F4AD00CBEFAA /* fr */ = {isa = PBXFileReference; lastKnownFileType = text.plist.strings; name = fr; path = fr.lproj/Localizable.strings; sourceTree = "<group>"; };
		18413B112A8D3EC1001BB0CB /* User.swift */ = {isa = PBXFileReference; lastKnownFileType = sourcecode.swift; path = User.swift; sourceTree = "<group>"; };
		18413B132A8D40C7001BB0CB /* ViewModelFactory.swift */ = {isa = PBXFileReference; lastKnownFileType = sourcecode.swift; path = ViewModelFactory.swift; sourceTree = "<group>"; };
		1856149F2A92A4AA002051ED /* ProfileViewModel.swift */ = {isa = PBXFileReference; lastKnownFileType = sourcecode.swift; path = ProfileViewModel.swift; sourceTree = "<group>"; };
		185614A12A92A6F9002051ED /* ErrorHandler.swift */ = {isa = PBXFileReference; lastKnownFileType = sourcecode.swift; path = ErrorHandler.swift; sourceTree = "<group>"; };
		185672E42A2C71820001813D /* Info.plist */ = {isa = PBXFileReference; lastKnownFileType = text.plist.xml; path = Info.plist; sourceTree = "<group>"; };
		18736EF72A92A98A00D1EF5E /* ProfileView.swift */ = {isa = PBXFileReference; lastKnownFileType = sourcecode.swift; path = ProfileView.swift; sourceTree = "<group>"; };
		18736EF92A92AA6A00D1EF5E /* ProfileImage.swift */ = {isa = PBXFileReference; lastKnownFileType = sourcecode.swift; path = ProfileImage.swift; sourceTree = "<group>"; };
		188BCF402A3875D500FBEF20 /* VideoView.swift */ = {isa = PBXFileReference; lastKnownFileType = sourcecode.swift; path = VideoView.swift; sourceTree = "<group>"; };
		188E93BD2A4C1E04001691E6 /* Book.swift */ = {isa = PBXFileReference; lastKnownFileType = sourcecode.swift; path = Book.swift; sourceTree = "<group>"; };
		188E93BF2A4C1E0E001691E6 /* BookRowView.swift */ = {isa = PBXFileReference; lastKnownFileType = sourcecode.swift; path = BookRowView.swift; sourceTree = "<group>"; };
		188E93C82A4C1F03001691E6 /* it */ = {isa = PBXFileReference; lastKnownFileType = text.json; name = it; path = it.lproj/spirits.json; sourceTree = "<group>"; };
		188E93CA2A4C1F07001691E6 /* en */ = {isa = PBXFileReference; lastKnownFileType = text.json; name = en; path = en.lproj/spirits.json; sourceTree = "<group>"; };
		188E93CB2A4C260E001691E6 /* BookDetailView.swift */ = {isa = PBXFileReference; lastKnownFileType = sourcecode.swift; path = BookDetailView.swift; sourceTree = "<group>"; };
		188E93CE2A4C29FA001691E6 /* en */ = {isa = PBXFileReference; lastKnownFileType = text.json; name = en; path = en.lproj/books.json; sourceTree = "<group>"; };
		188E93D02A4C29FF001691E6 /* it */ = {isa = PBXFileReference; lastKnownFileType = text.json; name = it; path = it.lproj/books.json; sourceTree = "<group>"; };
		188E93E42A4C9D57001691E6 /* String-Ext.swift */ = {isa = PBXFileReference; lastKnownFileType = sourcecode.swift; path = "String-Ext.swift"; sourceTree = "<group>"; };
		18B449CB2A87647000F52B1B /* GoogleService-Info.plist */ = {isa = PBXFileReference; fileEncoding = 4; lastKnownFileType = text.plist.xml; path = "GoogleService-Info.plist"; sourceTree = "<group>"; };
		18B449CF2A87655F00F52B1B /* Post.swift */ = {isa = PBXFileReference; lastKnownFileType = sourcecode.swift; path = Post.swift; sourceTree = "<group>"; };
		18B449D22A8765D800F52B1B /* PostsList.swift */ = {isa = PBXFileReference; lastKnownFileType = sourcecode.swift; path = PostsList.swift; sourceTree = "<group>"; };
		18B449D42A87667B00F52B1B /* PostRow.swift */ = {isa = PBXFileReference; lastKnownFileType = sourcecode.swift; path = PostRow.swift; sourceTree = "<group>"; };
		18B449D62A8A016C00F52B1B /* NewPostForm.swift */ = {isa = PBXFileReference; lastKnownFileType = sourcecode.swift; path = NewPostForm.swift; sourceTree = "<group>"; };
		18B449D92A8A047100F52B1B /* PostsViewModel.swift */ = {isa = PBXFileReference; lastKnownFileType = sourcecode.swift; path = PostsViewModel.swift; sourceTree = "<group>"; };
		18B449DC2A8A059F00F52B1B /* PostsRepository.swift */ = {isa = PBXFileReference; lastKnownFileType = sourcecode.swift; path = PostsRepository.swift; sourceTree = "<group>"; };
		18B449DE2A8B541400F52B1B /* EmptyListView.swift */ = {isa = PBXFileReference; lastKnownFileType = sourcecode.swift; path = EmptyListView.swift; sourceTree = "<group>"; };
		18B449E02A8B543F00F52B1B /* Loadable.swift */ = {isa = PBXFileReference; lastKnownFileType = sourcecode.swift; path = Loadable.swift; sourceTree = "<group>"; };
		18F49E602A27B28D00862CE3 /* DrinkoPro.app */ = {isa = PBXFileReference; explicitFileType = wrapper.application; includeInIndex = 0; path = DrinkoPro.app; sourceTree = BUILT_PRODUCTS_DIR; };
		18F49E632A27B28D00862CE3 /* DrinkoProApp.swift */ = {isa = PBXFileReference; lastKnownFileType = sourcecode.swift; path = DrinkoProApp.swift; sourceTree = "<group>"; };
		18F49E6A2A27B28F00862CE3 /* Preview Assets.xcassets */ = {isa = PBXFileReference; lastKnownFileType = folder.assetcatalog; path = "Preview Assets.xcassets"; sourceTree = "<group>"; };
		18F49E712A286CDD00862CE3 /* HomeView.swift */ = {isa = PBXFileReference; fileEncoding = 4; lastKnownFileType = sourcecode.swift; path = HomeView.swift; sourceTree = "<group>"; };
		18F49E772A286D0D00862CE3 /* Colors.xcassets */ = {isa = PBXFileReference; lastKnownFileType = folder.assetcatalog; path = Colors.xcassets; sourceTree = "<group>"; };
		18F49E792A286D1900862CE3 /* Assets.xcassets */ = {isa = PBXFileReference; lastKnownFileType = folder.assetcatalog; path = Assets.xcassets; sourceTree = "<group>"; };
		18F49E7C2A286D2A00862CE3 /* Favorites.swift */ = {isa = PBXFileReference; fileEncoding = 4; lastKnownFileType = sourcecode.swift; path = Favorites.swift; sourceTree = "<group>"; };
		18F49E7D2A286D2A00862CE3 /* SplashScreenView.swift */ = {isa = PBXFileReference; fileEncoding = 4; lastKnownFileType = sourcecode.swift; path = SplashScreenView.swift; sourceTree = "<group>"; };
		18F49E862A286D2A00862CE3 /* Bundle-Decodable.swift */ = {isa = PBXFileReference; fileEncoding = 4; lastKnownFileType = sourcecode.swift; path = "Bundle-Decodable.swift"; sourceTree = "<group>"; };
		18F49E872A286D2A00862CE3 /* Margins.swift */ = {isa = PBXFileReference; fileEncoding = 4; lastKnownFileType = sourcecode.swift; path = Margins.swift; sourceTree = "<group>"; };
		18F49E892A286D2A00862CE3 /* Color-Ext.swift */ = {isa = PBXFileReference; fileEncoding = 4; lastKnownFileType = sourcecode.swift; path = "Color-Ext.swift"; sourceTree = "<group>"; };
		18F49E8A2A286D2A00862CE3 /* DrinkoButtonView.swift */ = {isa = PBXFileReference; fileEncoding = 4; lastKnownFileType = sourcecode.swift; path = DrinkoButtonView.swift; sourceTree = "<group>"; };
		18F49E8D2A286D2A00862CE3 /* en */ = {isa = PBXFileReference; lastKnownFileType = text.json; name = en; path = en.lproj/lessons.json; sourceTree = "<group>"; };
		18F49E8F2A286D2A00862CE3 /* en */ = {isa = PBXFileReference; lastKnownFileType = text.json; name = en; path = en.lproj/cocktails.json; sourceTree = "<group>"; };
		18F49E902A286D2A00862CE3 /* it */ = {isa = PBXFileReference; lastKnownFileType = text.json; name = it; path = it.lproj/lessons.json; sourceTree = "<group>"; };
		18F49E912A286D2A00862CE3 /* it */ = {isa = PBXFileReference; lastKnownFileType = text.json; name = it; path = it.lproj/cocktails.json; sourceTree = "<group>"; };
		18F49EA52A286D2E00862CE3 /* SettingsView.swift */ = {isa = PBXFileReference; fileEncoding = 4; lastKnownFileType = sourcecode.swift; path = SettingsView.swift; sourceTree = "<group>"; };
		18F49EA62A286D2E00862CE3 /* SettingsRowView.swift */ = {isa = PBXFileReference; fileEncoding = 4; lastKnownFileType = sourcecode.swift; path = SettingsRowView.swift; sourceTree = "<group>"; };
		18F49EA72A286D2E00862CE3 /* ReadMeView.swift */ = {isa = PBXFileReference; fileEncoding = 4; lastKnownFileType = sourcecode.swift; path = ReadMeView.swift; sourceTree = "<group>"; };
		18F49EA92A286D2E00862CE3 /* Lesson.swift */ = {isa = PBXFileReference; fileEncoding = 4; lastKnownFileType = sourcecode.swift; path = Lesson.swift; sourceTree = "<group>"; };
		18F49EAB2A286D2E00862CE3 /* SpiritDetailView.swift */ = {isa = PBXFileReference; fileEncoding = 4; lastKnownFileType = sourcecode.swift; path = SpiritDetailView.swift; sourceTree = "<group>"; };
		18F49EAC2A286D2E00862CE3 /* Spirit.swift */ = {isa = PBXFileReference; fileEncoding = 4; lastKnownFileType = sourcecode.swift; path = Spirit.swift; sourceTree = "<group>"; };
		18F49EAD2A286D2E00862CE3 /* SpiritRowView.swift */ = {isa = PBXFileReference; fileEncoding = 4; lastKnownFileType = sourcecode.swift; path = SpiritRowView.swift; sourceTree = "<group>"; };
		18F49EAE2A286D2E00862CE3 /* LearnView.swift */ = {isa = PBXFileReference; fileEncoding = 4; lastKnownFileType = sourcecode.swift; path = LearnView.swift; sourceTree = "<group>"; };
		18F49EAF2A286D2E00862CE3 /* LearnRowView.swift */ = {isa = PBXFileReference; fileEncoding = 4; lastKnownFileType = sourcecode.swift; path = LearnRowView.swift; sourceTree = "<group>"; };
		18F49EB02A286D2E00862CE3 /* LearnDetailView.swift */ = {isa = PBXFileReference; fileEncoding = 4; lastKnownFileType = sourcecode.swift; path = LearnDetailView.swift; sourceTree = "<group>"; };
		18F49EB62A286D2E00862CE3 /* CocktailRowView.swift */ = {isa = PBXFileReference; fileEncoding = 4; lastKnownFileType = sourcecode.swift; path = CocktailRowView.swift; sourceTree = "<group>"; };
		18F49EB72A286D2E00862CE3 /* CocktailsView.swift */ = {isa = PBXFileReference; fileEncoding = 4; lastKnownFileType = sourcecode.swift; path = CocktailsView.swift; sourceTree = "<group>"; };
		18F49EB82A286D2E00862CE3 /* CocktailDetailSectionView.swift */ = {isa = PBXFileReference; fileEncoding = 4; lastKnownFileType = sourcecode.swift; path = CocktailDetailSectionView.swift; sourceTree = "<group>"; };
		18F49EB92A286D2E00862CE3 /* Cocktail.swift */ = {isa = PBXFileReference; fileEncoding = 4; lastKnownFileType = sourcecode.swift; path = Cocktail.swift; sourceTree = "<group>"; };
		18F49EBA2A286D2E00862CE3 /* HistoryView.swift */ = {isa = PBXFileReference; fileEncoding = 4; lastKnownFileType = sourcecode.swift; path = HistoryView.swift; sourceTree = "<group>"; };
		18F49EBB2A286D2E00862CE3 /* CocktailDetailView.swift */ = {isa = PBXFileReference; fileEncoding = 4; lastKnownFileType = sourcecode.swift; path = CocktailDetailView.swift; sourceTree = "<group>"; };
		18F9608C2A8BBAB60004D1D8 /* Alert+Error.swift */ = {isa = PBXFileReference; lastKnownFileType = sourcecode.swift; path = "Alert+Error.swift"; sourceTree = "<group>"; };
		18F9608E2A8BF1A40004D1D8 /* PostRowViewModel.swift */ = {isa = PBXFileReference; lastKnownFileType = sourcecode.swift; path = PostRowViewModel.swift; sourceTree = "<group>"; };
		18F960942A8C20980004D1D8 /* AuthService.swift */ = {isa = PBXFileReference; lastKnownFileType = sourcecode.swift; path = AuthService.swift; sourceTree = "<group>"; };
		18F960962A8C219A0004D1D8 /* AuthViewModel.swift */ = {isa = PBXFileReference; lastKnownFileType = sourcecode.swift; path = AuthViewModel.swift; sourceTree = "<group>"; };
		18F9609A2A8C231A0004D1D8 /* AuthView.swift */ = {isa = PBXFileReference; lastKnownFileType = sourcecode.swift; path = AuthView.swift; sourceTree = "<group>"; };
		18F9609E2A8C27760004D1D8 /* FormViewModel.swift */ = {isa = PBXFileReference; lastKnownFileType = sourcecode.swift; path = FormViewModel.swift; sourceTree = "<group>"; };
/* End PBXFileReference section */

/* Begin PBXFrameworksBuildPhase section */
		18F49E5D2A27B28D00862CE3 /* Frameworks */ = {
			isa = PBXFrameworksBuildPhase;
			buildActionMask = 2147483647;
			files = (
				18B449C62A87645200F52B1B /* FirebaseDatabaseSwift in Frameworks */,
				18B449C02A87645200F52B1B /* FirebaseAnalyticsSwift in Frameworks */,
				18B449C22A87645200F52B1B /* FirebaseAuth in Frameworks */,
				183AE95B2A94AAC000AC156F /* CloudKit.framework in Frameworks */,
				18B449CA2A87645200F52B1B /* FirebaseFirestoreSwift in Frameworks */,
				18B449C42A87645200F52B1B /* FirebaseDatabase in Frameworks */,
				183723CA2A909AB700DBCD5D /* FirebaseStorage in Frameworks */,
				183AE95D2A94AACC00AC156F /* StoreKit.framework in Frameworks */,
				18B449BE2A87645200F52B1B /* FirebaseAnalytics in Frameworks */,
				18B449C82A87645200F52B1B /* FirebaseFirestore in Frameworks */,
			);
			runOnlyForDeploymentPostprocessing = 0;
		};
/* End PBXFrameworksBuildPhase section */

/* Begin PBXGroup section */
		183723C82A909AB700DBCD5D /* Frameworks */ = {
			isa = PBXGroup;
			children = (
				183AE95C2A94AACB00AC156F /* StoreKit.framework */,
				183AE95A2A94AAC000AC156F /* CloudKit.framework */,
			);
			name = Frameworks;
			sourceTree = "<group>";
		};
		183AE95F2A94B02700AC156F /* Cabinet */ = {
			isa = PBXGroup;
			children = (
				180E3E712A9642D10005381F /* CabinetView.swift */,
				180E3E732A96444F0005381F /* FamilyHeaderView.swift */,
				180E3E752A9645EF0005381F /* EditFamilyView.swift */,
				183AE9622A94B02700AC156F /* EditItemView.swift */,
				183AE9632A94B02700AC156F /* ItemRowView.swift */,
				183AE9612A94B02700AC156F /* ItemDetailView.swift */,
			);
			path = Cabinet;
			sourceTree = "<group>";
		};
		183AE9702A94B04B00AC156F /* Cabinet */ = {
			isa = PBXGroup;
			children = (
				183AE9672A94B02700AC156F /* CabinetViewModel.swift */,
				183AE9602A94B02700AC156F /* ItemRowViewModel.swift */,
			);
			path = Cabinet;
			sourceTree = "<group>";
		};
		183AE9712A94B05500AC156F /* Social */ = {
			isa = PBXGroup;
			children = (
				18F960962A8C219A0004D1D8 /* AuthViewModel.swift */,
				18F9609E2A8C27760004D1D8 /* FormViewModel.swift */,
				18B449D92A8A047100F52B1B /* PostsViewModel.swift */,
				18F9608E2A8BF1A40004D1D8 /* PostRowViewModel.swift */,
				1856149F2A92A4AA002051ED /* ProfileViewModel.swift */,
				18413B132A8D40C7001BB0CB /* ViewModelFactory.swift */,
			);
			path = Social;
			sourceTree = "<group>";
		};
		183AE9762A94B13200AC156F /* CoreData */ = {
			isa = PBXGroup;
			children = (
				183AE9772A94B13200AC156F /* DataController.swift */,
				183AE97B2A94B13200AC156F /* Family-CDHelpers.swift */,
				183AE97A2A94B13200AC156F /* Item-CDHelpers.swift */,
				183AE9782A94B13200AC156F /* Main.xcdatamodeld */,
			);
			path = CoreData;
			sourceTree = "<group>";
		};
		183AE9802A94B19E00AC156F /* Unlock */ = {
			isa = PBXGroup;
			children = (
				183AE9832A94B19E00AC156F /* ProductView.swift */,
				183AE9842A94B19E00AC156F /* PurchaseButton.swift */,
				183AE9812A94B19E00AC156F /* SKProduct-LocalizedPrice.swift */,
				183AE9822A94B19E00AC156F /* UnlockManager.swift */,
				183AE9852A94B19E00AC156F /* UnlockView.swift */,
			);
			path = Unlock;
			sourceTree = "<group>";
		};
		18413B0F2A8D3EAC001BB0CB /* Learn */ = {
			isa = PBXGroup;
			children = (
				18F49EA92A286D2E00862CE3 /* Lesson.swift */,
				188E93BD2A4C1E04001691E6 /* Book.swift */,
				18F49EAC2A286D2E00862CE3 /* Spirit.swift */,
			);
			path = Learn;
			sourceTree = "<group>";
		};
		18413B102A8D3EB7001BB0CB /* Social */ = {
			isa = PBXGroup;
			children = (
				18B449CF2A87655F00F52B1B /* Post.swift */,
				18413B112A8D3EC1001BB0CB /* User.swift */,
			);
			path = Social;
			sourceTree = "<group>";
		};
		188E93BC2A4C1DF6001691E6 /* Books */ = {
			isa = PBXGroup;
			children = (
				188E93BF2A4C1E0E001691E6 /* BookRowView.swift */,
				188E93CB2A4C260E001691E6 /* BookDetailView.swift */,
			);
			name = Books;
			sourceTree = "<group>";
		};
		18B449CD2A8764C300F52B1B /* Supporting Views */ = {
			isa = PBXGroup;
			children = (
				183AE9802A94B19E00AC156F /* Unlock */,
				18F9609A2A8C231A0004D1D8 /* AuthView.swift */,
				18F49E8A2A286D2A00862CE3 /* DrinkoButtonView.swift */,
				18B449DE2A8B541400F52B1B /* EmptyListView.swift */,
				18F49E7D2A286D2A00862CE3 /* SplashScreenView.swift */,
				183723CB2A909AFC00DBCD5D /* ImagePickerButton.swift */,
				18736EF92A92AA6A00D1EF5E /* ProfileImage.swift */,
			);
			path = "Supporting Views";
			sourceTree = "<group>";
		};
		18B449CE2A87655000F52B1B /* Models */ = {
			isa = PBXGroup;
			children = (
				18413B0F2A8D3EAC001BB0CB /* Learn */,
				18F49EB92A286D2E00862CE3 /* Cocktail.swift */,
				18413B102A8D3EB7001BB0CB /* Social */,
			);
			path = Models;
			sourceTree = "<group>";
		};
		18B449D12A8765BF00F52B1B /* Social */ = {
			isa = PBXGroup;
			children = (
				18B449D22A8765D800F52B1B /* PostsList.swift */,
				18B449D42A87667B00F52B1B /* PostRow.swift */,
				18B449D62A8A016C00F52B1B /* NewPostForm.swift */,
			);
			path = Social;
			sourceTree = "<group>";
		};
		18B449D82A8A045100F52B1B /* View Models */ = {
			isa = PBXGroup;
			children = (
				183AE9702A94B04B00AC156F /* Cabinet */,
				183AE9712A94B05500AC156F /* Social */,
			);
			path = "View Models";
			sourceTree = "<group>";
		};
		18B449DB2A8A058900F52B1B /* Repositories */ = {
			isa = PBXGroup;
			children = (
				18B449DC2A8A059F00F52B1B /* PostsRepository.swift */,
			);
			path = Repositories;
			sourceTree = "<group>";
		};
		18F49E572A27B28D00862CE3 = {
			isa = PBXGroup;
			children = (
				18F49E622A27B28D00862CE3 /* DrinkoPro */,
				18F49E612A27B28D00862CE3 /* Products */,
				183723C82A909AB700DBCD5D /* Frameworks */,
			);
			sourceTree = "<group>";
		};
		18F49E612A27B28D00862CE3 /* Products */ = {
			isa = PBXGroup;
			children = (
				18F49E602A27B28D00862CE3 /* DrinkoPro.app */,
			);
			name = Products;
			sourceTree = "<group>";
		};
		18F49E622A27B28D00862CE3 /* DrinkoPro */ = {
			isa = PBXGroup;
			children = (
				183AE95E2A94AB4500AC156F /* DrinkoPro.entitlements */,
				18F49E632A27B28D00862CE3 /* DrinkoProApp.swift */,
				18F49E712A286CDD00862CE3 /* HomeView.swift */,
				183AE9762A94B13200AC156F /* CoreData */,
				18B449CE2A87655000F52B1B /* Models */,
				18F49EA32A286D2E00862CE3 /* Views */,
				18B449D82A8A045100F52B1B /* View Models */,
				18B449DB2A8A058900F52B1B /* Repositories */,
				18F49E7B2A286D2A00862CE3 /* Utilities */,
				18F49E792A286D1900862CE3 /* Assets.xcassets */,
				18F49E772A286D0D00862CE3 /* Colors.xcassets */,
				185672E42A2C71820001813D /* Info.plist */,
				18B449CB2A87647000F52B1B /* GoogleService-Info.plist */,
				183AE98B2A94B26B00AC156F /* Configuration.storekit */,
				18F49E692A27B28F00862CE3 /* Preview Content */,
			);
			path = DrinkoPro;
			sourceTree = "<group>";
		};
		18F49E692A27B28F00862CE3 /* Preview Content */ = {
			isa = PBXGroup;
			children = (
				18F49E6A2A27B28F00862CE3 /* Preview Assets.xcassets */,
			);
			path = "Preview Content";
			sourceTree = "<group>";
		};
		18F49E7B2A286D2A00862CE3 /* Utilities */ = {
			isa = PBXGroup;
			children = (
				18F49E842A286D2A00862CE3 /* Extensions */,
				18F49E8B2A286D2A00862CE3 /* LocalizableJSON */,
				18F960932A8C20810004D1D8 /* Services */,
			);
			path = Utilities;
			sourceTree = "<group>";
		};
		18F49E842A286D2A00862CE3 /* Extensions */ = {
			isa = PBXGroup;
			children = (
				18F9608C2A8BBAB60004D1D8 /* Alert+Error.swift */,
				183AE9722A94B0CF00AC156F /* Binding-OnChange.swift */,
				18F49E862A286D2A00862CE3 /* Bundle-Decodable.swift */,
				18F49E892A286D2A00862CE3 /* Color-Ext.swift */,
				185614A12A92A6F9002051ED /* ErrorHandler.swift */,
				18F49E7C2A286D2A00862CE3 /* Favorites.swift */,
				18B449E02A8B543F00F52B1B /* Loadable.swift */,
				18F49E872A286D2A00862CE3 /* Margins.swift */,
				183AE9742A94B10B00AC156F /* Sequence-Sorting.swift */,
				183723C62A909A2100DBCD5D /* StorageFile.swift */,
				188E93E42A4C9D57001691E6 /* String-Ext.swift */,
			);
			path = Extensions;
			sourceTree = "<group>";
		};
		18F49E8B2A286D2A00862CE3 /* LocalizableJSON */ = {
			isa = PBXGroup;
			children = (
				1814111E2A9733B4004FE3DC /* Localizable.strings */,
				188E93CF2A4C29FA001691E6 /* books.json */,
				18F49E8E2A286D2A00862CE3 /* cocktails.json */,
				18F49E8C2A286D2A00862CE3 /* lessons.json */,
				188E93C92A4C1F03001691E6 /* spirits.json */,
			);
			path = LocalizableJSON;
			sourceTree = "<group>";
		};
		18F49EA32A286D2E00862CE3 /* Views */ = {
			isa = PBXGroup;
			children = (
				18F49EA82A286D2E00862CE3 /* Learn */,
				18F49EB52A286D2E00862CE3 /* Cocktails */,
				18B449D12A8765BF00F52B1B /* Social */,
				183AE95F2A94B02700AC156F /* Cabinet */,
				18F49EA42A286D2E00862CE3 /* Settings */,
				18B449CD2A8764C300F52B1B /* Supporting Views */,
			);
			path = Views;
			sourceTree = "<group>";
		};
		18F49EA42A286D2E00862CE3 /* Settings */ = {
			isa = PBXGroup;
			children = (
				18F49EA52A286D2E00862CE3 /* SettingsView.swift */,
				18F49EA62A286D2E00862CE3 /* SettingsRowView.swift */,
				182E43362A2B1221001675FD /* CreditsCardView.swift */,
				18736EF72A92A98A00D1EF5E /* ProfileView.swift */,
				18F49EA72A286D2E00862CE3 /* ReadMeView.swift */,
			);
			path = Settings;
			sourceTree = "<group>";
		};
		18F49EA82A286D2E00862CE3 /* Learn */ = {
			isa = PBXGroup;
			children = (
				18F49EAE2A286D2E00862CE3 /* LearnView.swift */,
				18F49EAF2A286D2E00862CE3 /* LearnRowView.swift */,
				18F49EB02A286D2E00862CE3 /* LearnDetailView.swift */,
				188BCF402A3875D500FBEF20 /* VideoView.swift */,
				188E93BC2A4C1DF6001691E6 /* Books */,
				18F49EAA2A286D2E00862CE3 /* Spirits */,
			);
			path = Learn;
			sourceTree = "<group>";
		};
		18F49EAA2A286D2E00862CE3 /* Spirits */ = {
			isa = PBXGroup;
			children = (
				18F49EAD2A286D2E00862CE3 /* SpiritRowView.swift */,
				18F49EAB2A286D2E00862CE3 /* SpiritDetailView.swift */,
			);
			path = Spirits;
			sourceTree = "<group>";
		};
		18F49EB52A286D2E00862CE3 /* Cocktails */ = {
			isa = PBXGroup;
			children = (
				18F49EB72A286D2E00862CE3 /* CocktailsView.swift */,
				18F49EB62A286D2E00862CE3 /* CocktailRowView.swift */,
				18F49EBB2A286D2E00862CE3 /* CocktailDetailView.swift */,
				18F49EB82A286D2E00862CE3 /* CocktailDetailSectionView.swift */,
				18F49EBA2A286D2E00862CE3 /* HistoryView.swift */,
			);
			path = Cocktails;
			sourceTree = "<group>";
		};
		18F960932A8C20810004D1D8 /* Services */ = {
			isa = PBXGroup;
			children = (
				18F960942A8C20980004D1D8 /* AuthService.swift */,
			);
			path = Services;
			sourceTree = "<group>";
		};
/* End PBXGroup section */

/* Begin PBXNativeTarget section */
		18F49E5F2A27B28D00862CE3 /* DrinkoPro */ = {
			isa = PBXNativeTarget;
			buildConfigurationList = 18F49E6E2A27B28F00862CE3 /* Build configuration list for PBXNativeTarget "DrinkoPro" */;
			buildPhases = (
				18F49E5C2A27B28D00862CE3 /* Sources */,
				18F49E5D2A27B28D00862CE3 /* Frameworks */,
				18F49E5E2A27B28D00862CE3 /* Resources */,
			);
			buildRules = (
			);
			dependencies = (
			);
			name = DrinkoPro;
			packageProductDependencies = (
				18B449BD2A87645200F52B1B /* FirebaseAnalytics */,
				18B449BF2A87645200F52B1B /* FirebaseAnalyticsSwift */,
				18B449C12A87645200F52B1B /* FirebaseAuth */,
				18B449C32A87645200F52B1B /* FirebaseDatabase */,
				18B449C52A87645200F52B1B /* FirebaseDatabaseSwift */,
				18B449C72A87645200F52B1B /* FirebaseFirestore */,
				18B449C92A87645200F52B1B /* FirebaseFirestoreSwift */,
				183723C92A909AB700DBCD5D /* FirebaseStorage */,
			);
			productName = DrinkoPro;
			productReference = 18F49E602A27B28D00862CE3 /* DrinkoPro.app */;
			productType = "com.apple.product-type.application";
		};
/* End PBXNativeTarget section */

/* Begin PBXProject section */
		18F49E582A27B28D00862CE3 /* Project object */ = {
			isa = PBXProject;
			attributes = {
				BuildIndependentTargetsInParallel = 1;
				LastSwiftUpdateCheck = 1430;
				LastUpgradeCheck = 1430;
				TargetAttributes = {
					18F49E5F2A27B28D00862CE3 = {
						CreatedOnToolsVersion = 14.3;
					};
				};
			};
			buildConfigurationList = 18F49E5B2A27B28D00862CE3 /* Build configuration list for PBXProject "DrinkoPro" */;
			compatibilityVersion = "Xcode 14.0";
			developmentRegion = en;
			hasScannedForEncodings = 0;
			knownRegions = (
				en,
				it,
				fr,
			);
			mainGroup = 18F49E572A27B28D00862CE3;
			packageReferences = (
				18B449BC2A87645200F52B1B /* XCRemoteSwiftPackageReference "firebase-ios-sdk" */,
			);
			productRefGroup = 18F49E612A27B28D00862CE3 /* Products */;
			projectDirPath = "";
			projectRoot = "";
			targets = (
				18F49E5F2A27B28D00862CE3 /* DrinkoPro */,
			);
		};
/* End PBXProject section */

/* Begin PBXResourcesBuildPhase section */
		18F49E5E2A27B28D00862CE3 /* Resources */ = {
			isa = PBXResourcesBuildPhase;
			buildActionMask = 2147483647;
			files = (
				188E93CD2A4C29FA001691E6 /* books.json in Resources */,
				181411202A9733B4004FE3DC /* Localizable.strings in Resources */,
				183AE98C2A94B26B00AC156F /* Configuration.storekit in Resources */,
				18F49E6B2A27B28F00862CE3 /* Preview Assets.xcassets in Resources */,
				18B449CC2A87647000F52B1B /* GoogleService-Info.plist in Resources */,
				18F49E782A286D0D00862CE3 /* Colors.xcassets in Resources */,
				188E93C72A4C1F03001691E6 /* spirits.json in Resources */,
				18F49EA02A286D2A00862CE3 /* lessons.json in Resources */,
				18F49E7A2A286D1900862CE3 /* Assets.xcassets in Resources */,
				18F49EA12A286D2A00862CE3 /* cocktails.json in Resources */,
			);
			runOnlyForDeploymentPostprocessing = 0;
		};
/* End PBXResourcesBuildPhase section */

/* Begin PBXSourcesBuildPhase section */
		18F49E5C2A27B28D00862CE3 /* Sources */ = {
			isa = PBXSourcesBuildPhase;
			buildActionMask = 2147483647;
			files = (
				18413B142A8D40C7001BB0CB /* ViewModelFactory.swift in Sources */,
				18F49EC52A286D2E00862CE3 /* LearnDetailView.swift in Sources */,
				183AE97E2A94B13200AC156F /* Item-CDHelpers.swift in Sources */,
				18F49EC82A286D2E00862CE3 /* CocktailRowView.swift in Sources */,
				188BCF412A3875D500FBEF20 /* VideoView.swift in Sources */,
				18F49EBC2A286D2E00862CE3 /* SettingsView.swift in Sources */,
				18F49ECA2A286D2E00862CE3 /* CocktailDetailSectionView.swift in Sources */,
				18F49EC32A286D2E00862CE3 /* LearnView.swift in Sources */,
				18B449DA2A8A047100F52B1B /* PostsViewModel.swift in Sources */,
				18F49EC22A286D2E00862CE3 /* SpiritRowView.swift in Sources */,
				18F49E9E2A286D2A00862CE3 /* Color-Ext.swift in Sources */,
				18B449D72A8A016C00F52B1B /* NewPostForm.swift in Sources */,
				183AE96F2A94B02700AC156F /* CabinetViewModel.swift in Sources */,
				182E43372A2B1221001675FD /* CreditsCardView.swift in Sources */,
				183AE9692A94B02700AC156F /* ItemDetailView.swift in Sources */,
				18F9608F2A8BF1A40004D1D8 /* PostRowViewModel.swift in Sources */,
				183AE96B2A94B02700AC156F /* ItemRowView.swift in Sources */,
				18B449E12A8B543F00F52B1B /* Loadable.swift in Sources */,
				18F49EBD2A286D2E00862CE3 /* SettingsRowView.swift in Sources */,
				18F49ECD2A286D2E00862CE3 /* CocktailDetailView.swift in Sources */,
				183AE9752A94B10B00AC156F /* Sequence-Sorting.swift in Sources */,
				183AE96A2A94B02700AC156F /* EditItemView.swift in Sources */,
				18F49EC92A286D2E00862CE3 /* CocktailsView.swift in Sources */,
				18F49E9C2A286D2A00862CE3 /* Margins.swift in Sources */,
				18F49ECC2A286D2E00862CE3 /* HistoryView.swift in Sources */,
				188E93E52A4C9D57001691E6 /* String-Ext.swift in Sources */,
				188E93C02A4C1E0E001691E6 /* BookRowView.swift in Sources */,
				18F9609B2A8C231A0004D1D8 /* AuthView.swift in Sources */,
				183AE9892A94B19E00AC156F /* PurchaseButton.swift in Sources */,
				183AE98A2A94B19E00AC156F /* UnlockView.swift in Sources */,
				18413B122A8D3EC1001BB0CB /* User.swift in Sources */,
				185614A22A92A6F9002051ED /* ErrorHandler.swift in Sources */,
				18F49EBF2A286D2E00862CE3 /* Lesson.swift in Sources */,
				180E3E762A9645EF0005381F /* EditFamilyView.swift in Sources */,
				183AE9862A94B19E00AC156F /* SKProduct-LocalizedPrice.swift in Sources */,
				18F49E942A286D2A00862CE3 /* Favorites.swift in Sources */,
				18B449D52A87667B00F52B1B /* PostRow.swift in Sources */,
				183AE9882A94B19E00AC156F /* ProductView.swift in Sources */,
				180E3E742A96444F0005381F /* FamilyHeaderView.swift in Sources */,
				188E93BE2A4C1E04001691E6 /* Book.swift in Sources */,
				18F49E642A27B28D00862CE3 /* DrinkoProApp.swift in Sources */,
				18736EFA2A92AA6A00D1EF5E /* ProfileImage.swift in Sources */,
				18B449D02A87655F00F52B1B /* Post.swift in Sources */,
				18F9608D2A8BBAB60004D1D8 /* Alert+Error.swift in Sources */,
				18F49EBE2A286D2E00862CE3 /* ReadMeView.swift in Sources */,
				183AE9732A94B0CF00AC156F /* Binding-OnChange.swift in Sources */,
				18F9609F2A8C27760004D1D8 /* FormViewModel.swift in Sources */,
				18F49EC12A286D2E00862CE3 /* Spirit.swift in Sources */,
				183AE9872A94B19E00AC156F /* UnlockManager.swift in Sources */,
				188E93CC2A4C260E001691E6 /* BookDetailView.swift in Sources */,
				18F49ECB2A286D2E00862CE3 /* Cocktail.swift in Sources */,
				18F49E9F2A286D2A00862CE3 /* DrinkoButtonView.swift in Sources */,
				183AE97D2A94B13200AC156F /* Main.xcdatamodeld in Sources */,
				18F49EC02A286D2E00862CE3 /* SpiritDetailView.swift in Sources */,
				18F49E9B2A286D2A00862CE3 /* Bundle-Decodable.swift in Sources */,
				18F49E722A286CDD00862CE3 /* HomeView.swift in Sources */,
				183AE97C2A94B13200AC156F /* DataController.swift in Sources */,
				18F49E952A286D2A00862CE3 /* SplashScreenView.swift in Sources */,
				18F960952A8C20980004D1D8 /* AuthService.swift in Sources */,
				185614A02A92A4AA002051ED /* ProfileViewModel.swift in Sources */,
				183AE97F2A94B13200AC156F /* Family-CDHelpers.swift in Sources */,
				18736EF82A92A98A00D1EF5E /* ProfileView.swift in Sources */,
				18B449DD2A8A059F00F52B1B /* PostsRepository.swift in Sources */,
				183AE9682A94B02700AC156F /* ItemRowViewModel.swift in Sources */,
				18F960972A8C219A0004D1D8 /* AuthViewModel.swift in Sources */,
				18B449DF2A8B541400F52B1B /* EmptyListView.swift in Sources */,
				18F49EC42A286D2E00862CE3 /* LearnRowView.swift in Sources */,
				183723C72A909A2100DBCD5D /* StorageFile.swift in Sources */,
				180E3E722A9642D10005381F /* CabinetView.swift in Sources */,
				18B449D32A8765D800F52B1B /* PostsList.swift in Sources */,
				183723CC2A909AFC00DBCD5D /* ImagePickerButton.swift in Sources */,
			);
			runOnlyForDeploymentPostprocessing = 0;
		};
/* End PBXSourcesBuildPhase section */

/* Begin PBXVariantGroup section */
		1814111E2A9733B4004FE3DC /* Localizable.strings */ = {
			isa = PBXVariantGroup;
			children = (
				1814111F2A9733B4004FE3DC /* it */,
				183C73032A97F4AD00CBEFAA /* fr */,
			);
			name = Localizable.strings;
			sourceTree = "<group>";
		};
		188E93C92A4C1F03001691E6 /* spirits.json */ = {
			isa = PBXVariantGroup;
			children = (
				188E93C82A4C1F03001691E6 /* it */,
				188E93CA2A4C1F07001691E6 /* en */,
				183C73012A97F49D00CBEFAA /* fr */,
			);
			name = spirits.json;
			sourceTree = "<group>";
		};
		188E93CF2A4C29FA001691E6 /* books.json */ = {
			isa = PBXVariantGroup;
			children = (
				188E93CE2A4C29FA001691E6 /* en */,
				188E93D02A4C29FF001691E6 /* it */,
				183C72FE2A97F49C00CBEFAA /* fr */,
			);
			name = books.json;
			sourceTree = "<group>";
		};
		18F49E8C2A286D2A00862CE3 /* lessons.json */ = {
			isa = PBXVariantGroup;
			children = (
				18F49E8D2A286D2A00862CE3 /* en */,
				18F49E902A286D2A00862CE3 /* it */,
				183C73002A97F49D00CBEFAA /* fr */,
			);
			name = lessons.json;
			sourceTree = "<group>";
		};
		18F49E8E2A286D2A00862CE3 /* cocktails.json */ = {
			isa = PBXVariantGroup;
			children = (
				18F49E8F2A286D2A00862CE3 /* en */,
				18F49E912A286D2A00862CE3 /* it */,
				183C72FF2A97F49C00CBEFAA /* fr */,
			);
			name = cocktails.json;
			sourceTree = "<group>";
		};
/* End PBXVariantGroup section */

/* Begin XCBuildConfiguration section */
		18F49E6C2A27B28F00862CE3 /* Debug */ = {
			isa = XCBuildConfiguration;
			buildSettings = {
				ALWAYS_SEARCH_USER_PATHS = NO;
				CLANG_ANALYZER_NONNULL = YES;
				CLANG_ANALYZER_NUMBER_OBJECT_CONVERSION = YES_AGGRESSIVE;
				CLANG_CXX_LANGUAGE_STANDARD = "gnu++20";
				CLANG_ENABLE_MODULES = YES;
				CLANG_ENABLE_OBJC_ARC = YES;
				CLANG_ENABLE_OBJC_WEAK = YES;
				CLANG_WARN_BLOCK_CAPTURE_AUTORELEASING = YES;
				CLANG_WARN_BOOL_CONVERSION = YES;
				CLANG_WARN_COMMA = YES;
				CLANG_WARN_CONSTANT_CONVERSION = YES;
				CLANG_WARN_DEPRECATED_OBJC_IMPLEMENTATIONS = YES;
				CLANG_WARN_DIRECT_OBJC_ISA_USAGE = YES_ERROR;
				CLANG_WARN_DOCUMENTATION_COMMENTS = YES;
				CLANG_WARN_EMPTY_BODY = YES;
				CLANG_WARN_ENUM_CONVERSION = YES;
				CLANG_WARN_INFINITE_RECURSION = YES;
				CLANG_WARN_INT_CONVERSION = YES;
				CLANG_WARN_NON_LITERAL_NULL_CONVERSION = YES;
				CLANG_WARN_OBJC_IMPLICIT_RETAIN_SELF = YES;
				CLANG_WARN_OBJC_LITERAL_CONVERSION = YES;
				CLANG_WARN_OBJC_ROOT_CLASS = YES_ERROR;
				CLANG_WARN_QUOTED_INCLUDE_IN_FRAMEWORK_HEADER = YES;
				CLANG_WARN_RANGE_LOOP_ANALYSIS = YES;
				CLANG_WARN_STRICT_PROTOTYPES = YES;
				CLANG_WARN_SUSPICIOUS_MOVE = YES;
				CLANG_WARN_UNGUARDED_AVAILABILITY = YES_AGGRESSIVE;
				CLANG_WARN_UNREACHABLE_CODE = YES;
				CLANG_WARN__DUPLICATE_METHOD_MATCH = YES;
				COPY_PHASE_STRIP = NO;
				DEBUG_INFORMATION_FORMAT = dwarf;
				ENABLE_STRICT_OBJC_MSGSEND = YES;
				ENABLE_TESTABILITY = YES;
				GCC_C_LANGUAGE_STANDARD = gnu11;
				GCC_DYNAMIC_NO_PIC = NO;
				GCC_NO_COMMON_BLOCKS = YES;
				GCC_OPTIMIZATION_LEVEL = 0;
				GCC_PREPROCESSOR_DEFINITIONS = (
					"DEBUG=1",
					"$(inherited)",
				);
				GCC_WARN_64_TO_32_BIT_CONVERSION = YES;
				GCC_WARN_ABOUT_RETURN_TYPE = YES_ERROR;
				GCC_WARN_UNDECLARED_SELECTOR = YES;
				GCC_WARN_UNINITIALIZED_AUTOS = YES_AGGRESSIVE;
				GCC_WARN_UNUSED_FUNCTION = YES;
				GCC_WARN_UNUSED_VARIABLE = YES;
				IPHONEOS_DEPLOYMENT_TARGET = 16.0;
				MTL_ENABLE_DEBUG_INFO = INCLUDE_SOURCE;
				MTL_FAST_MATH = YES;
				ONLY_ACTIVE_ARCH = YES;
				SDKROOT = iphoneos;
				SWIFT_ACTIVE_COMPILATION_CONDITIONS = DEBUG;
				SWIFT_OPTIMIZATION_LEVEL = "-Onone";
			};
			name = Debug;
		};
		18F49E6D2A27B28F00862CE3 /* Release */ = {
			isa = XCBuildConfiguration;
			buildSettings = {
				ALWAYS_SEARCH_USER_PATHS = NO;
				CLANG_ANALYZER_NONNULL = YES;
				CLANG_ANALYZER_NUMBER_OBJECT_CONVERSION = YES_AGGRESSIVE;
				CLANG_CXX_LANGUAGE_STANDARD = "gnu++20";
				CLANG_ENABLE_MODULES = YES;
				CLANG_ENABLE_OBJC_ARC = YES;
				CLANG_ENABLE_OBJC_WEAK = YES;
				CLANG_WARN_BLOCK_CAPTURE_AUTORELEASING = YES;
				CLANG_WARN_BOOL_CONVERSION = YES;
				CLANG_WARN_COMMA = YES;
				CLANG_WARN_CONSTANT_CONVERSION = YES;
				CLANG_WARN_DEPRECATED_OBJC_IMPLEMENTATIONS = YES;
				CLANG_WARN_DIRECT_OBJC_ISA_USAGE = YES_ERROR;
				CLANG_WARN_DOCUMENTATION_COMMENTS = YES;
				CLANG_WARN_EMPTY_BODY = YES;
				CLANG_WARN_ENUM_CONVERSION = YES;
				CLANG_WARN_INFINITE_RECURSION = YES;
				CLANG_WARN_INT_CONVERSION = YES;
				CLANG_WARN_NON_LITERAL_NULL_CONVERSION = YES;
				CLANG_WARN_OBJC_IMPLICIT_RETAIN_SELF = YES;
				CLANG_WARN_OBJC_LITERAL_CONVERSION = YES;
				CLANG_WARN_OBJC_ROOT_CLASS = YES_ERROR;
				CLANG_WARN_QUOTED_INCLUDE_IN_FRAMEWORK_HEADER = YES;
				CLANG_WARN_RANGE_LOOP_ANALYSIS = YES;
				CLANG_WARN_STRICT_PROTOTYPES = YES;
				CLANG_WARN_SUSPICIOUS_MOVE = YES;
				CLANG_WARN_UNGUARDED_AVAILABILITY = YES_AGGRESSIVE;
				CLANG_WARN_UNREACHABLE_CODE = YES;
				CLANG_WARN__DUPLICATE_METHOD_MATCH = YES;
				COPY_PHASE_STRIP = NO;
				DEBUG_INFORMATION_FORMAT = "dwarf-with-dsym";
				ENABLE_NS_ASSERTIONS = NO;
				ENABLE_STRICT_OBJC_MSGSEND = YES;
				GCC_C_LANGUAGE_STANDARD = gnu11;
				GCC_NO_COMMON_BLOCKS = YES;
				GCC_WARN_64_TO_32_BIT_CONVERSION = YES;
				GCC_WARN_ABOUT_RETURN_TYPE = YES_ERROR;
				GCC_WARN_UNDECLARED_SELECTOR = YES;
				GCC_WARN_UNINITIALIZED_AUTOS = YES_AGGRESSIVE;
				GCC_WARN_UNUSED_FUNCTION = YES;
				GCC_WARN_UNUSED_VARIABLE = YES;
				IPHONEOS_DEPLOYMENT_TARGET = 16.0;
				MTL_ENABLE_DEBUG_INFO = NO;
				MTL_FAST_MATH = YES;
				SDKROOT = iphoneos;
				SWIFT_COMPILATION_MODE = wholemodule;
				SWIFT_OPTIMIZATION_LEVEL = "-O";
				VALIDATE_PRODUCT = YES;
			};
			name = Release;
		};
		18F49E6F2A27B28F00862CE3 /* Debug */ = {
			isa = XCBuildConfiguration;
			buildSettings = {
				ASSETCATALOG_COMPILER_APPICON_NAME = AppIcon;
				ASSETCATALOG_COMPILER_GLOBAL_ACCENT_COLOR_NAME = AccentColor;
				CODE_SIGN_ENTITLEMENTS = DrinkoPro/DrinkoPro.entitlements;
				CODE_SIGN_STYLE = Automatic;
				CREATE_INFOPLIST_SECTION_IN_BINARY = NO;
				CURRENT_PROJECT_VERSION = 1;
				DEVELOPMENT_ASSET_PATHS = "\"DrinkoPro/Preview Content\"";
				DEVELOPMENT_TEAM = 3K3GFX53DY;
				ENABLE_PREVIEWS = YES;
				GENERATE_INFOPLIST_FILE = YES;
				INFOPLIST_FILE = DrinkoPro/Info.plist;
				INFOPLIST_KEY_CFBundleDisplayName = Drinko;
				INFOPLIST_KEY_LSApplicationCategoryType = "public.app-category.food-and-drink";
				INFOPLIST_KEY_NSCameraUsageDescription = "This will allow you to add photos to your profile, posts and cocktails.";
				INFOPLIST_KEY_UIApplicationSceneManifest_Generation = YES;
				INFOPLIST_KEY_UIApplicationSupportsIndirectInputEvents = YES;
				INFOPLIST_KEY_UILaunchScreen_Generation = YES;
				INFOPLIST_KEY_UISupportedInterfaceOrientations = UIInterfaceOrientationPortrait;
				INFOPLIST_KEY_UISupportedInterfaceOrientations_iPad = "UIInterfaceOrientationPortrait UIInterfaceOrientationPortraitUpsideDown UIInterfaceOrientationLandscapeLeft UIInterfaceOrientationLandscapeRight";
				INFOPLIST_KEY_UISupportedInterfaceOrientations_iPhone = UIInterfaceOrientationPortrait;
				IPHONEOS_DEPLOYMENT_TARGET = 15.0;
				LD_RUNPATH_SEARCH_PATHS = (
					"$(inherited)",
					"@executable_path/Frameworks",
				);
				MARKETING_VERSION = 1.3;
				PRODUCT_BUNDLE_IDENTIFIER = me.cilia.filippo.DrinkoPro;
				PRODUCT_NAME = "$(TARGET_NAME)";
				SUPPORTED_PLATFORMS = "iphoneos iphonesimulator";
				SUPPORTS_MACCATALYST = NO;
				SUPPORTS_MAC_DESIGNED_FOR_IPHONE_IPAD = NO;
				SWIFT_EMIT_LOC_STRINGS = YES;
				SWIFT_VERSION = 5.0;
				TARGETED_DEVICE_FAMILY = 1;
			};
			name = Debug;
		};
		18F49E702A27B28F00862CE3 /* Release */ = {
			isa = XCBuildConfiguration;
			buildSettings = {
				ASSETCATALOG_COMPILER_APPICON_NAME = AppIcon;
				ASSETCATALOG_COMPILER_GLOBAL_ACCENT_COLOR_NAME = AccentColor;
				CODE_SIGN_ENTITLEMENTS = DrinkoPro/DrinkoPro.entitlements;
				CODE_SIGN_STYLE = Automatic;
				CREATE_INFOPLIST_SECTION_IN_BINARY = NO;
				CURRENT_PROJECT_VERSION = 1;
				DEVELOPMENT_ASSET_PATHS = "\"DrinkoPro/Preview Content\"";
				DEVELOPMENT_TEAM = 3K3GFX53DY;
				ENABLE_PREVIEWS = YES;
				GENERATE_INFOPLIST_FILE = YES;
				INFOPLIST_FILE = DrinkoPro/Info.plist;
				INFOPLIST_KEY_CFBundleDisplayName = Drinko;
				INFOPLIST_KEY_LSApplicationCategoryType = "public.app-category.food-and-drink";
				INFOPLIST_KEY_NSCameraUsageDescription = "This will allow you to add photos to your profile, posts and cocktails.";
				INFOPLIST_KEY_UIApplicationSceneManifest_Generation = YES;
				INFOPLIST_KEY_UIApplicationSupportsIndirectInputEvents = YES;
				INFOPLIST_KEY_UILaunchScreen_Generation = YES;
				INFOPLIST_KEY_UISupportedInterfaceOrientations = UIInterfaceOrientationPortrait;
				INFOPLIST_KEY_UISupportedInterfaceOrientations_iPad = "UIInterfaceOrientationPortrait UIInterfaceOrientationPortraitUpsideDown UIInterfaceOrientationLandscapeLeft UIInterfaceOrientationLandscapeRight";
				INFOPLIST_KEY_UISupportedInterfaceOrientations_iPhone = UIInterfaceOrientationPortrait;
				IPHONEOS_DEPLOYMENT_TARGET = 15.0;
				LD_RUNPATH_SEARCH_PATHS = (
					"$(inherited)",
					"@executable_path/Frameworks",
				);
				MARKETING_VERSION = 1.3;
				PRODUCT_BUNDLE_IDENTIFIER = me.cilia.filippo.DrinkoPro;
				PRODUCT_NAME = "$(TARGET_NAME)";
				SUPPORTED_PLATFORMS = "iphoneos iphonesimulator";
				SUPPORTS_MACCATALYST = NO;
				SUPPORTS_MAC_DESIGNED_FOR_IPHONE_IPAD = NO;
				SWIFT_EMIT_LOC_STRINGS = YES;
				SWIFT_VERSION = 5.0;
				TARGETED_DEVICE_FAMILY = 1;
			};
			name = Release;
		};
/* End XCBuildConfiguration section */

/* Begin XCConfigurationList section */
		18F49E5B2A27B28D00862CE3 /* Build configuration list for PBXProject "DrinkoPro" */ = {
			isa = XCConfigurationList;
			buildConfigurations = (
				18F49E6C2A27B28F00862CE3 /* Debug */,
				18F49E6D2A27B28F00862CE3 /* Release */,
			);
			defaultConfigurationIsVisible = 0;
			defaultConfigurationName = Release;
		};
		18F49E6E2A27B28F00862CE3 /* Build configuration list for PBXNativeTarget "DrinkoPro" */ = {
			isa = XCConfigurationList;
			buildConfigurations = (
				18F49E6F2A27B28F00862CE3 /* Debug */,
				18F49E702A27B28F00862CE3 /* Release */,
			);
			defaultConfigurationIsVisible = 0;
			defaultConfigurationName = Release;
		};
/* End XCConfigurationList section */

/* Begin XCRemoteSwiftPackageReference section */
		18B449BC2A87645200F52B1B /* XCRemoteSwiftPackageReference "firebase-ios-sdk" */ = {
			isa = XCRemoteSwiftPackageReference;
			repositoryURL = "https://github.com/firebase/firebase-ios-sdk.git";
			requirement = {
				kind = upToNextMajorVersion;
				minimumVersion = 10.0.0;
			};
		};
/* End XCRemoteSwiftPackageReference section */

/* Begin XCSwiftPackageProductDependency section */
		183723C92A909AB700DBCD5D /* FirebaseStorage */ = {
			isa = XCSwiftPackageProductDependency;
			package = 18B449BC2A87645200F52B1B /* XCRemoteSwiftPackageReference "firebase-ios-sdk" */;
			productName = FirebaseStorage;
		};
		18B449BD2A87645200F52B1B /* FirebaseAnalytics */ = {
			isa = XCSwiftPackageProductDependency;
			package = 18B449BC2A87645200F52B1B /* XCRemoteSwiftPackageReference "firebase-ios-sdk" */;
			productName = FirebaseAnalytics;
		};
		18B449BF2A87645200F52B1B /* FirebaseAnalyticsSwift */ = {
			isa = XCSwiftPackageProductDependency;
			package = 18B449BC2A87645200F52B1B /* XCRemoteSwiftPackageReference "firebase-ios-sdk" */;
			productName = FirebaseAnalyticsSwift;
		};
		18B449C12A87645200F52B1B /* FirebaseAuth */ = {
			isa = XCSwiftPackageProductDependency;
			package = 18B449BC2A87645200F52B1B /* XCRemoteSwiftPackageReference "firebase-ios-sdk" */;
			productName = FirebaseAuth;
		};
		18B449C32A87645200F52B1B /* FirebaseDatabase */ = {
			isa = XCSwiftPackageProductDependency;
			package = 18B449BC2A87645200F52B1B /* XCRemoteSwiftPackageReference "firebase-ios-sdk" */;
			productName = FirebaseDatabase;
		};
		18B449C52A87645200F52B1B /* FirebaseDatabaseSwift */ = {
			isa = XCSwiftPackageProductDependency;
			package = 18B449BC2A87645200F52B1B /* XCRemoteSwiftPackageReference "firebase-ios-sdk" */;
			productName = FirebaseDatabaseSwift;
		};
		18B449C72A87645200F52B1B /* FirebaseFirestore */ = {
			isa = XCSwiftPackageProductDependency;
			package = 18B449BC2A87645200F52B1B /* XCRemoteSwiftPackageReference "firebase-ios-sdk" */;
			productName = FirebaseFirestore;
		};
		18B449C92A87645200F52B1B /* FirebaseFirestoreSwift */ = {
			isa = XCSwiftPackageProductDependency;
			package = 18B449BC2A87645200F52B1B /* XCRemoteSwiftPackageReference "firebase-ios-sdk" */;
			productName = FirebaseFirestoreSwift;
		};
/* End XCSwiftPackageProductDependency section */

/* Begin XCVersionGroup section */
		183AE9782A94B13200AC156F /* Main.xcdatamodeld */ = {
			isa = XCVersionGroup;
			children = (
				183AE9792A94B13200AC156F /* Main.xcdatamodel */,
			);
			currentVersion = 183AE9792A94B13200AC156F /* Main.xcdatamodel */;
			path = Main.xcdatamodeld;
			sourceTree = "<group>";
			versionGroupType = wrapper.xcdatamodel;
		};
/* End XCVersionGroup section */
	};
	rootObject = 18F49E582A27B28D00862CE3 /* Project object */;
}
