// !$*UTF8*$!
{
	archiveVersion = 1;
	classes = {
	};
	objectVersion = 76;
	objects = {

/* Begin PBXBuildFile section */
		180640182B5C88F30057F470 /* FavoriteCocktailButtonView.swift in Sources */ = {isa = PBXBuildFile; fileRef = 180640172B5C88F30057F470 /* FavoriteCocktailButtonView.swift */; };
		180EC7212BD413BE0092AD02 /* LearnHeaderView.swift in Sources */ = {isa = PBXBuildFile; fileRef = 180EC7202BD413BE0092AD02 /* LearnHeaderView.swift */; };
		182522402AB9B4AE0064D87D /* SplashScreenView.swift in Sources */ = {isa = PBXBuildFile; fileRef = 1825223F2AB9B4AE0064D87D /* SplashScreenView.swift */; };
		1827137F2B655D78000D3343 /* Item.swift in Sources */ = {isa = PBXBuildFile; fileRef = 1827137B2B655D78000D3343 /* Item.swift */; };
		182713802B655D78000D3343 /* Category.swift in Sources */ = {isa = PBXBuildFile; fileRef = 1827137C2B655D78000D3343 /* Category.swift */; };
		182713882B65657C000D3343 /* CabinetView.swift in Sources */ = {isa = PBXBuildFile; fileRef = 182713872B65657C000D3343 /* CabinetView.swift */; };
		1827138A2B656F28000D3343 /* Previewer.swift in Sources */ = {isa = PBXBuildFile; fileRef = 182713892B656F28000D3343 /* Previewer.swift */; };
		1827138C2B6576AB000D3343 /* CategoryHeaderView.swift in Sources */ = {isa = PBXBuildFile; fileRef = 1827138B2B6576AB000D3343 /* CategoryHeaderView.swift */; };
		1827138E2B658293000D3343 /* ProductRowView.swift in Sources */ = {isa = PBXBuildFile; fileRef = 1827138D2B658293000D3343 /* ProductRowView.swift */; };
		182713982B685B8A000D3343 /* EditCategoryView.swift in Sources */ = {isa = PBXBuildFile; fileRef = 182713972B685B8A000D3343 /* EditCategoryView.swift */; };
		182E43372A2B1221001675FD /* CreditsCardView.swift in Sources */ = {isa = PBXBuildFile; fileRef = 182E43362A2B1221001675FD /* CreditsCardView.swift */; };
		183AE95B2A94AAC000AC156F /* CloudKit.framework in Frameworks */ = {isa = PBXBuildFile; fileRef = 183AE95A2A94AAC000AC156F /* CloudKit.framework */; };
		183E47E42B17548F0095A6E4 /* ABVCalculator.swift in Sources */ = {isa = PBXBuildFile; fileRef = 183E47E32B17548F0095A6E4 /* ABVCalculator.swift */; };
		18481D272C20E8120083FD5A /* AddCategoryView.swift in Sources */ = {isa = PBXBuildFile; fileRef = 18481D262C20E8120083FD5A /* AddCategoryView.swift */; };
		185620AC2C260102001F07CB /* ChangeAppIconView.swift in Sources */ = {isa = PBXBuildFile; fileRef = 185620AB2C260102001F07CB /* ChangeAppIconView.swift */; };
		1879DD682AD5ED68005E2900 /* SuperjuiceRowView.swift in Sources */ = {isa = PBXBuildFile; fileRef = 1879DD672AD5ED68005E2900 /* SuperjuiceRowView.swift */; };
		18883A862ACC71F400FC78C7 /* SuperJuiceView.swift in Sources */ = {isa = PBXBuildFile; fileRef = 18883A852ACC71F400FC78C7 /* SuperJuiceView.swift */; };
		188BCF412A3875D500FBEF20 /* VideoView.swift in Sources */ = {isa = PBXBuildFile; fileRef = 188BCF402A3875D500FBEF20 /* VideoView.swift */; };
		188E93C02A4C1E0E001691E6 /* BookRowView.swift in Sources */ = {isa = PBXBuildFile; fileRef = 188E93BF2A4C1E0E001691E6 /* BookRowView.swift */; };
		188E93CC2A4C260E001691E6 /* BookDetailView.swift in Sources */ = {isa = PBXBuildFile; fileRef = 188E93CB2A4C260E001691E6 /* BookDetailView.swift */; };
		18A8C8212B1C866E0052F0B4 /* ABVRowView.swift in Sources */ = {isa = PBXBuildFile; fileRef = 18A8C8202B1C866E0052F0B4 /* ABVRowView.swift */; };
		18AF16382ABB60B7006BBB89 /* SettingsPreferenceView.swift in Sources */ = {isa = PBXBuildFile; fileRef = 18AF16372ABB60B7006BBB89 /* SettingsPreferenceView.swift */; };
		18AF163A2ABB6128006BBB89 /* SettingsContactsView.swift in Sources */ = {isa = PBXBuildFile; fileRef = 18AF16392ABB6128006BBB89 /* SettingsContactsView.swift */; };
		18AF163C2ABB6216006BBB89 /* SettingsInfoView.swift in Sources */ = {isa = PBXBuildFile; fileRef = 18AF163B2ABB6216006BBB89 /* SettingsInfoView.swift */; };
		18B307742B6F99DD00CB94AB /* EditProductView.swift in Sources */ = {isa = PBXBuildFile; fileRef = 18B307732B6F99DD00CB94AB /* EditProductView.swift */; };
		18B307792B7771C300CB94AB /* FavoriteProductButtonView.swift in Sources */ = {isa = PBXBuildFile; fileRef = 18B307782B7771C300CB94AB /* FavoriteProductButtonView.swift */; };
		18F49E642A27B28D00862CE3 /* DrinkoProApp.swift in Sources */ = {isa = PBXBuildFile; fileRef = 18F49E632A27B28D00862CE3 /* DrinkoProApp.swift */; };
		18F49E6B2A27B28F00862CE3 /* Preview Assets.xcassets in Resources */ = {isa = PBXBuildFile; fileRef = 18F49E6A2A27B28F00862CE3 /* Preview Assets.xcassets */; };
		18F49E722A286CDD00862CE3 /* HomeView.swift in Sources */ = {isa = PBXBuildFile; fileRef = 18F49E712A286CDD00862CE3 /* HomeView.swift */; };
		18F49E9F2A286D2A00862CE3 /* DrinkoButtonView.swift in Sources */ = {isa = PBXBuildFile; fileRef = 18F49E8A2A286D2A00862CE3 /* DrinkoButtonView.swift */; };
		18F49EBC2A286D2E00862CE3 /* SettingsView.swift in Sources */ = {isa = PBXBuildFile; fileRef = 18F49EA52A286D2E00862CE3 /* SettingsView.swift */; };
		18F49EBD2A286D2E00862CE3 /* SettingsRowView.swift in Sources */ = {isa = PBXBuildFile; fileRef = 18F49EA62A286D2E00862CE3 /* SettingsRowView.swift */; };
		18F49EBE2A286D2E00862CE3 /* ReadMeView.swift in Sources */ = {isa = PBXBuildFile; fileRef = 18F49EA72A286D2E00862CE3 /* ReadMeView.swift */; };
		18F49EC32A286D2E00862CE3 /* LearnView.swift in Sources */ = {isa = PBXBuildFile; fileRef = 18F49EAE2A286D2E00862CE3 /* LearnView.swift */; };
		18F49EC42A286D2E00862CE3 /* LessonRowView.swift in Sources */ = {isa = PBXBuildFile; fileRef = 18F49EAF2A286D2E00862CE3 /* LessonRowView.swift */; };
		18F49EC52A286D2E00862CE3 /* LessonDetailView.swift in Sources */ = {isa = PBXBuildFile; fileRef = 18F49EB02A286D2E00862CE3 /* LessonDetailView.swift */; };
		18F49EC82A286D2E00862CE3 /* CocktailRowView.swift in Sources */ = {isa = PBXBuildFile; fileRef = 18F49EB62A286D2E00862CE3 /* CocktailRowView.swift */; };
		18F49EC92A286D2E00862CE3 /* CocktailsView.swift in Sources */ = {isa = PBXBuildFile; fileRef = 18F49EB72A286D2E00862CE3 /* CocktailsView.swift */; };
		18F49ECA2A286D2E00862CE3 /* CocktailDetailSectionView.swift in Sources */ = {isa = PBXBuildFile; fileRef = 18F49EB82A286D2E00862CE3 /* CocktailDetailSectionView.swift */; };
		18F49ECC2A286D2E00862CE3 /* HistoryView.swift in Sources */ = {isa = PBXBuildFile; fileRef = 18F49EBA2A286D2E00862CE3 /* HistoryView.swift */; };
		18F49ECD2A286D2E00862CE3 /* CocktailDetailView.swift in Sources */ = {isa = PBXBuildFile; fileRef = 18F49EBB2A286D2E00862CE3 /* CocktailDetailView.swift */; };
		18F586552B470E7400BD460B /* ProcedureView.swift in Sources */ = {isa = PBXBuildFile; fileRef = 18F586542B470E7400BD460B /* ProcedureView.swift */; };
/* End PBXBuildFile section */

/* Begin PBXFileReference section */
		180640172B5C88F30057F470 /* FavoriteCocktailButtonView.swift */ = {isa = PBXFileReference; lastKnownFileType = sourcecode.swift; path = FavoriteCocktailButtonView.swift; sourceTree = "<group>"; };
		180EC7202BD413BE0092AD02 /* LearnHeaderView.swift */ = {isa = PBXFileReference; lastKnownFileType = sourcecode.swift; path = LearnHeaderView.swift; sourceTree = "<group>"; };
		1825223F2AB9B4AE0064D87D /* SplashScreenView.swift */ = {isa = PBXFileReference; lastKnownFileType = sourcecode.swift; path = SplashScreenView.swift; sourceTree = "<group>"; };
		1827137B2B655D78000D3343 /* Item.swift */ = {isa = PBXFileReference; lastKnownFileType = sourcecode.swift; path = Item.swift; sourceTree = "<group>"; };
		1827137C2B655D78000D3343 /* Category.swift */ = {isa = PBXFileReference; lastKnownFileType = sourcecode.swift; path = Category.swift; sourceTree = "<group>"; };
		182713872B65657C000D3343 /* CabinetView.swift */ = {isa = PBXFileReference; lastKnownFileType = sourcecode.swift; path = CabinetView.swift; sourceTree = "<group>"; };
		182713892B656F28000D3343 /* Previewer.swift */ = {isa = PBXFileReference; lastKnownFileType = sourcecode.swift; path = Previewer.swift; sourceTree = "<group>"; };
		1827138B2B6576AB000D3343 /* CategoryHeaderView.swift */ = {isa = PBXFileReference; lastKnownFileType = sourcecode.swift; path = CategoryHeaderView.swift; sourceTree = "<group>"; };
		1827138D2B658293000D3343 /* ProductRowView.swift */ = {isa = PBXFileReference; lastKnownFileType = sourcecode.swift; path = ProductRowView.swift; sourceTree = "<group>"; };
		182713972B685B8A000D3343 /* EditCategoryView.swift */ = {isa = PBXFileReference; lastKnownFileType = sourcecode.swift; path = EditCategoryView.swift; sourceTree = "<group>"; };
		182E43362A2B1221001675FD /* CreditsCardView.swift */ = {isa = PBXFileReference; lastKnownFileType = sourcecode.swift; path = CreditsCardView.swift; sourceTree = "<group>"; };
		183AE95A2A94AAC000AC156F /* CloudKit.framework */ = {isa = PBXFileReference; lastKnownFileType = wrapper.framework; name = CloudKit.framework; path = System/Library/Frameworks/CloudKit.framework; sourceTree = SDKROOT; };
		183AE95E2A94AB4500AC156F /* DrinkoPro.entitlements */ = {isa = PBXFileReference; lastKnownFileType = text.plist.entitlements; path = DrinkoPro.entitlements; sourceTree = "<group>"; };
		183CED542DE1BAB7005B9699 /* DrinkoProMac.app */ = {isa = PBXFileReference; explicitFileType = wrapper.application; includeInIndex = 0; path = DrinkoProMac.app; sourceTree = BUILT_PRODUCTS_DIR; };
		183E47E32B17548F0095A6E4 /* ABVCalculator.swift */ = {isa = PBXFileReference; lastKnownFileType = sourcecode.swift; path = ABVCalculator.swift; sourceTree = "<group>"; };
		18481D262C20E8120083FD5A /* AddCategoryView.swift */ = {isa = PBXFileReference; lastKnownFileType = sourcecode.swift; path = AddCategoryView.swift; sourceTree = "<group>"; };
		185620AB2C260102001F07CB /* ChangeAppIconView.swift */ = {isa = PBXFileReference; lastKnownFileType = sourcecode.swift; path = ChangeAppIconView.swift; sourceTree = "<group>"; };
		185672E42A2C71820001813D /* Info.plist */ = {isa = PBXFileReference; lastKnownFileType = text.plist.xml; path = Info.plist; sourceTree = "<group>"; };
		1879DD672AD5ED68005E2900 /* SuperjuiceRowView.swift */ = {isa = PBXFileReference; lastKnownFileType = sourcecode.swift; path = SuperjuiceRowView.swift; sourceTree = "<group>"; };
		18883A852ACC71F400FC78C7 /* SuperJuiceView.swift */ = {isa = PBXFileReference; lastKnownFileType = sourcecode.swift; path = SuperJuiceView.swift; sourceTree = "<group>"; };
		188BCF402A3875D500FBEF20 /* VideoView.swift */ = {isa = PBXFileReference; lastKnownFileType = sourcecode.swift; path = VideoView.swift; sourceTree = "<group>"; };
		188E93BF2A4C1E0E001691E6 /* BookRowView.swift */ = {isa = PBXFileReference; lastKnownFileType = sourcecode.swift; path = BookRowView.swift; sourceTree = "<group>"; };
		188E93CB2A4C260E001691E6 /* BookDetailView.swift */ = {isa = PBXFileReference; lastKnownFileType = sourcecode.swift; path = BookDetailView.swift; sourceTree = "<group>"; };
		18A8C8202B1C866E0052F0B4 /* ABVRowView.swift */ = {isa = PBXFileReference; lastKnownFileType = sourcecode.swift; path = ABVRowView.swift; sourceTree = "<group>"; };
		18AF16372ABB60B7006BBB89 /* SettingsPreferenceView.swift */ = {isa = PBXFileReference; lastKnownFileType = sourcecode.swift; path = SettingsPreferenceView.swift; sourceTree = "<group>"; };
		18AF16392ABB6128006BBB89 /* SettingsContactsView.swift */ = {isa = PBXFileReference; lastKnownFileType = sourcecode.swift; path = SettingsContactsView.swift; sourceTree = "<group>"; };
		18AF163B2ABB6216006BBB89 /* SettingsInfoView.swift */ = {isa = PBXFileReference; lastKnownFileType = sourcecode.swift; path = SettingsInfoView.swift; sourceTree = "<group>"; };
		18B307732B6F99DD00CB94AB /* EditProductView.swift */ = {isa = PBXFileReference; lastKnownFileType = sourcecode.swift; path = EditProductView.swift; sourceTree = "<group>"; };
		18B307782B7771C300CB94AB /* FavoriteProductButtonView.swift */ = {isa = PBXFileReference; lastKnownFileType = sourcecode.swift; path = FavoriteProductButtonView.swift; sourceTree = "<group>"; };
		18F49E602A27B28D00862CE3 /* DrinkoPro.app */ = {isa = PBXFileReference; explicitFileType = wrapper.application; includeInIndex = 0; path = DrinkoPro.app; sourceTree = BUILT_PRODUCTS_DIR; };
		18F49E632A27B28D00862CE3 /* DrinkoProApp.swift */ = {isa = PBXFileReference; lastKnownFileType = sourcecode.swift; path = DrinkoProApp.swift; sourceTree = "<group>"; };
		18F49E6A2A27B28F00862CE3 /* Preview Assets.xcassets */ = {isa = PBXFileReference; lastKnownFileType = folder.assetcatalog; path = "Preview Assets.xcassets"; sourceTree = "<group>"; };
		18F49E712A286CDD00862CE3 /* HomeView.swift */ = {isa = PBXFileReference; fileEncoding = 4; lastKnownFileType = sourcecode.swift; path = HomeView.swift; sourceTree = "<group>"; };
		18F49E8A2A286D2A00862CE3 /* DrinkoButtonView.swift */ = {isa = PBXFileReference; fileEncoding = 4; lastKnownFileType = sourcecode.swift; path = DrinkoButtonView.swift; sourceTree = "<group>"; };
		18F49EA52A286D2E00862CE3 /* SettingsView.swift */ = {isa = PBXFileReference; fileEncoding = 4; lastKnownFileType = sourcecode.swift; path = SettingsView.swift; sourceTree = "<group>"; };
		18F49EA62A286D2E00862CE3 /* SettingsRowView.swift */ = {isa = PBXFileReference; fileEncoding = 4; lastKnownFileType = sourcecode.swift; path = SettingsRowView.swift; sourceTree = "<group>"; };
		18F49EA72A286D2E00862CE3 /* ReadMeView.swift */ = {isa = PBXFileReference; fileEncoding = 4; lastKnownFileType = sourcecode.swift; path = ReadMeView.swift; sourceTree = "<group>"; };
		18F49EAE2A286D2E00862CE3 /* LearnView.swift */ = {isa = PBXFileReference; fileEncoding = 4; lastKnownFileType = sourcecode.swift; path = LearnView.swift; sourceTree = "<group>"; };
		18F49EAF2A286D2E00862CE3 /* LessonRowView.swift */ = {isa = PBXFileReference; fileEncoding = 4; lastKnownFileType = sourcecode.swift; path = LessonRowView.swift; sourceTree = "<group>"; };
		18F49EB02A286D2E00862CE3 /* LessonDetailView.swift */ = {isa = PBXFileReference; fileEncoding = 4; lastKnownFileType = sourcecode.swift; path = LessonDetailView.swift; sourceTree = "<group>"; };
		18F49EB62A286D2E00862CE3 /* CocktailRowView.swift */ = {isa = PBXFileReference; fileEncoding = 4; lastKnownFileType = sourcecode.swift; path = CocktailRowView.swift; sourceTree = "<group>"; };
		18F49EB72A286D2E00862CE3 /* CocktailsView.swift */ = {isa = PBXFileReference; fileEncoding = 4; lastKnownFileType = sourcecode.swift; path = CocktailsView.swift; sourceTree = "<group>"; };
		18F49EB82A286D2E00862CE3 /* CocktailDetailSectionView.swift */ = {isa = PBXFileReference; fileEncoding = 4; lastKnownFileType = sourcecode.swift; path = CocktailDetailSectionView.swift; sourceTree = "<group>"; };
		18F49EBA2A286D2E00862CE3 /* HistoryView.swift */ = {isa = PBXFileReference; fileEncoding = 4; lastKnownFileType = sourcecode.swift; path = HistoryView.swift; sourceTree = "<group>"; };
		18F49EBB2A286D2E00862CE3 /* CocktailDetailView.swift */ = {isa = PBXFileReference; fileEncoding = 4; lastKnownFileType = sourcecode.swift; path = CocktailDetailView.swift; sourceTree = "<group>"; };
		18F586542B470E7400BD460B /* ProcedureView.swift */ = {isa = PBXFileReference; lastKnownFileType = sourcecode.swift; path = ProcedureView.swift; sourceTree = "<group>"; };
/* End PBXFileReference section */

/* Begin PBXFileSystemSynchronizedBuildFileExceptionSet section */
		183CED672DE1BB05005B9699 /* PBXFileSystemSynchronizedBuildFileExceptionSet */ = {
			isa = PBXFileSystemSynchronizedBuildFileExceptionSet;
			membershipExceptions = (
				/Localized/Utilities/Cocktail/history.json,
				/Localized/Utilities/Cocktail/procedure.json,
				/Localized/Utilities/Cocktail/shots.json,
				/Localized/Utilities/Learn/books.json,
				"/Localized/Utilities/Learn/Lessons/advanced-lessons.json",
				"/Localized/Utilities/Learn/Lessons/bar-preps.json",
				"/Localized/Utilities/Learn/Lessons/basic-lessons.json",
				"/Localized/Utilities/Learn/Spirits/advanced-spirits.json",
				"/Localized/Utilities/Learn/Spirits/basic-spirits.json",
				/Localized/Utilities/Learn/Spirits/liqueurs.json,
				/Localized/Utilities/Learn/syrups.json,
				Assets.xcassets,
				Colors.xcassets,
				"Helpers/Bundle-Decodable.swift",
				Helpers/Favorites.swift,
				Helpers/GlobalConstant.swift,
				"Helpers/Image Helpers/AsyncImageView.swift",
				"Helpers/Image Helpers/ImageFailedToLoad.swift",
				"Helpers/Image Helpers/ImageSuccesful.swift",
				"Helpers/String-Ext.swift",
				Helpers/SwipeToActionTips.swift,
				Models/Cocktail.swift,
				Models/Learn/Book.swift,
				Models/Learn/Lesson.swift,
				"Samples/Samples+Ext.swift",
				Utilities/Cocktail/cocktails.json,
				Utilities/Localizable.xcstrings,
			);
			target = 18F49E5F2A27B28D00862CE3 /* DrinkoPro */;
		};
/* End PBXFileSystemSynchronizedBuildFileExceptionSet section */

/* Begin PBXFileSystemSynchronizedRootGroup section */
		183CED552DE1BAB7005B9699 /* DrinkoProMac */ = {isa = PBXFileSystemSynchronizedRootGroup; explicitFileTypes = {}; explicitFolders = (); path = DrinkoProMac; sourceTree = "<group>"; };
		183CED602DE1BAC6005B9699 /* Shared */ = {isa = PBXFileSystemSynchronizedRootGroup; exceptions = (183CED672DE1BB05005B9699 /* PBXFileSystemSynchronizedBuildFileExceptionSet */, ); explicitFileTypes = {}; explicitFolders = (); path = Shared; sourceTree = "<group>"; };
/* End PBXFileSystemSynchronizedRootGroup section */

/* Begin PBXFrameworksBuildPhase section */
		183CED512DE1BAB7005B9699 /* Frameworks */ = {
			isa = PBXFrameworksBuildPhase;
			buildActionMask = 2147483647;
			files = (
			);
			runOnlyForDeploymentPostprocessing = 0;
		};
		18F49E5D2A27B28D00862CE3 /* Frameworks */ = {
			isa = PBXFrameworksBuildPhase;
			buildActionMask = 2147483647;
			files = (
				183AE95B2A94AAC000AC156F /* CloudKit.framework in Frameworks */,
			);
			runOnlyForDeploymentPostprocessing = 0;
		};
/* End PBXFrameworksBuildPhase section */

/* Begin PBXGroup section */
		182713832B655FE1000D3343 /* Cabinet */ = {
			isa = PBXGroup;
			children = (
				1827137C2B655D78000D3343 /* Category.swift */,
				1827137B2B655D78000D3343 /* Item.swift */,
				182713892B656F28000D3343 /* Previewer.swift */,
			);
			path = Cabinet;
			sourceTree = "<group>";
		};
		182713862B65656C000D3343 /* Cabinet */ = {
			isa = PBXGroup;
			children = (
				182713872B65657C000D3343 /* CabinetView.swift */,
				1827138B2B6576AB000D3343 /* CategoryHeaderView.swift */,
				18481D262C20E8120083FD5A /* AddCategoryView.swift */,
				182713972B685B8A000D3343 /* EditCategoryView.swift */,
				1827138D2B658293000D3343 /* ProductRowView.swift */,
				18B307732B6F99DD00CB94AB /* EditProductView.swift */,
			);
			path = Cabinet;
			sourceTree = "<group>";
		};
		183723C82A909AB700DBCD5D /* Frameworks */ = {
			isa = PBXGroup;
			children = (
				183AE95A2A94AAC000AC156F /* CloudKit.framework */,
			);
			name = Frameworks;
			sourceTree = "<group>";
		};
		188463372B47354400088CA1 /* Cocktail */ = {
			isa = PBXGroup;
			children = (
				18F49EB82A286D2E00862CE3 /* CocktailDetailSectionView.swift */,
				18F49EBA2A286D2E00862CE3 /* HistoryView.swift */,
				18F586542B470E7400BD460B /* ProcedureView.swift */,
			);
			path = Cocktail;
			sourceTree = "<group>";
		};
		18883A832ACC70C400FC78C7 /* Lessons */ = {
			isa = PBXGroup;
			children = (
				180EC7202BD413BE0092AD02 /* LearnHeaderView.swift */,
				18F49EAF2A286D2E00862CE3 /* LessonRowView.swift */,
				18F49EB02A286D2E00862CE3 /* LessonDetailView.swift */,
			);
			path = Lessons;
			sourceTree = "<group>";
		};
		18883A842ACC718200FC78C7 /* Calculators */ = {
			isa = PBXGroup;
			children = (
				18A8C8222B1C884C0052F0B4 /* ABV */,
				18A8C8232B1C885C0052F0B4 /* Superjuice */,
			);
			name = Calculators;
			sourceTree = "<group>";
		};
		188E93BC2A4C1DF6001691E6 /* Books */ = {
			isa = PBXGroup;
			children = (
				188E93BF2A4C1E0E001691E6 /* BookRowView.swift */,
				188E93CB2A4C260E001691E6 /* BookDetailView.swift */,
			);
			name = Books;
			sourceTree = "<group>";
		};
		189EEA1F2ABBA59900D67806 /* SettingsSections */ = {
			isa = PBXGroup;
			children = (
				18AF16372ABB60B7006BBB89 /* SettingsPreferenceView.swift */,
				18AF16392ABB6128006BBB89 /* SettingsContactsView.swift */,
				18AF163B2ABB6216006BBB89 /* SettingsInfoView.swift */,
				185620AB2C260102001F07CB /* ChangeAppIconView.swift */,
			);
			path = SettingsSections;
			sourceTree = "<group>";
		};
		18A8C8222B1C884C0052F0B4 /* ABV */ = {
			isa = PBXGroup;
			children = (
				18A8C8202B1C866E0052F0B4 /* ABVRowView.swift */,
				183E47E32B17548F0095A6E4 /* ABVCalculator.swift */,
			);
			path = ABV;
			sourceTree = "<group>";
		};
		18A8C8232B1C885C0052F0B4 /* Superjuice */ = {
			isa = PBXGroup;
			children = (
				1879DD672AD5ED68005E2900 /* SuperjuiceRowView.swift */,
				18883A852ACC71F400FC78C7 /* SuperJuiceView.swift */,
			);
			path = Superjuice;
			sourceTree = "<group>";
		};
		18B3077A2B77843200CB94AB /* Buttons */ = {
			isa = PBXGroup;
			children = (
				180640172B5C88F30057F470 /* FavoriteCocktailButtonView.swift */,
				18B307782B7771C300CB94AB /* FavoriteProductButtonView.swift */,
				18F49E8A2A286D2A00862CE3 /* DrinkoButtonView.swift */,
			);
			path = Buttons;
			sourceTree = "<group>";
		};
		18B449CD2A8764C300F52B1B /* Supporting Views */ = {
			isa = PBXGroup;
			children = (
				18B3077A2B77843200CB94AB /* Buttons */,
				188463372B47354400088CA1 /* Cocktail */,
				182E43362A2B1221001675FD /* CreditsCardView.swift */,
				1825223F2AB9B4AE0064D87D /* SplashScreenView.swift */,
				188BCF402A3875D500FBEF20 /* VideoView.swift */,
			);
			path = "Supporting Views";
			sourceTree = "<group>";
		};
		18B449CE2A87655000F52B1B /* Models */ = {
			isa = PBXGroup;
			children = (
				182713832B655FE1000D3343 /* Cabinet */,
			);
			path = Models;
			sourceTree = "<group>";
		};
		18F49E572A27B28D00862CE3 = {
			isa = PBXGroup;
			children = (
				183CED602DE1BAC6005B9699 /* Shared */,
				18F49E622A27B28D00862CE3 /* DrinkoPro */,
				183CED552DE1BAB7005B9699 /* DrinkoProMac */,
				18F49E612A27B28D00862CE3 /* Products */,
				183723C82A909AB700DBCD5D /* Frameworks */,
			);
			sourceTree = "<group>";
		};
		18F49E612A27B28D00862CE3 /* Products */ = {
			isa = PBXGroup;
			children = (
				18F49E602A27B28D00862CE3 /* DrinkoPro.app */,
				183CED542DE1BAB7005B9699 /* DrinkoProMac.app */,
			);
			name = Products;
			sourceTree = "<group>";
		};
		18F49E622A27B28D00862CE3 /* DrinkoPro */ = {
			isa = PBXGroup;
			children = (
				183AE95E2A94AB4500AC156F /* DrinkoPro.entitlements */,
				18F49E632A27B28D00862CE3 /* DrinkoProApp.swift */,
				18F49E712A286CDD00862CE3 /* HomeView.swift */,
				18B449CE2A87655000F52B1B /* Models */,
				18F49EA32A286D2E00862CE3 /* Views */,
				185672E42A2C71820001813D /* Info.plist */,
				18F49E692A27B28F00862CE3 /* Preview Content */,
			);
			path = DrinkoPro;
			sourceTree = "<group>";
		};
		18F49E692A27B28F00862CE3 /* Preview Content */ = {
			isa = PBXGroup;
			children = (
				18F49E6A2A27B28F00862CE3 /* Preview Assets.xcassets */,
			);
			path = "Preview Content";
			sourceTree = "<group>";
		};
		18F49EA32A286D2E00862CE3 /* Views */ = {
			isa = PBXGroup;
			children = (
				18F49EA82A286D2E00862CE3 /* Learn */,
				18F49EB52A286D2E00862CE3 /* Cocktails */,
				182713862B65656C000D3343 /* Cabinet */,
				18F49EA42A286D2E00862CE3 /* Settings */,
				18B449CD2A8764C300F52B1B /* Supporting Views */,
			);
			path = Views;
			sourceTree = "<group>";
		};
		18F49EA42A286D2E00862CE3 /* Settings */ = {
			isa = PBXGroup;
			children = (
				18F49EA52A286D2E00862CE3 /* SettingsView.swift */,
				18F49EA62A286D2E00862CE3 /* SettingsRowView.swift */,
				189EEA1F2ABBA59900D67806 /* SettingsSections */,
				18F49EA72A286D2E00862CE3 /* ReadMeView.swift */,
			);
			path = Settings;
			sourceTree = "<group>";
		};
		18F49EA82A286D2E00862CE3 /* Learn */ = {
			isa = PBXGroup;
			children = (
				18F49EAE2A286D2E00862CE3 /* LearnView.swift */,
				18883A832ACC70C400FC78C7 /* Lessons */,
				18883A842ACC718200FC78C7 /* Calculators */,
				188E93BC2A4C1DF6001691E6 /* Books */,
			);
			path = Learn;
			sourceTree = "<group>";
		};
		18F49EB52A286D2E00862CE3 /* Cocktails */ = {
			isa = PBXGroup;
			children = (
				18F49EB72A286D2E00862CE3 /* CocktailsView.swift */,
				18F49EB62A286D2E00862CE3 /* CocktailRowView.swift */,
				18F49EBB2A286D2E00862CE3 /* CocktailDetailView.swift */,
			);
			path = Cocktails;
			sourceTree = "<group>";
		};
/* End PBXGroup section */

/* Begin PBXNativeTarget section */
		183CED532DE1BAB7005B9699 /* DrinkoProMac */ = {
			isa = PBXNativeTarget;
			buildConfigurationList = 183CED5F2DE1BAB7005B9699 /* Build configuration list for PBXNativeTarget "DrinkoProMac" */;
			buildPhases = (
				183CED502DE1BAB7005B9699 /* Sources */,
				183CED512DE1BAB7005B9699 /* Frameworks */,
				183CED522DE1BAB7005B9699 /* Resources */,
			);
			buildRules = (
			);
			dependencies = (
			);
			fileSystemSynchronizedGroups = (
				183CED552DE1BAB7005B9699 /* DrinkoProMac */,
				183CED602DE1BAC6005B9699 /* Shared */,
			);
			name = DrinkoProMac;
			packageProductDependencies = (
			);
			productName = DrinkoProMac;
			productReference = 183CED542DE1BAB7005B9699 /* DrinkoProMac.app */;
			productType = "com.apple.product-type.application";
		};
		18F49E5F2A27B28D00862CE3 /* DrinkoPro */ = {
			isa = PBXNativeTarget;
			buildConfigurationList = 18F49E6E2A27B28F00862CE3 /* Build configuration list for PBXNativeTarget "DrinkoPro" */;
			buildPhases = (
				18F49E5C2A27B28D00862CE3 /* Sources */,
				18F49E5D2A27B28D00862CE3 /* Frameworks */,
				18F49E5E2A27B28D00862CE3 /* Resources */,
			);
			buildRules = (
			);
			dependencies = (
			);
			name = DrinkoPro;
			packageProductDependencies = (
			);
			productName = DrinkoPro;
			productReference = 18F49E602A27B28D00862CE3 /* DrinkoPro.app */;
			productType = "com.apple.product-type.application";
		};
/* End PBXNativeTarget section */

/* Begin PBXProject section */
		18F49E582A27B28D00862CE3 /* Project object */ = {
			isa = PBXProject;
			attributes = {
				BuildIndependentTargetsInParallel = YES;
				LastSwiftUpdateCheck = 1630;
				LastUpgradeCheck = 1630;
				TargetAttributes = {
					183CED532DE1BAB7005B9699 = {
						CreatedOnToolsVersion = 16.3;
					};
					18F49E5F2A27B28D00862CE3 = {
						CreatedOnToolsVersion = 14.3;
					};
				};
			};
			buildConfigurationList = 18F49E5B2A27B28D00862CE3 /* Build configuration list for PBXProject "DrinkoPro" */;
			developmentRegion = en;
			hasScannedForEncodings = 0;
			knownRegions = (
				en,
				it,
				de,
				fr,
				Base,
			);
			mainGroup = 18F49E572A27B28D00862CE3;
			packageReferences = (
			);
			preferredProjectObjectVersion = 60;
			productRefGroup = 18F49E612A27B28D00862CE3 /* Products */;
			projectDirPath = "";
			projectRoot = "";
			targets = (
				18F49E5F2A27B28D00862CE3 /* DrinkoPro */,
				183CED532DE1BAB7005B9699 /* DrinkoProMac */,
			);
		};
/* End PBXProject section */

/* Begin PBXResourcesBuildPhase section */
		183CED522DE1BAB7005B9699 /* Resources */ = {
			isa = PBXResourcesBuildPhase;
			buildActionMask = 2147483647;
			files = (
			);
			runOnlyForDeploymentPostprocessing = 0;
		};
		18F49E5E2A27B28D00862CE3 /* Resources */ = {
			isa = PBXResourcesBuildPhase;
			buildActionMask = 2147483647;
			files = (
				18F49E6B2A27B28F00862CE3 /* Preview Assets.xcassets in Resources */,
			);
			runOnlyForDeploymentPostprocessing = 0;
		};
/* End PBXResourcesBuildPhase section */

/* Begin PBXSourcesBuildPhase section */
		183CED502DE1BAB7005B9699 /* Sources */ = {
			isa = PBXSourcesBuildPhase;
			buildActionMask = 2147483647;
			files = (
			);
			runOnlyForDeploymentPostprocessing = 0;
		};
		18F49E5C2A27B28D00862CE3 /* Sources */ = {
			isa = PBXSourcesBuildPhase;
			buildActionMask = 2147483647;
			files = (
				18F49EC52A286D2E00862CE3 /* LessonDetailView.swift in Sources */,
				18F49EC82A286D2E00862CE3 /* CocktailRowView.swift in Sources */,
				188BCF412A3875D500FBEF20 /* VideoView.swift in Sources */,
				18F49EBC2A286D2E00862CE3 /* SettingsView.swift in Sources */,
				18F49ECA2A286D2E00862CE3 /* CocktailDetailSectionView.swift in Sources */,
				18F49EC32A286D2E00862CE3 /* LearnView.swift in Sources */,
				18B307742B6F99DD00CB94AB /* EditProductView.swift in Sources */,
				18AF163C2ABB6216006BBB89 /* SettingsInfoView.swift in Sources */,
				1827138C2B6576AB000D3343 /* CategoryHeaderView.swift in Sources */,
				182E43372A2B1221001675FD /* CreditsCardView.swift in Sources */,
				180640182B5C88F30057F470 /* FavoriteCocktailButtonView.swift in Sources */,
				18B307792B7771C300CB94AB /* FavoriteProductButtonView.swift in Sources */,
				18F49EBD2A286D2E00862CE3 /* SettingsRowView.swift in Sources */,
				18F586552B470E7400BD460B /* ProcedureView.swift in Sources */,
				18AF163A2ABB6128006BBB89 /* SettingsContactsView.swift in Sources */,
				18F49ECD2A286D2E00862CE3 /* CocktailDetailView.swift in Sources */,
				18F49EC92A286D2E00862CE3 /* CocktailsView.swift in Sources */,
				18481D272C20E8120083FD5A /* AddCategoryView.swift in Sources */,
				18F49ECC2A286D2E00862CE3 /* HistoryView.swift in Sources */,
				18A8C8212B1C866E0052F0B4 /* ABVRowView.swift in Sources */,
				1827138E2B658293000D3343 /* ProductRowView.swift in Sources */,
				182713802B655D78000D3343 /* Category.swift in Sources */,
				1879DD682AD5ED68005E2900 /* SuperjuiceRowView.swift in Sources */,
				182713982B685B8A000D3343 /* EditCategoryView.swift in Sources */,
				188E93C02A4C1E0E001691E6 /* BookRowView.swift in Sources */,
				1827138A2B656F28000D3343 /* Previewer.swift in Sources */,
				182522402AB9B4AE0064D87D /* SplashScreenView.swift in Sources */,
				182713882B65657C000D3343 /* CabinetView.swift in Sources */,
				18F49E642A27B28D00862CE3 /* DrinkoProApp.swift in Sources */,
				18F49EBE2A286D2E00862CE3 /* ReadMeView.swift in Sources */,
				183E47E42B17548F0095A6E4 /* ABVCalculator.swift in Sources */,
				188E93CC2A4C260E001691E6 /* BookDetailView.swift in Sources */,
				18AF16382ABB60B7006BBB89 /* SettingsPreferenceView.swift in Sources */,
				18F49E9F2A286D2A00862CE3 /* DrinkoButtonView.swift in Sources */,
				18F49E722A286CDD00862CE3 /* HomeView.swift in Sources */,
				1827137F2B655D78000D3343 /* Item.swift in Sources */,
				18F49EC42A286D2E00862CE3 /* LessonRowView.swift in Sources */,
				185620AC2C260102001F07CB /* ChangeAppIconView.swift in Sources */,
				18883A862ACC71F400FC78C7 /* SuperJuiceView.swift in Sources */,
				180EC7212BD413BE0092AD02 /* LearnHeaderView.swift in Sources */,
			);
			runOnlyForDeploymentPostprocessing = 0;
		};
/* End PBXSourcesBuildPhase section */

/* Begin XCBuildConfiguration section */
		183CED5D2DE1BAB7005B9699 /* Debug */ = {
			isa = XCBuildConfiguration;
			buildSettings = {
				ASSETCATALOG_COMPILER_APPICON_NAME = AppIcon;
				ASSETCATALOG_COMPILER_GLOBAL_ACCENT_COLOR_NAME = AccentColor;
				CODE_SIGN_ENTITLEMENTS = DrinkoProMac/DrinkoProMac.entitlements;
				CODE_SIGN_STYLE = Automatic;
				COMBINE_HIDPI_IMAGES = YES;
				CURRENT_PROJECT_VERSION = 1;
				DEAD_CODE_STRIPPING = YES;
				ENABLE_HARDENED_RUNTIME = YES;
				ENABLE_PREVIEWS = YES;
				GCC_C_LANGUAGE_STANDARD = gnu17;
				GENERATE_INFOPLIST_FILE = YES;
				INFOPLIST_FILE = DrinkoProMac/Info.plist;
				INFOPLIST_KEY_NSHumanReadableCopyright = "";
				LD_RUNPATH_SEARCH_PATHS = (
					"$(inherited)",
					"@executable_path/../Frameworks",
				);
				MACOSX_DEPLOYMENT_TARGET = 15.3;
				MARKETING_VERSION = 1.0;
				PRODUCT_BUNDLE_IDENTIFIER = cilia.filippo.DrinkoProMac;
				PRODUCT_NAME = "$(TARGET_NAME)";
				REGISTER_APP_GROUPS = YES;
				SDKROOT = macosx;
				SWIFT_ACTIVE_COMPILATION_CONDITIONS = "DEBUG $(inherited)";
				SWIFT_EMIT_LOC_STRINGS = YES;
				SWIFT_VERSION = 5.0;
			};
			name = Debug;
		};
		183CED5E2DE1BAB7005B9699 /* Release */ = {
			isa = XCBuildConfiguration;
			buildSettings = {
				ASSETCATALOG_COMPILER_APPICON_NAME = AppIcon;
				ASSETCATALOG_COMPILER_GLOBAL_ACCENT_COLOR_NAME = AccentColor;
				CODE_SIGN_ENTITLEMENTS = DrinkoProMac/DrinkoProMac.entitlements;
				CODE_SIGN_STYLE = Automatic;
				COMBINE_HIDPI_IMAGES = YES;
				CURRENT_PROJECT_VERSION = 1;
				DEAD_CODE_STRIPPING = YES;
				ENABLE_HARDENED_RUNTIME = YES;
				ENABLE_PREVIEWS = YES;
				GCC_C_LANGUAGE_STANDARD = gnu17;
				GENERATE_INFOPLIST_FILE = YES;
				INFOPLIST_FILE = DrinkoProMac/Info.plist;
				INFOPLIST_KEY_NSHumanReadableCopyright = "";
				LD_RUNPATH_SEARCH_PATHS = (
					"$(inherited)",
					"@executable_path/../Frameworks",
				);
				MACOSX_DEPLOYMENT_TARGET = 15.3;
				MARKETING_VERSION = 1.0;
				PRODUCT_BUNDLE_IDENTIFIER = cilia.filippo.DrinkoProMac;
				PRODUCT_NAME = "$(TARGET_NAME)";
				REGISTER_APP_GROUPS = YES;
				SDKROOT = macosx;
				SWIFT_EMIT_LOC_STRINGS = YES;
				SWIFT_VERSION = 5.0;
			};
			name = Release;
		};
		18F49E6C2A27B28F00862CE3 /* Debug */ = {
			isa = XCBuildConfiguration;
			buildSettings = {
				ALWAYS_SEARCH_USER_PATHS = NO;
				ASSETCATALOG_COMPILER_GENERATE_SWIFT_ASSET_SYMBOL_EXTENSIONS = YES;
				CLANG_ANALYZER_LOCALIZABILITY_NONLOCALIZED = YES;
				CLANG_ANALYZER_NONNULL = YES;
				CLANG_ANALYZER_NUMBER_OBJECT_CONVERSION = YES_AGGRESSIVE;
				CLANG_CXX_LANGUAGE_STANDARD = "gnu++20";
				CLANG_ENABLE_MODULES = YES;
				CLANG_ENABLE_OBJC_ARC = YES;
				CLANG_ENABLE_OBJC_WEAK = YES;
				CLANG_WARN_BLOCK_CAPTURE_AUTORELEASING = YES;
				CLANG_WARN_BOOL_CONVERSION = YES;
				CLANG_WARN_COMMA = YES;
				CLANG_WARN_CONSTANT_CONVERSION = YES;
				CLANG_WARN_DEPRECATED_OBJC_IMPLEMENTATIONS = YES;
				CLANG_WARN_DIRECT_OBJC_ISA_USAGE = YES_ERROR;
				CLANG_WARN_DOCUMENTATION_COMMENTS = YES;
				CLANG_WARN_EMPTY_BODY = YES;
				CLANG_WARN_ENUM_CONVERSION = YES;
				CLANG_WARN_INFINITE_RECURSION = YES;
				CLANG_WARN_INT_CONVERSION = YES;
				CLANG_WARN_NON_LITERAL_NULL_CONVERSION = YES;
				CLANG_WARN_OBJC_IMPLICIT_RETAIN_SELF = YES;
				CLANG_WARN_OBJC_LITERAL_CONVERSION = YES;
				CLANG_WARN_OBJC_ROOT_CLASS = YES_ERROR;
				CLANG_WARN_QUOTED_INCLUDE_IN_FRAMEWORK_HEADER = YES;
				CLANG_WARN_RANGE_LOOP_ANALYSIS = YES;
				CLANG_WARN_STRICT_PROTOTYPES = YES;
				CLANG_WARN_SUSPICIOUS_MOVE = YES;
				CLANG_WARN_UNGUARDED_AVAILABILITY = YES_AGGRESSIVE;
				CLANG_WARN_UNREACHABLE_CODE = YES;
				CLANG_WARN__DUPLICATE_METHOD_MATCH = YES;
				COPY_PHASE_STRIP = NO;
				DEBUG_INFORMATION_FORMAT = dwarf;
				DEVELOPMENT_TEAM = 3K3GFX53DY;
				ENABLE_STRICT_OBJC_MSGSEND = YES;
				ENABLE_TESTABILITY = YES;
				ENABLE_USER_SCRIPT_SANDBOXING = YES;
				GCC_C_LANGUAGE_STANDARD = gnu11;
				GCC_DYNAMIC_NO_PIC = NO;
				GCC_NO_COMMON_BLOCKS = YES;
				GCC_OPTIMIZATION_LEVEL = 0;
				GCC_PREPROCESSOR_DEFINITIONS = (
					"DEBUG=1",
					"$(inherited)",
				);
				GCC_WARN_64_TO_32_BIT_CONVERSION = YES;
				GCC_WARN_ABOUT_RETURN_TYPE = YES_ERROR;
				GCC_WARN_UNDECLARED_SELECTOR = YES;
				GCC_WARN_UNINITIALIZED_AUTOS = YES_AGGRESSIVE;
				GCC_WARN_UNUSED_FUNCTION = YES;
				GCC_WARN_UNUSED_VARIABLE = YES;
				IPHONEOS_DEPLOYMENT_TARGET = 17.0;
				LOCALIZATION_PREFERS_STRING_CATALOGS = YES;
				MTL_ENABLE_DEBUG_INFO = INCLUDE_SOURCE;
				MTL_FAST_MATH = YES;
				ONLY_ACTIVE_ARCH = YES;
				SDKROOT = iphoneos;
				SWIFT_ACTIVE_COMPILATION_CONDITIONS = DEBUG;
				SWIFT_OPTIMIZATION_LEVEL = "-Onone";
			};
			name = Debug;
		};
		18F49E6D2A27B28F00862CE3 /* Release */ = {
			isa = XCBuildConfiguration;
			buildSettings = {
				ALWAYS_SEARCH_USER_PATHS = NO;
				ASSETCATALOG_COMPILER_GENERATE_SWIFT_ASSET_SYMBOL_EXTENSIONS = YES;
				CLANG_ANALYZER_LOCALIZABILITY_NONLOCALIZED = YES;
				CLANG_ANALYZER_NONNULL = YES;
				CLANG_ANALYZER_NUMBER_OBJECT_CONVERSION = YES_AGGRESSIVE;
				CLANG_CXX_LANGUAGE_STANDARD = "gnu++20";
				CLANG_ENABLE_MODULES = YES;
				CLANG_ENABLE_OBJC_ARC = YES;
				CLANG_ENABLE_OBJC_WEAK = YES;
				CLANG_WARN_BLOCK_CAPTURE_AUTORELEASING = YES;
				CLANG_WARN_BOOL_CONVERSION = YES;
				CLANG_WARN_COMMA = YES;
				CLANG_WARN_CONSTANT_CONVERSION = YES;
				CLANG_WARN_DEPRECATED_OBJC_IMPLEMENTATIONS = YES;
				CLANG_WARN_DIRECT_OBJC_ISA_USAGE = YES_ERROR;
				CLANG_WARN_DOCUMENTATION_COMMENTS = YES;
				CLANG_WARN_EMPTY_BODY = YES;
				CLANG_WARN_ENUM_CONVERSION = YES;
				CLANG_WARN_INFINITE_RECURSION = YES;
				CLANG_WARN_INT_CONVERSION = YES;
				CLANG_WARN_NON_LITERAL_NULL_CONVERSION = YES;
				CLANG_WARN_OBJC_IMPLICIT_RETAIN_SELF = YES;
				CLANG_WARN_OBJC_LITERAL_CONVERSION = YES;
				CLANG_WARN_OBJC_ROOT_CLASS = YES_ERROR;
				CLANG_WARN_QUOTED_INCLUDE_IN_FRAMEWORK_HEADER = YES;
				CLANG_WARN_RANGE_LOOP_ANALYSIS = YES;
				CLANG_WARN_STRICT_PROTOTYPES = YES;
				CLANG_WARN_SUSPICIOUS_MOVE = YES;
				CLANG_WARN_UNGUARDED_AVAILABILITY = YES_AGGRESSIVE;
				CLANG_WARN_UNREACHABLE_CODE = YES;
				CLANG_WARN__DUPLICATE_METHOD_MATCH = YES;
				COPY_PHASE_STRIP = NO;
				DEBUG_INFORMATION_FORMAT = "dwarf-with-dsym";
				DEVELOPMENT_TEAM = 3K3GFX53DY;
				ENABLE_NS_ASSERTIONS = NO;
				ENABLE_STRICT_OBJC_MSGSEND = YES;
				ENABLE_USER_SCRIPT_SANDBOXING = YES;
				GCC_C_LANGUAGE_STANDARD = gnu11;
				GCC_NO_COMMON_BLOCKS = YES;
				GCC_WARN_64_TO_32_BIT_CONVERSION = YES;
				GCC_WARN_ABOUT_RETURN_TYPE = YES_ERROR;
				GCC_WARN_UNDECLARED_SELECTOR = YES;
				GCC_WARN_UNINITIALIZED_AUTOS = YES_AGGRESSIVE;
				GCC_WARN_UNUSED_FUNCTION = YES;
				GCC_WARN_UNUSED_VARIABLE = YES;
				IPHONEOS_DEPLOYMENT_TARGET = 17.0;
				LOCALIZATION_PREFERS_STRING_CATALOGS = YES;
				MTL_ENABLE_DEBUG_INFO = NO;
				MTL_FAST_MATH = YES;
				SDKROOT = iphoneos;
				SWIFT_COMPILATION_MODE = wholemodule;
				SWIFT_OPTIMIZATION_LEVEL = "-O";
				VALIDATE_PRODUCT = YES;
			};
			name = Release;
		};
		18F49E6F2A27B28F00862CE3 /* Debug */ = {
			isa = XCBuildConfiguration;
			buildSettings = {
				ASSETCATALOG_COMPILER_APPICON_NAME = original;
				ASSETCATALOG_COMPILER_GLOBAL_ACCENT_COLOR_NAME = AccentColor;
				ASSETCATALOG_COMPILER_INCLUDE_ALL_APPICON_ASSETS = YES;
				CODE_SIGN_ENTITLEMENTS = DrinkoPro/DrinkoPro.entitlements;
				CODE_SIGN_STYLE = Automatic;
				CREATE_INFOPLIST_SECTION_IN_BINARY = NO;
				CURRENT_PROJECT_VERSION = 1;
				DEVELOPMENT_ASSET_PATHS = "\"DrinkoPro/Preview Content\"";
				ENABLE_PREVIEWS = YES;
				GENERATE_INFOPLIST_FILE = YES;
				INFOPLIST_FILE = DrinkoPro/Info.plist;
				INFOPLIST_KEY_CFBundleDisplayName = Drinko.;
				INFOPLIST_KEY_LSApplicationCategoryType = "public.app-category.food-and-drink";
				INFOPLIST_KEY_UIApplicationSceneManifest_Generation = YES;
				INFOPLIST_KEY_UIApplicationSupportsIndirectInputEvents = YES;
				INFOPLIST_KEY_UIRequiresFullScreen = YES;
				INFOPLIST_KEY_UISupportedInterfaceOrientations = UIInterfaceOrientationPortrait;
				IPHONEOS_DEPLOYMENT_TARGET = 17.0;
				LD_RUNPATH_SEARCH_PATHS = (
					"$(inherited)",
					"@executable_path/Frameworks",
				);
				MARKETING_VERSION = 1.3.4;
				PRODUCT_BUNDLE_IDENTIFIER = me.cilia.filippo.DrinkoPro;
				PRODUCT_NAME = "$(TARGET_NAME)";
				SUPPORTED_PLATFORMS = "iphoneos iphonesimulator";
				SUPPORTS_MACCATALYST = NO;
				SUPPORTS_MAC_DESIGNED_FOR_IPHONE_IPAD = NO;
				SUPPORTS_XR_DESIGNED_FOR_IPHONE_IPAD = NO;
				SWIFT_EMIT_LOC_STRINGS = YES;
				SWIFT_VERSION = 5.0;
				TARGETED_DEVICE_FAMILY = "1,2";
			};
			name = Debug;
		};
		18F49E702A27B28F00862CE3 /* Release */ = {
			isa = XCBuildConfiguration;
			buildSettings = {
				ASSETCATALOG_COMPILER_APPICON_NAME = original;
				ASSETCATALOG_COMPILER_GLOBAL_ACCENT_COLOR_NAME = AccentColor;
				ASSETCATALOG_COMPILER_INCLUDE_ALL_APPICON_ASSETS = YES;
				CODE_SIGN_ENTITLEMENTS = DrinkoPro/DrinkoPro.entitlements;
				CODE_SIGN_STYLE = Automatic;
				CREATE_INFOPLIST_SECTION_IN_BINARY = NO;
				CURRENT_PROJECT_VERSION = 1;
				DEVELOPMENT_ASSET_PATHS = "\"DrinkoPro/Preview Content\"";
				ENABLE_PREVIEWS = YES;
				GENERATE_INFOPLIST_FILE = YES;
				INFOPLIST_FILE = DrinkoPro/Info.plist;
				INFOPLIST_KEY_CFBundleDisplayName = Drinko.;
				INFOPLIST_KEY_LSApplicationCategoryType = "public.app-category.food-and-drink";
				INFOPLIST_KEY_UIApplicationSceneManifest_Generation = YES;
				INFOPLIST_KEY_UIApplicationSupportsIndirectInputEvents = YES;
				INFOPLIST_KEY_UIRequiresFullScreen = YES;
				INFOPLIST_KEY_UISupportedInterfaceOrientations = UIInterfaceOrientationPortrait;
				IPHONEOS_DEPLOYMENT_TARGET = 17.0;
				LD_RUNPATH_SEARCH_PATHS = (
					"$(inherited)",
					"@executable_path/Frameworks",
				);
				MARKETING_VERSION = 1.3.4;
				PRODUCT_BUNDLE_IDENTIFIER = me.cilia.filippo.DrinkoPro;
				PRODUCT_NAME = "$(TARGET_NAME)";
				SUPPORTED_PLATFORMS = "iphoneos iphonesimulator";
				SUPPORTS_MACCATALYST = NO;
				SUPPORTS_MAC_DESIGNED_FOR_IPHONE_IPAD = NO;
				SUPPORTS_XR_DESIGNED_FOR_IPHONE_IPAD = NO;
				SWIFT_EMIT_LOC_STRINGS = YES;
				SWIFT_VERSION = 5.0;
				TARGETED_DEVICE_FAMILY = "1,2";
			};
			name = Release;
		};
/* End XCBuildConfiguration section */

/* Begin XCConfigurationList section */
		183CED5F2DE1BAB7005B9699 /* Build configuration list for PBXNativeTarget "DrinkoProMac" */ = {
			isa = XCConfigurationList;
			buildConfigurations = (
				183CED5D2DE1BAB7005B9699 /* Debug */,
				183CED5E2DE1BAB7005B9699 /* Release */,
			);
			defaultConfigurationIsVisible = 0;
			defaultConfigurationName = Release;
		};
		18F49E5B2A27B28D00862CE3 /* Build configuration list for PBXProject "DrinkoPro" */ = {
			isa = XCConfigurationList;
			buildConfigurations = (
				18F49E6C2A27B28F00862CE3 /* Debug */,
				18F49E6D2A27B28F00862CE3 /* Release */,
			);
			defaultConfigurationIsVisible = 0;
			defaultConfigurationName = Release;
		};
		18F49E6E2A27B28F00862CE3 /* Build configuration list for PBXNativeTarget "DrinkoPro" */ = {
			isa = XCConfigurationList;
			buildConfigurations = (
				18F49E6F2A27B28F00862CE3 /* Debug */,
				18F49E702A27B28F00862CE3 /* Release */,
			);
			defaultConfigurationIsVisible = 0;
			defaultConfigurationName = Release;
		};
/* End XCConfigurationList section */
	};
	rootObject = 18F49E582A27B28D00862CE3 /* Project object */;
}
